// !$*UTF8*$!
{
	archiveVersion = 1;
	classes = {
	};
	objectVersion = 46;
	objects = {

/* Begin PBXBuildFile section */
		C71AAA9620BBEA3B00DB7152 /* UIView+WXBadge.m in Sources */ = {isa = PBXBuildFile; fileRef = C71AAA9520BBEA3B00DB7152 /* UIView+WXBadge.m */; };
		C723E1212187F728004AF284 /* UIImage+PDFVector.m in Sources */ = {isa = PBXBuildFile; fileRef = C723E1202187F728004AF284 /* UIImage+PDFVector.m */; };
		C72A2EA720A1416C00D7E7E8 /* NSString+Regex.m in Sources */ = {isa = PBXBuildFile; fileRef = C72A2EA620A1416C00D7E7E8 /* NSString+Regex.m */; };
		C72A2EE420A1A13600D7E7E8 /* NSString+Encryption.m in Sources */ = {isa = PBXBuildFile; fileRef = C72A2EE320A1A13600D7E7E8 /* NSString+Encryption.m */; };
		C72A2EEB20A2D1C500D7E7E8 /* UIButton+CountDown.m in Sources */ = {isa = PBXBuildFile; fileRef = C72A2EEA20A2D1C500D7E7E8 /* UIButton+CountDown.m */; };
		C72A2EEE20A2EAC600D7E7E8 /* UIView+ScreenShot.m in Sources */ = {isa = PBXBuildFile; fileRef = C72A2EED20A2EAC600D7E7E8 /* UIView+ScreenShot.m */; };
		C72A2EF220A3E7F700D7E7E8 /* CAMediaTimingFunction+WXAddition.m in Sources */ = {isa = PBXBuildFile; fileRef = C72A2EF120A3E7F700D7E7E8 /* CAMediaTimingFunction+WXAddition.m */; };
		C72A2F0A20A4252100D7E7E8 /* UIApplication+Size.m in Sources */ = {isa = PBXBuildFile; fileRef = C72A2F0920A4252100D7E7E8 /* UIApplication+Size.m */; };
		C72A2F0E20A42DCC00D7E7E8 /* UIColor+HEX.m in Sources */ = {isa = PBXBuildFile; fileRef = C72A2F0D20A42DCC00D7E7E8 /* UIColor+HEX.m */; };
		C72D0F60209B142A00D37FD0 /* UIImage+Convert.m in Sources */ = {isa = PBXBuildFile; fileRef = C72D0F5F209B142A00D37FD0 /* UIImage+Convert.m */; };
		C72D0F62209C125400D37FD0 /* UIImage+Convert.swift in Sources */ = {isa = PBXBuildFile; fileRef = C72D0F61209C125400D37FD0 /* UIImage+Convert.swift */; };
		C75175E520B3FDE000B89EE5 /* WXLockViewController.m in Sources */ = {isa = PBXBuildFile; fileRef = C75175E420B3FDE000B89EE5 /* WXLockViewController.m */; };
		C7579DBD20CA743E00B71380 /* UIScrollView+Snapshot.m in Sources */ = {isa = PBXBuildFile; fileRef = C7579DBC20CA743E00B71380 /* UIScrollView+Snapshot.m */; };
		C779D7A120AC0DE60083EE35 /* WXTabbar.m in Sources */ = {isa = PBXBuildFile; fileRef = C779D7A020AC0DE60083EE35 /* WXTabbar.m */; };
		C779D7A420AC170A0083EE35 /* WXCenterViewController.m in Sources */ = {isa = PBXBuildFile; fileRef = C779D7A320AC170A0083EE35 /* WXCenterViewController.m */; };
		C7898008216CE38700DCC2D8 /* Device.framework in Frameworks */ = {isa = PBXBuildFile; fileRef = C7898007216CE38700DCC2D8 /* Device.framework */; };
		C7898009216CE38D00DCC2D8 /* Device.framework in Embed Frameworks */ = {isa = PBXBuildFile; fileRef = C7898007216CE38700DCC2D8 /* Device.framework */; settings = {ATTRIBUTES = (CodeSignOnCopy, RemoveHeadersOnCopy, ); }; };
		C79DCCB320B7E8BE00C13117 /* WXSystemPushAndPopTableViewController.m in Sources */ = {isa = PBXBuildFile; fileRef = C79DCCB220B7E8BE00C13117 /* WXSystemPushAndPopTableViewController.m */; };
		C79DCCB720B7EBC300C13117 /* WXSecondPushedViewController.m in Sources */ = {isa = PBXBuildFile; fileRef = C79DCCB620B7EBC300C13117 /* WXSecondPushedViewController.m */; };
		C79FC2E020E2353300D21B69 /* testLocalWebview.html in Resources */ = {isa = PBXBuildFile; fileRef = C79FC2DF20E2353300D21B69 /* testLocalWebview.html */; };
		CC095C89200F8C3E00B9B69C /* UIImage+FaceRecognizer.m in Sources */ = {isa = PBXBuildFile; fileRef = CC095C88200F8C3E00B9B69C /* UIImage+FaceRecognizer.m */; };
		CC095C8D200F8FE600B9B69C /* UIImageView+FaceCenter.m in Sources */ = {isa = PBXBuildFile; fileRef = CC095C8C200F8FE600B9B69C /* UIImageView+FaceCenter.m */; };
		CC095C90201DA33F00B9B69C /* SnapKit.framework in Frameworks */ = {isa = PBXBuildFile; fileRef = CC095C8F201DA33F00B9B69C /* SnapKit.framework */; };
		CC095C92201DA34700B9B69C /* YYKit.framework in Frameworks */ = {isa = PBXBuildFile; fileRef = CC095C91201DA34700B9B69C /* YYKit.framework */; };
		CC095C93201DB07100B9B69C /* YYKit.framework in Embed Frameworks */ = {isa = PBXBuildFile; fileRef = CC095C91201DA34700B9B69C /* YYKit.framework */; settings = {ATTRIBUTES = (CodeSignOnCopy, RemoveHeadersOnCopy, ); }; };
		CC095C94201DB07100B9B69C /* SnapKit.framework in Embed Frameworks */ = {isa = PBXBuildFile; fileRef = CC095C8F201DA33F00B9B69C /* SnapKit.framework */; settings = {ATTRIBUTES = (CodeSignOnCopy, RemoveHeadersOnCopy, ); }; };
		CC0FFC86206F2BDA00179FC1 /* WXCoreMLViewController.m in Sources */ = {isa = PBXBuildFile; fileRef = CC0FFC85206F2BDA00179FC1 /* WXCoreMLViewController.m */; };
		CC0FFC8E206F372800179FC1 /* main.m in Sources */ = {isa = PBXBuildFile; fileRef = CC0FFC8A206F372800179FC1 /* main.m */; };
		CC0FFC92206F3E4E00179FC1 /* GoogLeNetPlaces.mlmodel in Sources */ = {isa = PBXBuildFile; fileRef = CC0FFC91206F3E4E00179FC1 /* GoogLeNetPlaces.mlmodel */; };
		CC1BCE47202C2851009A0BCF /* WXLocalizable.strings in Resources */ = {isa = PBXBuildFile; fileRef = CC1BCE49202C2851009A0BCF /* WXLocalizable.strings */; };
		CC1BCE4E202C2A6E009A0BCF /* WXConsoleViewController.m in Sources */ = {isa = PBXBuildFile; fileRef = CC1BCE4D202C2A6E009A0BCF /* WXConsoleViewController.m */; };
		CC1BCE58202C2D68009A0BCF /* WXSettingsViewController.m in Sources */ = {isa = PBXBuildFile; fileRef = CC1BCE57202C2D68009A0BCF /* WXSettingsViewController.m */; };
		CC1BCE5C202C2D90009A0BCF /* WXInitTabBarViewController.m in Sources */ = {isa = PBXBuildFile; fileRef = CC1BCE5B202C2D90009A0BCF /* WXInitTabBarViewController.m */; };
		CC2BF3012008528B009F1D9E /* OperationViewController.m in Sources */ = {isa = PBXBuildFile; fileRef = CC2BF3002008528B009F1D9E /* OperationViewController.m */; };
		CC2BF30520085B02009F1D9E /* WXDemoViewController.m in Sources */ = {isa = PBXBuildFile; fileRef = CC2BF30420085B02009F1D9E /* WXDemoViewController.m */; };
		CC2BF30D20088D73009F1D9E /* WXSerialOperation.m in Sources */ = {isa = PBXBuildFile; fileRef = CC2BF30C20088D73009F1D9E /* WXSerialOperation.m */; };
		CC2BF31020089037009F1D9E /* WXConcurrentOperation.m in Sources */ = {isa = PBXBuildFile; fileRef = CC2BF30F20089037009F1D9E /* WXConcurrentOperation.m */; };
		CC2EC36020494715000750F8 /* sound.caf in Resources */ = {isa = PBXBuildFile; fileRef = CC2EC35F20494715000750F8 /* sound.caf */; };
		CC2EC367204D3A73000750F8 /* WXBezierViewController.m in Sources */ = {isa = PBXBuildFile; fileRef = CC2EC366204D3A73000750F8 /* WXBezierViewController.m */; };
		CC34C957206C863500D00A52 /* WXFingerPrintViewController.m in Sources */ = {isa = PBXBuildFile; fileRef = CC34C956206C863500D00A52 /* WXFingerPrintViewController.m */; };
		CC3D2EAA2005F1C3009E87F6 /* SemaphoreViewController.m in Sources */ = {isa = PBXBuildFile; fileRef = CC3D2EA92005F1C3009E87F6 /* SemaphoreViewController.m */; };
		CC3D2EB32005FAA0009E87F6 /* UIViewController+GetViewController.m in Sources */ = {isa = PBXBuildFile; fileRef = CC3D2EB22005FAA0009E87F6 /* UIViewController+GetViewController.m */; };
		CC3D2EB62005FBAC009E87F6 /* UIView+Badge.m in Sources */ = {isa = PBXBuildFile; fileRef = CC3D2EB52005FBAC009E87F6 /* UIView+Badge.m */; };
		CC40F6611E6E5F88009D144C /* AppDelegate.m in Sources */ = {isa = PBXBuildFile; fileRef = CC40F6601E6E5F88009D144C /* AppDelegate.m */; };
		CC40F6641E6E5F88009D144C /* ViewController.m in Sources */ = {isa = PBXBuildFile; fileRef = CC40F6631E6E5F88009D144C /* ViewController.m */; };
		CC40F6671E6E5F88009D144C /* Main.storyboard in Resources */ = {isa = PBXBuildFile; fileRef = CC40F6651E6E5F88009D144C /* Main.storyboard */; };
		CC40F6691E6E5F88009D144C /* Assets.xcassets in Resources */ = {isa = PBXBuildFile; fileRef = CC40F6681E6E5F88009D144C /* Assets.xcassets */; };
		CC40F66C1E6E5F88009D144C /* LaunchScreen.storyboard in Resources */ = {isa = PBXBuildFile; fileRef = CC40F66A1E6E5F88009D144C /* LaunchScreen.storyboard */; };
		CC40F6771E6E5F88009D144C /* iOSTestTests.m in Sources */ = {isa = PBXBuildFile; fileRef = CC40F6761E6E5F88009D144C /* iOSTestTests.m */; };
		CC40F6821E6E5F88009D144C /* iOSTestUITests.m in Sources */ = {isa = PBXBuildFile; fileRef = CC40F6811E6E5F88009D144C /* iOSTestUITests.m */; };
		CC56C2F5204009E800783A9F /* NSDate+dateTools.m in Sources */ = {isa = PBXBuildFile; fileRef = CC56C2F4204009E800783A9F /* NSDate+dateTools.m */; };
		CC56C2F820401A8700783A9F /* WXQRCodeViewController.m in Sources */ = {isa = PBXBuildFile; fileRef = CC56C2F720401A8700783A9F /* WXQRCodeViewController.m */; };
		CC56C30620411A5400783A9F /* WXQRCodeScanManager.m in Sources */ = {isa = PBXBuildFile; fileRef = CC56C30520411A5400783A9F /* WXQRCodeScanManager.m */; };
		CC56C309204160EF00783A9F /* WXQRCodeAlbumManager.m in Sources */ = {isa = PBXBuildFile; fileRef = CC56C308204160EF00783A9F /* WXQRCodeAlbumManager.m */; };
		CC6A216A1FE7A39D00B18D36 /* SwipHintView.swift in Sources */ = {isa = PBXBuildFile; fileRef = CC6A21691FE7A39D00B18D36 /* SwipHintView.swift */; };
		CC6A280B20158EB8001D3A91 /* WXUserInfoModel.m in Sources */ = {isa = PBXBuildFile; fileRef = CC6A280A20158EB8001D3A91 /* WXUserInfoModel.m */; };
		CC6A280E201593A8001D3A91 /* WXCoderViewController.m in Sources */ = {isa = PBXBuildFile; fileRef = CC6A280D201593A8001D3A91 /* WXCoderViewController.m */; };
		CC6A2811201598EF001D3A91 /* Masonry.framework in Frameworks */ = {isa = PBXBuildFile; fileRef = CC6A2810201598EF001D3A91 /* Masonry.framework */; };
		CC6A2812201598FA001D3A91 /* Masonry.framework in Embed Frameworks */ = {isa = PBXBuildFile; fileRef = CC6A2810201598EF001D3A91 /* Masonry.framework */; settings = {ATTRIBUTES = (CodeSignOnCopy, RemoveHeadersOnCopy, ); }; };
		CC6EB22220215E050002BA14 /* UIViewController+Alert.m in Sources */ = {isa = PBXBuildFile; fileRef = CC6EB22120215E050002BA14 /* UIViewController+Alert.m */; };
		CC6EB225202162250002BA14 /* WXARTextViewController.m in Sources */ = {isa = PBXBuildFile; fileRef = CC6EB224202162250002BA14 /* WXARTextViewController.m */; };
		CC6EB22A2021CE0B0002BA14 /* WXARText.m in Sources */ = {isa = PBXBuildFile; fileRef = CC6EB2292021CE0B0002BA14 /* WXARText.m */; };
		CC6EB22D2022B51E0002BA14 /* WXARTextNode.m in Sources */ = {isa = PBXBuildFile; fileRef = CC6EB22C2022B51E0002BA14 /* WXARTextNode.m */; };
		CC7108562032F9B500E09BC5 /* PushAndPopViewController.m in Sources */ = {isa = PBXBuildFile; fileRef = CC7108552032F9B500E09BC5 /* PushAndPopViewController.m */; };
		CC7108592033092E00E09BC5 /* WXSecondPresentedViewController.m in Sources */ = {isa = PBXBuildFile; fileRef = CC7108582033092E00E09BC5 /* WXSecondPresentedViewController.m */; };
		CC71085C2033111E00E09BC5 /* WXPresentTransition.m in Sources */ = {isa = PBXBuildFile; fileRef = CC71085B2033111E00E09BC5 /* WXPresentTransition.m */; };
		CC71D3BC203E64DF00CFDDEA /* WXChangeIconViewController.m in Sources */ = {isa = PBXBuildFile; fileRef = CC71D3BB203E64DF00CFDDEA /* WXChangeIconViewController.m */; };
		CC71D3C4203E6AB400CFDDEA /* icon_red@3x.png in Resources */ = {isa = PBXBuildFile; fileRef = CC71D3BE203E6AB400CFDDEA /* icon_red@3x.png */; };
		CC71D3C5203E6AB400CFDDEA /* icon_ball@2x.png in Resources */ = {isa = PBXBuildFile; fileRef = CC71D3BF203E6AB400CFDDEA /* icon_ball@2x.png */; };
		CC71D3C6203E6AB400CFDDEA /* icon_blue@3x.png in Resources */ = {isa = PBXBuildFile; fileRef = CC71D3C0203E6AB400CFDDEA /* icon_blue@3x.png */; };
		CC71D3C7203E6AB400CFDDEA /* icon_red@2x.png in Resources */ = {isa = PBXBuildFile; fileRef = CC71D3C1203E6AB400CFDDEA /* icon_red@2x.png */; };
		CC71D3C8203E6AB400CFDDEA /* icon_ball@3x.png in Resources */ = {isa = PBXBuildFile; fileRef = CC71D3C2203E6AB400CFDDEA /* icon_ball@3x.png */; };
		CC71D3C9203E6AB400CFDDEA /* icon_blue@2x.png in Resources */ = {isa = PBXBuildFile; fileRef = CC71D3C3203E6AB400CFDDEA /* icon_blue@2x.png */; };
		CC71D3CC203E6B3900CFDDEA /* icon_demo@2x.png in Resources */ = {isa = PBXBuildFile; fileRef = CC71D3CA203E6B3900CFDDEA /* icon_demo@2x.png */; };
		CC71D3CD203E6B3900CFDDEA /* icon_demo@3x.png in Resources */ = {isa = PBXBuildFile; fileRef = CC71D3CB203E6B3900CFDDEA /* icon_demo@3x.png */; };
		CC71D3D0203E763D00CFDDEA /* WXIconCollectionViewCell.m in Sources */ = {isa = PBXBuildFile; fileRef = CC71D3CF203E763D00CFDDEA /* WXIconCollectionViewCell.m */; };
		CC72CD621F8F163500CADF32 /* TimerViewController.m in Sources */ = {isa = PBXBuildFile; fileRef = CC72CD611F8F163500CADF32 /* TimerViewController.m */; };
		CC8BB951207C8FAD00CAD849 /* WXBlurNavigationBar.swift in Sources */ = {isa = PBXBuildFile; fileRef = CC8BB950207C8FAD00CAD849 /* WXBlurNavigationBar.swift */; };
		CCA8D5972010409200B225B6 /* WXVolumeButtonHandler.m in Sources */ = {isa = PBXBuildFile; fileRef = CCA8D5962010409200B225B6 /* WXVolumeButtonHandler.m */; };
		CCAD93F6202D3E5E00414E47 /* WXBaseNavigationViewController.m in Sources */ = {isa = PBXBuildFile; fileRef = CCAD93F5202D3E5E00414E47 /* WXBaseNavigationViewController.m */; };
		CCD7FC952057840C00AA35AF /* UIView+WXFrame.m in Sources */ = {isa = PBXBuildFile; fileRef = CCD7FC942057840C00AA35AF /* UIView+WXFrame.m */; };
		CCE7915220073BDA0055C51D /* UIImage+Scale.m in Sources */ = {isa = PBXBuildFile; fileRef = CCE7915120073BDA0055C51D /* UIImage+Scale.m */; };
		CCE7915720074B710055C51D /* ClosureInitScrollView.swift in Sources */ = {isa = PBXBuildFile; fileRef = CCE7915620074B710055C51D /* ClosureInitScrollView.swift */; };
		CCFB57F32018869F0030BFF1 /* WXUserDefaults.m in Sources */ = {isa = PBXBuildFile; fileRef = CCFB57F22018869F0030BFF1 /* WXUserDefaults.m */; };
		CCFB57FF2019B9D20030BFF1 /* WXRotateImageViewController.m in Sources */ = {isa = PBXBuildFile; fileRef = CCFB57FE2019B9D20030BFF1 /* WXRotateImageViewController.m */; };
		CCFB58022019C25E0030BFF1 /* UIImage+Color.m in Sources */ = {isa = PBXBuildFile; fileRef = CCFB58012019C25E0030BFF1 /* UIImage+Color.m */; };
		CCFB5808201ACC860030BFF1 /* WXStorageBaseModel.swift in Sources */ = {isa = PBXBuildFile; fileRef = CCFB5807201ACC860030BFF1 /* WXStorageBaseModel.swift */; };
		CCFB580A201B03720030BFF1 /* DiskStorage.swift in Sources */ = {isa = PBXBuildFile; fileRef = CCFB5809201B03720030BFF1 /* DiskStorage.swift */; };
		CCFB580C201B04FF0030BFF1 /* AppConfiguration.swift in Sources */ = {isa = PBXBuildFile; fileRef = CCFB580B201B04FF0030BFF1 /* AppConfiguration.swift */; };
		CCFB580F201B19580030BFF1 /* WXLocalLanguage.m in Sources */ = {isa = PBXBuildFile; fileRef = CCFB580E201B19580030BFF1 /* WXLocalLanguage.m */; };
/* End PBXBuildFile section */

/* Begin PBXContainerItemProxy section */
		CC40F6731E6E5F88009D144C /* PBXContainerItemProxy */ = {
			isa = PBXContainerItemProxy;
			containerPortal = CC40F6511E6E5F87009D144C /* Project object */;
			proxyType = 1;
			remoteGlobalIDString = CC40F6581E6E5F88009D144C;
			remoteInfo = iOSTest;
		};
		CC40F67E1E6E5F88009D144C /* PBXContainerItemProxy */ = {
			isa = PBXContainerItemProxy;
			containerPortal = CC40F6511E6E5F87009D144C /* Project object */;
			proxyType = 1;
			remoteGlobalIDString = CC40F6581E6E5F88009D144C;
			remoteInfo = iOSTest;
		};
/* End PBXContainerItemProxy section */

/* Begin PBXCopyFilesBuildPhase section */
		CC6A216E1FE7ABB300B18D36 /* Embed Frameworks */ = {
			isa = PBXCopyFilesBuildPhase;
			buildActionMask = 2147483647;
			dstPath = "";
			dstSubfolderSpec = 10;
			files = (
				C7898009216CE38D00DCC2D8 /* Device.framework in Embed Frameworks */,
				CC095C93201DB07100B9B69C /* YYKit.framework in Embed Frameworks */,
				CC095C94201DB07100B9B69C /* SnapKit.framework in Embed Frameworks */,
				CC6A2812201598FA001D3A91 /* Masonry.framework in Embed Frameworks */,
			);
			name = "Embed Frameworks";
			runOnlyForDeploymentPostprocessing = 0;
		};
/* End PBXCopyFilesBuildPhase section */

/* Begin PBXFileReference section */
		C71AAA9420BBEA3B00DB7152 /* UIView+WXBadge.h */ = {isa = PBXFileReference; lastKnownFileType = sourcecode.c.h; path = "UIView+WXBadge.h"; sourceTree = "<group>"; };
		C71AAA9520BBEA3B00DB7152 /* UIView+WXBadge.m */ = {isa = PBXFileReference; lastKnownFileType = sourcecode.c.objc; path = "UIView+WXBadge.m"; sourceTree = "<group>"; };
		C723E11F2187F728004AF284 /* UIImage+PDFVector.h */ = {isa = PBXFileReference; lastKnownFileType = sourcecode.c.h; path = "UIImage+PDFVector.h"; sourceTree = "<group>"; };
		C723E1202187F728004AF284 /* UIImage+PDFVector.m */ = {isa = PBXFileReference; lastKnownFileType = sourcecode.c.objc; path = "UIImage+PDFVector.m"; sourceTree = "<group>"; };
		C72A2EA520A1416C00D7E7E8 /* NSString+Regex.h */ = {isa = PBXFileReference; lastKnownFileType = sourcecode.c.h; path = "NSString+Regex.h"; sourceTree = "<group>"; };
		C72A2EA620A1416C00D7E7E8 /* NSString+Regex.m */ = {isa = PBXFileReference; lastKnownFileType = sourcecode.c.objc; path = "NSString+Regex.m"; sourceTree = "<group>"; };
		C72A2EE220A1A13600D7E7E8 /* NSString+Encryption.h */ = {isa = PBXFileReference; lastKnownFileType = sourcecode.c.h; path = "NSString+Encryption.h"; sourceTree = "<group>"; };
		C72A2EE320A1A13600D7E7E8 /* NSString+Encryption.m */ = {isa = PBXFileReference; lastKnownFileType = sourcecode.c.objc; path = "NSString+Encryption.m"; sourceTree = "<group>"; };
		C72A2EE920A2D1C500D7E7E8 /* UIButton+CountDown.h */ = {isa = PBXFileReference; lastKnownFileType = sourcecode.c.h; path = "UIButton+CountDown.h"; sourceTree = "<group>"; };
		C72A2EEA20A2D1C500D7E7E8 /* UIButton+CountDown.m */ = {isa = PBXFileReference; lastKnownFileType = sourcecode.c.objc; path = "UIButton+CountDown.m"; sourceTree = "<group>"; };
		C72A2EEC20A2EAC600D7E7E8 /* UIView+ScreenShot.h */ = {isa = PBXFileReference; lastKnownFileType = sourcecode.c.h; path = "UIView+ScreenShot.h"; sourceTree = "<group>"; };
		C72A2EED20A2EAC600D7E7E8 /* UIView+ScreenShot.m */ = {isa = PBXFileReference; lastKnownFileType = sourcecode.c.objc; path = "UIView+ScreenShot.m"; sourceTree = "<group>"; };
		C72A2EF020A3E7F700D7E7E8 /* CAMediaTimingFunction+WXAddition.h */ = {isa = PBXFileReference; lastKnownFileType = sourcecode.c.h; path = "CAMediaTimingFunction+WXAddition.h"; sourceTree = "<group>"; };
		C72A2EF120A3E7F700D7E7E8 /* CAMediaTimingFunction+WXAddition.m */ = {isa = PBXFileReference; lastKnownFileType = sourcecode.c.objc; path = "CAMediaTimingFunction+WXAddition.m"; sourceTree = "<group>"; };
		C72A2F0820A4252100D7E7E8 /* UIApplication+Size.h */ = {isa = PBXFileReference; lastKnownFileType = sourcecode.c.h; path = "UIApplication+Size.h"; sourceTree = "<group>"; };
		C72A2F0920A4252100D7E7E8 /* UIApplication+Size.m */ = {isa = PBXFileReference; lastKnownFileType = sourcecode.c.objc; path = "UIApplication+Size.m"; sourceTree = "<group>"; };
		C72A2F0C20A42DCC00D7E7E8 /* UIColor+HEX.h */ = {isa = PBXFileReference; lastKnownFileType = sourcecode.c.h; path = "UIColor+HEX.h"; sourceTree = "<group>"; };
		C72A2F0D20A42DCC00D7E7E8 /* UIColor+HEX.m */ = {isa = PBXFileReference; lastKnownFileType = sourcecode.c.objc; path = "UIColor+HEX.m"; sourceTree = "<group>"; };
		C72D0F5E209B142A00D37FD0 /* UIImage+Convert.h */ = {isa = PBXFileReference; lastKnownFileType = sourcecode.c.h; path = "UIImage+Convert.h"; sourceTree = "<group>"; };
		C72D0F5F209B142A00D37FD0 /* UIImage+Convert.m */ = {isa = PBXFileReference; lastKnownFileType = sourcecode.c.objc; path = "UIImage+Convert.m"; sourceTree = "<group>"; };
		C72D0F61209C125400D37FD0 /* UIImage+Convert.swift */ = {isa = PBXFileReference; lastKnownFileType = sourcecode.swift; path = "UIImage+Convert.swift"; sourceTree = "<group>"; };
		C75175E320B3FDE000B89EE5 /* WXLockViewController.h */ = {isa = PBXFileReference; lastKnownFileType = sourcecode.c.h; path = WXLockViewController.h; sourceTree = "<group>"; };
		C75175E420B3FDE000B89EE5 /* WXLockViewController.m */ = {isa = PBXFileReference; lastKnownFileType = sourcecode.c.objc; path = WXLockViewController.m; sourceTree = "<group>"; };
		C7579DBB20CA743E00B71380 /* UIScrollView+Snapshot.h */ = {isa = PBXFileReference; lastKnownFileType = sourcecode.c.h; path = "UIScrollView+Snapshot.h"; sourceTree = "<group>"; };
		C7579DBC20CA743E00B71380 /* UIScrollView+Snapshot.m */ = {isa = PBXFileReference; lastKnownFileType = sourcecode.c.objc; path = "UIScrollView+Snapshot.m"; sourceTree = "<group>"; };
		C779D79F20AC0DE60083EE35 /* WXTabbar.h */ = {isa = PBXFileReference; lastKnownFileType = sourcecode.c.h; path = WXTabbar.h; sourceTree = "<group>"; };
		C779D7A020AC0DE60083EE35 /* WXTabbar.m */ = {isa = PBXFileReference; lastKnownFileType = sourcecode.c.objc; path = WXTabbar.m; sourceTree = "<group>"; };
		C779D7A220AC170A0083EE35 /* WXCenterViewController.h */ = {isa = PBXFileReference; lastKnownFileType = sourcecode.c.h; path = WXCenterViewController.h; sourceTree = "<group>"; };
		C779D7A320AC170A0083EE35 /* WXCenterViewController.m */ = {isa = PBXFileReference; lastKnownFileType = sourcecode.c.objc; path = WXCenterViewController.m; sourceTree = "<group>"; };
		C7898007216CE38700DCC2D8 /* Device.framework */ = {isa = PBXFileReference; lastKnownFileType = wrapper.framework; name = Device.framework; path = Build/iOS/Device.framework; sourceTree = "<group>"; };
		C79DCCB120B7E8BE00C13117 /* WXSystemPushAndPopTableViewController.h */ = {isa = PBXFileReference; lastKnownFileType = sourcecode.c.h; path = WXSystemPushAndPopTableViewController.h; sourceTree = "<group>"; };
		C79DCCB220B7E8BE00C13117 /* WXSystemPushAndPopTableViewController.m */ = {isa = PBXFileReference; lastKnownFileType = sourcecode.c.objc; path = WXSystemPushAndPopTableViewController.m; sourceTree = "<group>"; };
		C79DCCB520B7EBC300C13117 /* WXSecondPushedViewController.h */ = {isa = PBXFileReference; lastKnownFileType = sourcecode.c.h; path = WXSecondPushedViewController.h; sourceTree = "<group>"; };
		C79DCCB620B7EBC300C13117 /* WXSecondPushedViewController.m */ = {isa = PBXFileReference; lastKnownFileType = sourcecode.c.objc; path = WXSecondPushedViewController.m; sourceTree = "<group>"; };
		C79FC2DF20E2353300D21B69 /* testLocalWebview.html */ = {isa = PBXFileReference; fileEncoding = 4; lastKnownFileType = text.html; path = testLocalWebview.html; sourceTree = "<group>"; };
		C79FC2E520E48F4600D21B69 /* Generator.xcconfig */ = {isa = PBXFileReference; lastKnownFileType = text.xcconfig; path = Generator.xcconfig; sourceTree = "<group>"; };
		C79FC2E620E491A900D21B69 /* Debug.xcconfig */ = {isa = PBXFileReference; lastKnownFileType = text.xcconfig; path = Debug.xcconfig; sourceTree = "<group>"; };
		C79FC2E720E491B200D21B69 /* Release.xcconfig */ = {isa = PBXFileReference; lastKnownFileType = text.xcconfig; path = Release.xcconfig; sourceTree = "<group>"; };
		C79FC2EC20E493CB00D21B69 /* PreRelease.xcconfig */ = {isa = PBXFileReference; lastKnownFileType = text.xcconfig; path = PreRelease.xcconfig; sourceTree = "<group>"; };
		CC095C87200F8C3E00B9B69C /* UIImage+FaceRecognizer.h */ = {isa = PBXFileReference; lastKnownFileType = sourcecode.c.h; path = "UIImage+FaceRecognizer.h"; sourceTree = "<group>"; };
		CC095C88200F8C3E00B9B69C /* UIImage+FaceRecognizer.m */ = {isa = PBXFileReference; lastKnownFileType = sourcecode.c.objc; path = "UIImage+FaceRecognizer.m"; sourceTree = "<group>"; };
		CC095C8B200F8FE600B9B69C /* UIImageView+FaceCenter.h */ = {isa = PBXFileReference; lastKnownFileType = sourcecode.c.h; path = "UIImageView+FaceCenter.h"; sourceTree = "<group>"; };
		CC095C8C200F8FE600B9B69C /* UIImageView+FaceCenter.m */ = {isa = PBXFileReference; lastKnownFileType = sourcecode.c.objc; path = "UIImageView+FaceCenter.m"; sourceTree = "<group>"; };
		CC095C8F201DA33F00B9B69C /* SnapKit.framework */ = {isa = PBXFileReference; lastKnownFileType = wrapper.framework; name = SnapKit.framework; path = Carthage/Build/iOS/SnapKit.framework; sourceTree = SOURCE_ROOT; };
		CC095C91201DA34700B9B69C /* YYKit.framework */ = {isa = PBXFileReference; lastKnownFileType = wrapper.framework; name = YYKit.framework; path = Carthage/Build/iOS/YYKit.framework; sourceTree = SOURCE_ROOT; };
		CC0FFC84206F2BDA00179FC1 /* WXCoreMLViewController.h */ = {isa = PBXFileReference; lastKnownFileType = sourcecode.c.h; path = WXCoreMLViewController.h; sourceTree = "<group>"; };
		CC0FFC85206F2BDA00179FC1 /* WXCoreMLViewController.m */ = {isa = PBXFileReference; lastKnownFileType = sourcecode.c.objc; path = WXCoreMLViewController.m; sourceTree = "<group>"; };
		CC0FFC8A206F372800179FC1 /* main.m */ = {isa = PBXFileReference; fileEncoding = 4; lastKnownFileType = sourcecode.c.objc; name = main.m; path = "Supporting Files/main.m"; sourceTree = "<group>"; };
		CC0FFC8B206F372800179FC1 /* iOSDemo-Bridging-Header.h */ = {isa = PBXFileReference; fileEncoding = 4; lastKnownFileType = sourcecode.c.h; name = "iOSDemo-Bridging-Header.h"; path = "Supporting Files/iOSDemo-Bridging-Header.h"; sourceTree = "<group>"; };
		CC0FFC8C206F372800179FC1 /* iOSDemo-prefix.pch */ = {isa = PBXFileReference; fileEncoding = 4; lastKnownFileType = sourcecode.c.h; name = "iOSDemo-prefix.pch"; path = "Supporting Files/iOSDemo-prefix.pch"; sourceTree = "<group>"; };
		CC0FFC8D206F372800179FC1 /* Info.plist */ = {isa = PBXFileReference; fileEncoding = 4; lastKnownFileType = text.plist.xml; name = Info.plist; path = "Supporting Files/Info.plist"; sourceTree = "<group>"; };
		CC0FFC91206F3E4E00179FC1 /* GoogLeNetPlaces.mlmodel */ = {isa = PBXFileReference; lastKnownFileType = file.mlmodel; path = GoogLeNetPlaces.mlmodel; sourceTree = "<group>"; };
		CC1BCE43202C257F009A0BCF /* zh-Hans */ = {isa = PBXFileReference; lastKnownFileType = text.plist.strings; name = "zh-Hans"; path = "zh-Hans.lproj/Main.strings"; sourceTree = "<group>"; };
		CC1BCE44202C257F009A0BCF /* zh-Hans */ = {isa = PBXFileReference; lastKnownFileType = text.plist.strings; name = "zh-Hans"; path = "zh-Hans.lproj/LaunchScreen.strings"; sourceTree = "<group>"; };
		CC1BCE48202C2851009A0BCF /* zh-Hans */ = {isa = PBXFileReference; lastKnownFileType = text.plist.strings; name = "zh-Hans"; path = "zh-Hans.lproj/WXLocalizable.strings"; sourceTree = "<group>"; };
		CC1BCE4A202C2855009A0BCF /* en */ = {isa = PBXFileReference; lastKnownFileType = text.plist.strings; name = en; path = en.lproj/WXLocalizable.strings; sourceTree = "<group>"; };
		CC1BCE4C202C2A6E009A0BCF /* WXConsoleViewController.h */ = {isa = PBXFileReference; fileEncoding = 4; lastKnownFileType = sourcecode.c.h; path = WXConsoleViewController.h; sourceTree = "<group>"; };
		CC1BCE4D202C2A6E009A0BCF /* WXConsoleViewController.m */ = {isa = PBXFileReference; fileEncoding = 4; lastKnownFileType = sourcecode.c.objc; path = WXConsoleViewController.m; sourceTree = "<group>"; };
		CC1BCE53202C2C99009A0BCF /* en */ = {isa = PBXFileReference; lastKnownFileType = text.plist.strings; name = en; path = en.lproj/Main.strings; sourceTree = "<group>"; };
		CC1BCE55202C2CA0009A0BCF /* en */ = {isa = PBXFileReference; lastKnownFileType = text.plist.strings; name = en; path = en.lproj/LaunchScreen.strings; sourceTree = "<group>"; };
		CC1BCE56202C2D68009A0BCF /* WXSettingsViewController.h */ = {isa = PBXFileReference; lastKnownFileType = sourcecode.c.h; path = WXSettingsViewController.h; sourceTree = "<group>"; };
		CC1BCE57202C2D68009A0BCF /* WXSettingsViewController.m */ = {isa = PBXFileReference; lastKnownFileType = sourcecode.c.objc; path = WXSettingsViewController.m; sourceTree = "<group>"; };
		CC1BCE5A202C2D90009A0BCF /* WXInitTabBarViewController.h */ = {isa = PBXFileReference; fileEncoding = 4; lastKnownFileType = sourcecode.c.h; path = WXInitTabBarViewController.h; sourceTree = "<group>"; };
		CC1BCE5B202C2D90009A0BCF /* WXInitTabBarViewController.m */ = {isa = PBXFileReference; fileEncoding = 4; lastKnownFileType = sourcecode.c.objc; path = WXInitTabBarViewController.m; sourceTree = "<group>"; };
		CC2BF2FF2008528B009F1D9E /* OperationViewController.h */ = {isa = PBXFileReference; lastKnownFileType = sourcecode.c.h; path = OperationViewController.h; sourceTree = "<group>"; };
		CC2BF3002008528B009F1D9E /* OperationViewController.m */ = {isa = PBXFileReference; lastKnownFileType = sourcecode.c.objc; path = OperationViewController.m; sourceTree = "<group>"; };
		CC2BF30320085B02009F1D9E /* WXDemoViewController.h */ = {isa = PBXFileReference; lastKnownFileType = sourcecode.c.h; path = WXDemoViewController.h; sourceTree = "<group>"; };
		CC2BF30420085B02009F1D9E /* WXDemoViewController.m */ = {isa = PBXFileReference; lastKnownFileType = sourcecode.c.objc; path = WXDemoViewController.m; sourceTree = "<group>"; };
		CC2BF30B20088D73009F1D9E /* WXSerialOperation.h */ = {isa = PBXFileReference; lastKnownFileType = sourcecode.c.h; path = WXSerialOperation.h; sourceTree = "<group>"; };
		CC2BF30C20088D73009F1D9E /* WXSerialOperation.m */ = {isa = PBXFileReference; lastKnownFileType = sourcecode.c.objc; path = WXSerialOperation.m; sourceTree = "<group>"; };
		CC2BF30E20089037009F1D9E /* WXConcurrentOperation.h */ = {isa = PBXFileReference; lastKnownFileType = sourcecode.c.h; path = WXConcurrentOperation.h; sourceTree = "<group>"; };
		CC2BF30F20089037009F1D9E /* WXConcurrentOperation.m */ = {isa = PBXFileReference; lastKnownFileType = sourcecode.c.objc; path = WXConcurrentOperation.m; sourceTree = "<group>"; };
		CC2EC35F20494715000750F8 /* sound.caf */ = {isa = PBXFileReference; lastKnownFileType = file; path = sound.caf; sourceTree = "<group>"; };
		CC2EC365204D3A73000750F8 /* WXBezierViewController.h */ = {isa = PBXFileReference; lastKnownFileType = sourcecode.c.h; path = WXBezierViewController.h; sourceTree = "<group>"; };
		CC2EC366204D3A73000750F8 /* WXBezierViewController.m */ = {isa = PBXFileReference; lastKnownFileType = sourcecode.c.objc; path = WXBezierViewController.m; sourceTree = "<group>"; };
		CC34C955206C863500D00A52 /* WXFingerPrintViewController.h */ = {isa = PBXFileReference; lastKnownFileType = sourcecode.c.h; path = WXFingerPrintViewController.h; sourceTree = "<group>"; };
		CC34C956206C863500D00A52 /* WXFingerPrintViewController.m */ = {isa = PBXFileReference; lastKnownFileType = sourcecode.c.objc; path = WXFingerPrintViewController.m; sourceTree = "<group>"; };
		CC3D2EA82005F1C3009E87F6 /* SemaphoreViewController.h */ = {isa = PBXFileReference; lastKnownFileType = sourcecode.c.h; path = SemaphoreViewController.h; sourceTree = "<group>"; };
		CC3D2EA92005F1C3009E87F6 /* SemaphoreViewController.m */ = {isa = PBXFileReference; lastKnownFileType = sourcecode.c.objc; path = SemaphoreViewController.m; sourceTree = "<group>"; };
		CC3D2EB12005FAA0009E87F6 /* UIViewController+GetViewController.h */ = {isa = PBXFileReference; lastKnownFileType = sourcecode.c.h; path = "UIViewController+GetViewController.h"; sourceTree = "<group>"; };
		CC3D2EB22005FAA0009E87F6 /* UIViewController+GetViewController.m */ = {isa = PBXFileReference; lastKnownFileType = sourcecode.c.objc; path = "UIViewController+GetViewController.m"; sourceTree = "<group>"; };
		CC3D2EB42005FBAC009E87F6 /* UIView+Badge.h */ = {isa = PBXFileReference; lastKnownFileType = sourcecode.c.h; path = "UIView+Badge.h"; sourceTree = "<group>"; };
		CC3D2EB52005FBAC009E87F6 /* UIView+Badge.m */ = {isa = PBXFileReference; lastKnownFileType = sourcecode.c.objc; path = "UIView+Badge.m"; sourceTree = "<group>"; };
		CC40F6591E6E5F88009D144C /* iOSDemo.app */ = {isa = PBXFileReference; explicitFileType = wrapper.application; includeInIndex = 0; path = iOSDemo.app; sourceTree = BUILT_PRODUCTS_DIR; };
		CC40F65F1E6E5F88009D144C /* AppDelegate.h */ = {isa = PBXFileReference; lastKnownFileType = sourcecode.c.h; path = AppDelegate.h; sourceTree = "<group>"; };
		CC40F6601E6E5F88009D144C /* AppDelegate.m */ = {isa = PBXFileReference; lastKnownFileType = sourcecode.c.objc; path = AppDelegate.m; sourceTree = "<group>"; };
		CC40F6621E6E5F88009D144C /* ViewController.h */ = {isa = PBXFileReference; lastKnownFileType = sourcecode.c.h; path = ViewController.h; sourceTree = "<group>"; };
		CC40F6631E6E5F88009D144C /* ViewController.m */ = {isa = PBXFileReference; lastKnownFileType = sourcecode.c.objc; path = ViewController.m; sourceTree = "<group>"; };
		CC40F6661E6E5F88009D144C /* Base */ = {isa = PBXFileReference; lastKnownFileType = file.storyboard; name = Base; path = Base.lproj/Main.storyboard; sourceTree = "<group>"; };
		CC40F6681E6E5F88009D144C /* Assets.xcassets */ = {isa = PBXFileReference; lastKnownFileType = folder.assetcatalog; path = Assets.xcassets; sourceTree = "<group>"; };
		CC40F66B1E6E5F88009D144C /* Base */ = {isa = PBXFileReference; lastKnownFileType = file.storyboard; name = Base; path = Base.lproj/LaunchScreen.storyboard; sourceTree = "<group>"; };
		CC40F6721E6E5F88009D144C /* iOSDemoTests.xctest */ = {isa = PBXFileReference; explicitFileType = wrapper.cfbundle; includeInIndex = 0; path = iOSDemoTests.xctest; sourceTree = BUILT_PRODUCTS_DIR; };
		CC40F6761E6E5F88009D144C /* iOSTestTests.m */ = {isa = PBXFileReference; lastKnownFileType = sourcecode.c.objc; path = iOSTestTests.m; sourceTree = "<group>"; };
		CC40F6781E6E5F88009D144C /* Info.plist */ = {isa = PBXFileReference; lastKnownFileType = text.plist.xml; path = Info.plist; sourceTree = "<group>"; };
		CC40F67D1E6E5F88009D144C /* iOSDemoUITests.xctest */ = {isa = PBXFileReference; explicitFileType = wrapper.cfbundle; includeInIndex = 0; path = iOSDemoUITests.xctest; sourceTree = BUILT_PRODUCTS_DIR; };
		CC40F6811E6E5F88009D144C /* iOSTestUITests.m */ = {isa = PBXFileReference; lastKnownFileType = sourcecode.c.objc; path = iOSTestUITests.m; sourceTree = "<group>"; };
		CC40F6831E6E5F88009D144C /* Info.plist */ = {isa = PBXFileReference; lastKnownFileType = text.plist.xml; path = Info.plist; sourceTree = "<group>"; };
		CC56C2F3204009E800783A9F /* NSDate+dateTools.h */ = {isa = PBXFileReference; lastKnownFileType = sourcecode.c.h; path = "NSDate+dateTools.h"; sourceTree = "<group>"; };
		CC56C2F4204009E800783A9F /* NSDate+dateTools.m */ = {isa = PBXFileReference; lastKnownFileType = sourcecode.c.objc; path = "NSDate+dateTools.m"; sourceTree = "<group>"; };
		CC56C2F620401A8700783A9F /* WXQRCodeViewController.h */ = {isa = PBXFileReference; lastKnownFileType = sourcecode.c.h; path = WXQRCodeViewController.h; sourceTree = "<group>"; };
		CC56C2F720401A8700783A9F /* WXQRCodeViewController.m */ = {isa = PBXFileReference; lastKnownFileType = sourcecode.c.objc; path = WXQRCodeViewController.m; sourceTree = "<group>"; };
		CC56C30420411A5400783A9F /* WXQRCodeScanManager.h */ = {isa = PBXFileReference; fileEncoding = 4; lastKnownFileType = sourcecode.c.h; path = WXQRCodeScanManager.h; sourceTree = "<group>"; };
		CC56C30520411A5400783A9F /* WXQRCodeScanManager.m */ = {isa = PBXFileReference; fileEncoding = 4; lastKnownFileType = sourcecode.c.objc; path = WXQRCodeScanManager.m; sourceTree = "<group>"; };
		CC56C307204160EF00783A9F /* WXQRCodeAlbumManager.h */ = {isa = PBXFileReference; lastKnownFileType = sourcecode.c.h; path = WXQRCodeAlbumManager.h; sourceTree = "<group>"; };
		CC56C308204160EF00783A9F /* WXQRCodeAlbumManager.m */ = {isa = PBXFileReference; lastKnownFileType = sourcecode.c.objc; path = WXQRCodeAlbumManager.m; sourceTree = "<group>"; };
		CC6A21691FE7A39D00B18D36 /* SwipHintView.swift */ = {isa = PBXFileReference; lastKnownFileType = sourcecode.swift; path = SwipHintView.swift; sourceTree = "<group>"; };
		CC6A280920158EB8001D3A91 /* WXUserInfoModel.h */ = {isa = PBXFileReference; lastKnownFileType = sourcecode.c.h; path = WXUserInfoModel.h; sourceTree = "<group>"; };
		CC6A280A20158EB8001D3A91 /* WXUserInfoModel.m */ = {isa = PBXFileReference; lastKnownFileType = sourcecode.c.objc; path = WXUserInfoModel.m; sourceTree = "<group>"; };
		CC6A280C201593A8001D3A91 /* WXCoderViewController.h */ = {isa = PBXFileReference; lastKnownFileType = sourcecode.c.h; path = WXCoderViewController.h; sourceTree = "<group>"; };
		CC6A280D201593A8001D3A91 /* WXCoderViewController.m */ = {isa = PBXFileReference; lastKnownFileType = sourcecode.c.objc; path = WXCoderViewController.m; sourceTree = "<group>"; };
		CC6A2810201598EF001D3A91 /* Masonry.framework */ = {isa = PBXFileReference; lastKnownFileType = wrapper.framework; path = Masonry.framework; sourceTree = "<group>"; };
		CC6EB22020215E050002BA14 /* UIViewController+Alert.h */ = {isa = PBXFileReference; lastKnownFileType = sourcecode.c.h; path = "UIViewController+Alert.h"; sourceTree = "<group>"; };
		CC6EB22120215E050002BA14 /* UIViewController+Alert.m */ = {isa = PBXFileReference; lastKnownFileType = sourcecode.c.objc; path = "UIViewController+Alert.m"; sourceTree = "<group>"; };
		CC6EB223202162250002BA14 /* WXARTextViewController.h */ = {isa = PBXFileReference; lastKnownFileType = sourcecode.c.h; path = WXARTextViewController.h; sourceTree = "<group>"; };
		CC6EB224202162250002BA14 /* WXARTextViewController.m */ = {isa = PBXFileReference; lastKnownFileType = sourcecode.c.objc; path = WXARTextViewController.m; sourceTree = "<group>"; };
		CC6EB2282021CE0B0002BA14 /* WXARText.h */ = {isa = PBXFileReference; lastKnownFileType = sourcecode.c.h; path = WXARText.h; sourceTree = "<group>"; };
		CC6EB2292021CE0B0002BA14 /* WXARText.m */ = {isa = PBXFileReference; lastKnownFileType = sourcecode.c.objc; path = WXARText.m; sourceTree = "<group>"; };
		CC6EB22B2022B51E0002BA14 /* WXARTextNode.h */ = {isa = PBXFileReference; lastKnownFileType = sourcecode.c.h; path = WXARTextNode.h; sourceTree = "<group>"; };
		CC6EB22C2022B51E0002BA14 /* WXARTextNode.m */ = {isa = PBXFileReference; lastKnownFileType = sourcecode.c.objc; path = WXARTextNode.m; sourceTree = "<group>"; };
		CC7108542032F9B500E09BC5 /* PushAndPopViewController.h */ = {isa = PBXFileReference; fileEncoding = 4; lastKnownFileType = sourcecode.c.h; path = PushAndPopViewController.h; sourceTree = "<group>"; };
		CC7108552032F9B500E09BC5 /* PushAndPopViewController.m */ = {isa = PBXFileReference; fileEncoding = 4; lastKnownFileType = sourcecode.c.objc; path = PushAndPopViewController.m; sourceTree = "<group>"; };
		CC7108572033092E00E09BC5 /* WXSecondPresentedViewController.h */ = {isa = PBXFileReference; lastKnownFileType = sourcecode.c.h; path = WXSecondPresentedViewController.h; sourceTree = "<group>"; };
		CC7108582033092E00E09BC5 /* WXSecondPresentedViewController.m */ = {isa = PBXFileReference; lastKnownFileType = sourcecode.c.objc; path = WXSecondPresentedViewController.m; sourceTree = "<group>"; };
		CC71085A2033111E00E09BC5 /* WXPresentTransition.h */ = {isa = PBXFileReference; lastKnownFileType = sourcecode.c.h; path = WXPresentTransition.h; sourceTree = "<group>"; };
		CC71085B2033111E00E09BC5 /* WXPresentTransition.m */ = {isa = PBXFileReference; lastKnownFileType = sourcecode.c.objc; path = WXPresentTransition.m; sourceTree = "<group>"; };
		CC71D3BA203E64DF00CFDDEA /* WXChangeIconViewController.h */ = {isa = PBXFileReference; lastKnownFileType = sourcecode.c.h; path = WXChangeIconViewController.h; sourceTree = "<group>"; };
		CC71D3BB203E64DF00CFDDEA /* WXChangeIconViewController.m */ = {isa = PBXFileReference; lastKnownFileType = sourcecode.c.objc; path = WXChangeIconViewController.m; sourceTree = "<group>"; };
		CC71D3BE203E6AB400CFDDEA /* icon_red@3x.png */ = {isa = PBXFileReference; lastKnownFileType = image.png; path = "icon_red@3x.png"; sourceTree = "<group>"; };
		CC71D3BF203E6AB400CFDDEA /* icon_ball@2x.png */ = {isa = PBXFileReference; lastKnownFileType = image.png; path = "icon_ball@2x.png"; sourceTree = "<group>"; };
		CC71D3C0203E6AB400CFDDEA /* icon_blue@3x.png */ = {isa = PBXFileReference; lastKnownFileType = image.png; path = "icon_blue@3x.png"; sourceTree = "<group>"; };
		CC71D3C1203E6AB400CFDDEA /* icon_red@2x.png */ = {isa = PBXFileReference; lastKnownFileType = image.png; path = "icon_red@2x.png"; sourceTree = "<group>"; };
		CC71D3C2203E6AB400CFDDEA /* icon_ball@3x.png */ = {isa = PBXFileReference; lastKnownFileType = image.png; path = "icon_ball@3x.png"; sourceTree = "<group>"; };
		CC71D3C3203E6AB400CFDDEA /* icon_blue@2x.png */ = {isa = PBXFileReference; lastKnownFileType = image.png; path = "icon_blue@2x.png"; sourceTree = "<group>"; };
		CC71D3CA203E6B3900CFDDEA /* icon_demo@2x.png */ = {isa = PBXFileReference; lastKnownFileType = image.png; path = "icon_demo@2x.png"; sourceTree = "<group>"; };
		CC71D3CB203E6B3900CFDDEA /* icon_demo@3x.png */ = {isa = PBXFileReference; lastKnownFileType = image.png; path = "icon_demo@3x.png"; sourceTree = "<group>"; };
		CC71D3CE203E763D00CFDDEA /* WXIconCollectionViewCell.h */ = {isa = PBXFileReference; lastKnownFileType = sourcecode.c.h; path = WXIconCollectionViewCell.h; sourceTree = "<group>"; };
		CC71D3CF203E763D00CFDDEA /* WXIconCollectionViewCell.m */ = {isa = PBXFileReference; lastKnownFileType = sourcecode.c.objc; path = WXIconCollectionViewCell.m; sourceTree = "<group>"; };
		CC72CD601F8F163500CADF32 /* TimerViewController.h */ = {isa = PBXFileReference; lastKnownFileType = sourcecode.c.h; path = TimerViewController.h; sourceTree = "<group>"; };
		CC72CD611F8F163500CADF32 /* TimerViewController.m */ = {isa = PBXFileReference; lastKnownFileType = sourcecode.c.objc; path = TimerViewController.m; sourceTree = "<group>"; };
		CC8BB950207C8FAD00CAD849 /* WXBlurNavigationBar.swift */ = {isa = PBXFileReference; lastKnownFileType = sourcecode.swift; path = WXBlurNavigationBar.swift; sourceTree = "<group>"; };
		CCA8D5952010409200B225B6 /* WXVolumeButtonHandler.h */ = {isa = PBXFileReference; lastKnownFileType = sourcecode.c.h; path = WXVolumeButtonHandler.h; sourceTree = "<group>"; };
		CCA8D5962010409200B225B6 /* WXVolumeButtonHandler.m */ = {isa = PBXFileReference; lastKnownFileType = sourcecode.c.objc; path = WXVolumeButtonHandler.m; sourceTree = "<group>"; };
		CCAD93F4202D3E5E00414E47 /* WXBaseNavigationViewController.h */ = {isa = PBXFileReference; lastKnownFileType = sourcecode.c.h; path = WXBaseNavigationViewController.h; sourceTree = "<group>"; };
		CCAD93F5202D3E5E00414E47 /* WXBaseNavigationViewController.m */ = {isa = PBXFileReference; lastKnownFileType = sourcecode.c.objc; path = WXBaseNavigationViewController.m; sourceTree = "<group>"; };
		CCD7FC932057840C00AA35AF /* UIView+WXFrame.h */ = {isa = PBXFileReference; lastKnownFileType = sourcecode.c.h; path = "UIView+WXFrame.h"; sourceTree = "<group>"; };
		CCD7FC942057840C00AA35AF /* UIView+WXFrame.m */ = {isa = PBXFileReference; lastKnownFileType = sourcecode.c.objc; path = "UIView+WXFrame.m"; sourceTree = "<group>"; };
		CCE7915020073BDA0055C51D /* UIImage+Scale.h */ = {isa = PBXFileReference; lastKnownFileType = sourcecode.c.h; path = "UIImage+Scale.h"; sourceTree = "<group>"; };
		CCE7915120073BDA0055C51D /* UIImage+Scale.m */ = {isa = PBXFileReference; lastKnownFileType = sourcecode.c.objc; path = "UIImage+Scale.m"; sourceTree = "<group>"; };
		CCE7915620074B710055C51D /* ClosureInitScrollView.swift */ = {isa = PBXFileReference; lastKnownFileType = sourcecode.swift; path = ClosureInitScrollView.swift; sourceTree = "<group>"; };
		CCFB57F12018869F0030BFF1 /* WXUserDefaults.h */ = {isa = PBXFileReference; lastKnownFileType = sourcecode.c.h; path = WXUserDefaults.h; sourceTree = "<group>"; };
		CCFB57F22018869F0030BFF1 /* WXUserDefaults.m */ = {isa = PBXFileReference; lastKnownFileType = sourcecode.c.objc; path = WXUserDefaults.m; sourceTree = "<group>"; };
		CCFB57FD2019B9D20030BFF1 /* WXRotateImageViewController.h */ = {isa = PBXFileReference; lastKnownFileType = sourcecode.c.h; path = WXRotateImageViewController.h; sourceTree = "<group>"; };
		CCFB57FE2019B9D20030BFF1 /* WXRotateImageViewController.m */ = {isa = PBXFileReference; lastKnownFileType = sourcecode.c.objc; path = WXRotateImageViewController.m; sourceTree = "<group>"; };
		CCFB58002019C25E0030BFF1 /* UIImage+Color.h */ = {isa = PBXFileReference; lastKnownFileType = sourcecode.c.h; path = "UIImage+Color.h"; sourceTree = "<group>"; };
		CCFB58012019C25E0030BFF1 /* UIImage+Color.m */ = {isa = PBXFileReference; lastKnownFileType = sourcecode.c.objc; path = "UIImage+Color.m"; sourceTree = "<group>"; };
		CCFB5807201ACC860030BFF1 /* WXStorageBaseModel.swift */ = {isa = PBXFileReference; lastKnownFileType = sourcecode.swift; path = WXStorageBaseModel.swift; sourceTree = "<group>"; };
		CCFB5809201B03720030BFF1 /* DiskStorage.swift */ = {isa = PBXFileReference; lastKnownFileType = sourcecode.swift; path = DiskStorage.swift; sourceTree = "<group>"; };
		CCFB580B201B04FF0030BFF1 /* AppConfiguration.swift */ = {isa = PBXFileReference; lastKnownFileType = sourcecode.swift; path = AppConfiguration.swift; sourceTree = "<group>"; };
		CCFB580D201B19580030BFF1 /* WXLocalLanguage.h */ = {isa = PBXFileReference; lastKnownFileType = sourcecode.c.h; path = WXLocalLanguage.h; sourceTree = "<group>"; };
		CCFB580E201B19580030BFF1 /* WXLocalLanguage.m */ = {isa = PBXFileReference; lastKnownFileType = sourcecode.c.objc; path = WXLocalLanguage.m; sourceTree = "<group>"; };
/* End PBXFileReference section */

/* Begin PBXFrameworksBuildPhase section */
		CC40F6561E6E5F88009D144C /* Frameworks */ = {
			isa = PBXFrameworksBuildPhase;
			buildActionMask = 2147483647;
			files = (
				C7898008216CE38700DCC2D8 /* Device.framework in Frameworks */,
				CC095C92201DA34700B9B69C /* YYKit.framework in Frameworks */,
				CC6A2811201598EF001D3A91 /* Masonry.framework in Frameworks */,
				CC095C90201DA33F00B9B69C /* SnapKit.framework in Frameworks */,
			);
			runOnlyForDeploymentPostprocessing = 0;
		};
		CC40F66F1E6E5F88009D144C /* Frameworks */ = {
			isa = PBXFrameworksBuildPhase;
			buildActionMask = 2147483647;
			files = (
			);
			runOnlyForDeploymentPostprocessing = 0;
		};
		CC40F67A1E6E5F88009D144C /* Frameworks */ = {
			isa = PBXFrameworksBuildPhase;
			buildActionMask = 2147483647;
			files = (
			);
			runOnlyForDeploymentPostprocessing = 0;
		};
/* End PBXFrameworksBuildPhase section */

/* Begin PBXGroup section */
		C72A2EA420A140DF00D7E7E8 /* NSString */ = {
			isa = PBXGroup;
			children = (
				C72A2EA520A1416C00D7E7E8 /* NSString+Regex.h */,
				C72A2EA620A1416C00D7E7E8 /* NSString+Regex.m */,
				C72A2EE220A1A13600D7E7E8 /* NSString+Encryption.h */,
				C72A2EE320A1A13600D7E7E8 /* NSString+Encryption.m */,
			);
			path = NSString;
			sourceTree = "<group>";
		};
		C72A2EE820A2D18B00D7E7E8 /* UIButton */ = {
			isa = PBXGroup;
			children = (
				C72A2EE920A2D1C500D7E7E8 /* UIButton+CountDown.h */,
				C72A2EEA20A2D1C500D7E7E8 /* UIButton+CountDown.m */,
			);
			path = UIButton;
			sourceTree = "<group>";
		};
		C72A2EEF20A3E6FC00D7E7E8 /* CAMediaTimingFunction */ = {
			isa = PBXGroup;
			children = (
				C72A2EF020A3E7F700D7E7E8 /* CAMediaTimingFunction+WXAddition.h */,
				C72A2EF120A3E7F700D7E7E8 /* CAMediaTimingFunction+WXAddition.m */,
			);
			path = CAMediaTimingFunction;
			sourceTree = "<group>";
		};
		C72A2F0720A4250B00D7E7E8 /* UIApplication */ = {
			isa = PBXGroup;
			children = (
				C72A2F0820A4252100D7E7E8 /* UIApplication+Size.h */,
				C72A2F0920A4252100D7E7E8 /* UIApplication+Size.m */,
			);
			path = UIApplication;
			sourceTree = "<group>";
		};
		C72A2F0B20A42DAD00D7E7E8 /* UIColor */ = {
			isa = PBXGroup;
			children = (
				C72A2F0C20A42DCC00D7E7E8 /* UIColor+HEX.h */,
				C72A2F0D20A42DCC00D7E7E8 /* UIColor+HEX.m */,
			);
			path = UIColor;
			sourceTree = "<group>";
		};
		C7579DBA20CA73AE00B71380 /* UIScrollView */ = {
			isa = PBXGroup;
			children = (
				C7579DBB20CA743E00B71380 /* UIScrollView+Snapshot.h */,
				C7579DBC20CA743E00B71380 /* UIScrollView+Snapshot.m */,
			);
			path = UIScrollView;
			sourceTree = "<group>";
		};
		C79DCCB420B7EA9300C13117 /* PushedPresented */ = {
			isa = PBXGroup;
			children = (
				CC7108572033092E00E09BC5 /* WXSecondPresentedViewController.h */,
				CC7108582033092E00E09BC5 /* WXSecondPresentedViewController.m */,
				C79DCCB520B7EBC300C13117 /* WXSecondPushedViewController.h */,
				C79DCCB620B7EBC300C13117 /* WXSecondPushedViewController.m */,
			);
			path = PushedPresented;
			sourceTree = "<group>";
		};
		C79FC2E420E48F1F00D21B69 /* xconfig */ = {
			isa = PBXGroup;
			children = (
				C79FC2E520E48F4600D21B69 /* Generator.xcconfig */,
				C79FC2E620E491A900D21B69 /* Debug.xcconfig */,
				C79FC2E720E491B200D21B69 /* Release.xcconfig */,
				C79FC2EC20E493CB00D21B69 /* PreRelease.xcconfig */,
			);
			path = xconfig;
			sourceTree = "<group>";
		};
		CC095C8A200F8FA800B9B69C /* UIImageView */ = {
			isa = PBXGroup;
			children = (
				CC095C8B200F8FE600B9B69C /* UIImageView+FaceCenter.h */,
				CC095C8C200F8FE600B9B69C /* UIImageView+FaceCenter.m */,
			);
			path = UIImageView;
			sourceTree = "<group>";
		};
		CC095C8E201DA32E00B9B69C /* Carthage */ = {
			isa = PBXGroup;
			children = (
				C7898007216CE38700DCC2D8 /* Device.framework */,
				CC095C91201DA34700B9B69C /* YYKit.framework */,
				CC095C8F201DA33F00B9B69C /* SnapKit.framework */,
			);
			path = Carthage;
			sourceTree = "<group>";
		};
		CC0FFC90206F3E4E00179FC1 /* CoreMLModel */ = {
			isa = PBXGroup;
			children = (
				CC0FFC91206F3E4E00179FC1 /* GoogLeNetPlaces.mlmodel */,
			);
			name = CoreMLModel;
			path = "Supporting Files/CoreMLModel";
			sourceTree = "<group>";
		};
		CC1BCE4B202C2A6E009A0BCF /* BaseViewController */ = {
			isa = PBXGroup;
			children = (
				CC1BCE4C202C2A6E009A0BCF /* WXConsoleViewController.h */,
				CC1BCE4D202C2A6E009A0BCF /* WXConsoleViewController.m */,
				CCAD93F4202D3E5E00414E47 /* WXBaseNavigationViewController.h */,
				CCAD93F5202D3E5E00414E47 /* WXBaseNavigationViewController.m */,
			);
			path = BaseViewController;
			sourceTree = "<group>";
		};
		CC1BCE59202C2D90009A0BCF /* Tabbar */ = {
			isa = PBXGroup;
			children = (
				CC1BCE5A202C2D90009A0BCF /* WXInitTabBarViewController.h */,
				CC1BCE5B202C2D90009A0BCF /* WXInitTabBarViewController.m */,
			);
			path = Tabbar;
			sourceTree = "<group>";
		};
		CC2BF30620086301009F1D9E /* ViewController */ = {
			isa = PBXGroup;
			children = (
				CC72CD601F8F163500CADF32 /* TimerViewController.h */,
				CC72CD611F8F163500CADF32 /* TimerViewController.m */,
				CC3D2EA82005F1C3009E87F6 /* SemaphoreViewController.h */,
				CC3D2EA92005F1C3009E87F6 /* SemaphoreViewController.m */,
				CC2BF2FF2008528B009F1D9E /* OperationViewController.h */,
				CC2BF3002008528B009F1D9E /* OperationViewController.m */,
				CC2BF30320085B02009F1D9E /* WXDemoViewController.h */,
				CC2BF30420085B02009F1D9E /* WXDemoViewController.m */,
				CC6A280C201593A8001D3A91 /* WXCoderViewController.h */,
				CC6A280D201593A8001D3A91 /* WXCoderViewController.m */,
				CCFB57FD2019B9D20030BFF1 /* WXRotateImageViewController.h */,
				CCFB57FE2019B9D20030BFF1 /* WXRotateImageViewController.m */,
				CC6EB223202162250002BA14 /* WXARTextViewController.h */,
				CC6EB224202162250002BA14 /* WXARTextViewController.m */,
				CC56C2F620401A8700783A9F /* WXQRCodeViewController.h */,
				CC56C2F720401A8700783A9F /* WXQRCodeViewController.m */,
				CC2EC365204D3A73000750F8 /* WXBezierViewController.h */,
				CC2EC366204D3A73000750F8 /* WXBezierViewController.m */,
				CC0FFC84206F2BDA00179FC1 /* WXCoreMLViewController.h */,
				CC0FFC85206F2BDA00179FC1 /* WXCoreMLViewController.m */,
				C75175E320B3FDE000B89EE5 /* WXLockViewController.h */,
				C75175E420B3FDE000B89EE5 /* WXLockViewController.m */,
			);
			path = ViewController;
			sourceTree = "<group>";
		};
		CC2EC35E20494715000750F8 /* Files */ = {
			isa = PBXGroup;
			children = (
				C79FC2DF20E2353300D21B69 /* testLocalWebview.html */,
				CC2EC35F20494715000750F8 /* sound.caf */,
			);
			path = Files;
			sourceTree = "<group>";
		};
		CC3D2EA72005F0C0009E87F6 /* Controller */ = {
			isa = PBXGroup;
			children = (
				CC71D3B9203E64AC00CFDDEA /* SettingsViewController */,
				CC7108532032F9B500E09BC5 /* PushAndPop */,
				CC1BCE59202C2D90009A0BCF /* Tabbar */,
				CC1BCE4B202C2A6E009A0BCF /* BaseViewController */,
				CC2BF30620086301009F1D9E /* ViewController */,
				CC40F6621E6E5F88009D144C /* ViewController.h */,
				CC40F6631E6E5F88009D144C /* ViewController.m */,
				CC1BCE56202C2D68009A0BCF /* WXSettingsViewController.h */,
				CC1BCE57202C2D68009A0BCF /* WXSettingsViewController.m */,
				C779D7A220AC170A0083EE35 /* WXCenterViewController.h */,
				C779D7A320AC170A0083EE35 /* WXCenterViewController.m */,
			);
			path = Controller;
			sourceTree = "<group>";
		};
		CC3D2EAB2005F553009E87F6 /* View */ = {
			isa = PBXGroup;
			children = (
				CC6A21691FE7A39D00B18D36 /* SwipHintView.swift */,
				CCE7915620074B710055C51D /* ClosureInitScrollView.swift */,
				CC71D3CE203E763D00CFDDEA /* WXIconCollectionViewCell.h */,
				CC71D3CF203E763D00CFDDEA /* WXIconCollectionViewCell.m */,
				CC8BB950207C8FAD00CAD849 /* WXBlurNavigationBar.swift */,
				C779D79F20AC0DE60083EE35 /* WXTabbar.h */,
				C779D7A020AC0DE60083EE35 /* WXTabbar.m */,
			);
			path = View;
			sourceTree = "<group>";
		};
		CC3D2EAC2005F56E009E87F6 /* Model */ = {
			isa = PBXGroup;
			children = (
				CC6EB22E2022B5400002BA14 /* ARModel */,
				CC2BF30B20088D73009F1D9E /* WXSerialOperation.h */,
				CC2BF30C20088D73009F1D9E /* WXSerialOperation.m */,
				CC2BF30E20089037009F1D9E /* WXConcurrentOperation.h */,
				CC2BF30F20089037009F1D9E /* WXConcurrentOperation.m */,
				CC6A280920158EB8001D3A91 /* WXUserInfoModel.h */,
				CC6A280A20158EB8001D3A91 /* WXUserInfoModel.m */,
			);
			path = Model;
			sourceTree = "<group>";
		};
		CC3D2EAD2005F9D6009E87F6 /* Category */ = {
			isa = PBXGroup;
			children = (
				C7579DBA20CA73AE00B71380 /* UIScrollView */,
				C72A2F0B20A42DAD00D7E7E8 /* UIColor */,
				C72A2F0720A4250B00D7E7E8 /* UIApplication */,
				C72A2EEF20A3E6FC00D7E7E8 /* CAMediaTimingFunction */,
				C72A2EE820A2D18B00D7E7E8 /* UIButton */,
				C72A2EA420A140DF00D7E7E8 /* NSString */,
				CC56C2F2204009BA00783A9F /* NSDate */,
				CC095C8A200F8FA800B9B69C /* UIImageView */,
				CCE7915520073DE80055C51D /* UIImage */,
				CCE7915420073DDC0055C51D /* UIView */,
				CCE7915320073DC90055C51D /* UIViewController */,
			);
			path = Category;
			sourceTree = "<group>";
		};
		CC40F6501E6E5F87009D144C = {
			isa = PBXGroup;
			children = (
				CC095C8E201DA32E00B9B69C /* Carthage */,
				CC6A280F201598EF001D3A91 /* Framework */,
				CC40F65B1E6E5F88009D144C /* iOSDemo */,
				CC40F6751E6E5F88009D144C /* iOSDemoTests */,
				CC40F6801E6E5F88009D144C /* iOSDemoUITests */,
				CC40F65A1E6E5F88009D144C /* Products */,
				C79FC2E420E48F1F00D21B69 /* xconfig */,
			);
			sourceTree = "<group>";
		};
		CC40F65A1E6E5F88009D144C /* Products */ = {
			isa = PBXGroup;
			children = (
				CC40F6591E6E5F88009D144C /* iOSDemo.app */,
				CC40F6721E6E5F88009D144C /* iOSDemoTests.xctest */,
				CC40F67D1E6E5F88009D144C /* iOSDemoUITests.xctest */,
			);
			name = Products;
			sourceTree = "<group>";
		};
		CC40F65B1E6E5F88009D144C /* iOSDemo */ = {
			isa = PBXGroup;
			children = (
				CC40F65F1E6E5F88009D144C /* AppDelegate.h */,
				CC40F6601E6E5F88009D144C /* AppDelegate.m */,
				CC3D2EAD2005F9D6009E87F6 /* Category */,
				CC3D2EA72005F0C0009E87F6 /* Controller */,
				CC71D3BD203E697500CFDDEA /* MyIcon */,
				CC56C2FC20410E4400783A9F /* Manager */,
				CC3D2EAC2005F56E009E87F6 /* Model */,
				CCAB7B332016DDE30077BAB8 /* Protocol */,
				CCFB57FA201983880030BFF1 /* Resources */,
				CCFB57F02018862A0030BFF1 /* Storage */,
				CC40F65C1E6E5F88009D144C /* Supporting Files */,
				CCA8D59420103FF100B225B6 /* Tools */,
				CC3D2EAB2005F553009E87F6 /* View */,
			);
			path = iOSDemo;
			sourceTree = "<group>";
		};
		CC40F65C1E6E5F88009D144C /* Supporting Files */ = {
			isa = PBXGroup;
			children = (
				CC0FFC90206F3E4E00179FC1 /* CoreMLModel */,
				CC0FFC8D206F372800179FC1 /* Info.plist */,
				CC0FFC8B206F372800179FC1 /* iOSDemo-Bridging-Header.h */,
				CC0FFC8C206F372800179FC1 /* iOSDemo-prefix.pch */,
				CC0FFC8A206F372800179FC1 /* main.m */,
				CC40F6651E6E5F88009D144C /* Main.storyboard */,
				CC40F66A1E6E5F88009D144C /* LaunchScreen.storyboard */,
				CC1BCE49202C2851009A0BCF /* WXLocalizable.strings */,
			);
			name = "Supporting Files";
			sourceTree = "<group>";
		};
		CC40F6751E6E5F88009D144C /* iOSDemoTests */ = {
			isa = PBXGroup;
			children = (
				CC40F6761E6E5F88009D144C /* iOSTestTests.m */,
				CC40F6781E6E5F88009D144C /* Info.plist */,
			);
			path = iOSDemoTests;
			sourceTree = "<group>";
		};
		CC40F6801E6E5F88009D144C /* iOSDemoUITests */ = {
			isa = PBXGroup;
			children = (
				CC40F6811E6E5F88009D144C /* iOSTestUITests.m */,
				CC40F6831E6E5F88009D144C /* Info.plist */,
			);
			path = iOSDemoUITests;
			sourceTree = "<group>";
		};
		CC56C2F2204009BA00783A9F /* NSDate */ = {
			isa = PBXGroup;
			children = (
				CC56C2F3204009E800783A9F /* NSDate+dateTools.h */,
				CC56C2F4204009E800783A9F /* NSDate+dateTools.m */,
			);
			path = NSDate;
			sourceTree = "<group>";
		};
		CC56C2FC20410E4400783A9F /* Manager */ = {
			isa = PBXGroup;
			children = (
				CC56C30320411A5400783A9F /* QRCodeManager */,
			);
			path = Manager;
			sourceTree = "<group>";
		};
		CC56C30320411A5400783A9F /* QRCodeManager */ = {
			isa = PBXGroup;
			children = (
				CC56C30420411A5400783A9F /* WXQRCodeScanManager.h */,
				CC56C30520411A5400783A9F /* WXQRCodeScanManager.m */,
				CC56C307204160EF00783A9F /* WXQRCodeAlbumManager.h */,
				CC56C308204160EF00783A9F /* WXQRCodeAlbumManager.m */,
			);
			path = QRCodeManager;
			sourceTree = "<group>";
		};
		CC6A280F201598EF001D3A91 /* Framework */ = {
			isa = PBXGroup;
			children = (
				CC6A2810201598EF001D3A91 /* Masonry.framework */,
			);
			path = Framework;
			sourceTree = "<group>";
		};
		CC6EB22E2022B5400002BA14 /* ARModel */ = {
			isa = PBXGroup;
			children = (
				CC6EB2282021CE0B0002BA14 /* WXARText.h */,
				CC6EB2292021CE0B0002BA14 /* WXARText.m */,
				CC6EB22B2022B51E0002BA14 /* WXARTextNode.h */,
				CC6EB22C2022B51E0002BA14 /* WXARTextNode.m */,
			);
			path = ARModel;
			sourceTree = "<group>";
		};
		CC7108532032F9B500E09BC5 /* PushAndPop */ = {
			isa = PBXGroup;
			children = (
				C79DCCB420B7EA9300C13117 /* PushedPresented */,
				CC7108542032F9B500E09BC5 /* PushAndPopViewController.h */,
				CC7108552032F9B500E09BC5 /* PushAndPopViewController.m */,
				CC71085A2033111E00E09BC5 /* WXPresentTransition.h */,
				CC71085B2033111E00E09BC5 /* WXPresentTransition.m */,
				C79DCCB120B7E8BE00C13117 /* WXSystemPushAndPopTableViewController.h */,
				C79DCCB220B7E8BE00C13117 /* WXSystemPushAndPopTableViewController.m */,
			);
			path = PushAndPop;
			sourceTree = "<group>";
		};
		CC71D3B9203E64AC00CFDDEA /* SettingsViewController */ = {
			isa = PBXGroup;
			children = (
				CC71D3BA203E64DF00CFDDEA /* WXChangeIconViewController.h */,
				CC71D3BB203E64DF00CFDDEA /* WXChangeIconViewController.m */,
				CC34C955206C863500D00A52 /* WXFingerPrintViewController.h */,
				CC34C956206C863500D00A52 /* WXFingerPrintViewController.m */,
			);
			path = SettingsViewController;
			sourceTree = "<group>";
		};
		CC71D3BD203E697500CFDDEA /* MyIcon */ = {
			isa = PBXGroup;
			children = (
				CC71D3CA203E6B3900CFDDEA /* icon_demo@2x.png */,
				CC71D3CB203E6B3900CFDDEA /* icon_demo@3x.png */,
				CC71D3BF203E6AB400CFDDEA /* icon_ball@2x.png */,
				CC71D3C2203E6AB400CFDDEA /* icon_ball@3x.png */,
				CC71D3C3203E6AB400CFDDEA /* icon_blue@2x.png */,
				CC71D3C0203E6AB400CFDDEA /* icon_blue@3x.png */,
				CC71D3C1203E6AB400CFDDEA /* icon_red@2x.png */,
				CC71D3BE203E6AB400CFDDEA /* icon_red@3x.png */,
			);
			path = MyIcon;
			sourceTree = "<group>";
		};
		CCA8D59420103FF100B225B6 /* Tools */ = {
			isa = PBXGroup;
			children = (
				CCA8D5952010409200B225B6 /* WXVolumeButtonHandler.h */,
				CCA8D5962010409200B225B6 /* WXVolumeButtonHandler.m */,
				CCFB580D201B19580030BFF1 /* WXLocalLanguage.h */,
				CCFB580E201B19580030BFF1 /* WXLocalLanguage.m */,
			);
			path = Tools;
			sourceTree = "<group>";
		};
		CCAB7B332016DDE30077BAB8 /* Protocol */ = {
			isa = PBXGroup;
			children = (
			);
			path = Protocol;
			sourceTree = "<group>";
		};
		CCE7915320073DC90055C51D /* UIViewController */ = {
			isa = PBXGroup;
			children = (
				CC3D2EB12005FAA0009E87F6 /* UIViewController+GetViewController.h */,
				CC3D2EB22005FAA0009E87F6 /* UIViewController+GetViewController.m */,
				CC6EB22020215E050002BA14 /* UIViewController+Alert.h */,
				CC6EB22120215E050002BA14 /* UIViewController+Alert.m */,
			);
			path = UIViewController;
			sourceTree = "<group>";
		};
		CCE7915420073DDC0055C51D /* UIView */ = {
			isa = PBXGroup;
			children = (
				CC3D2EB42005FBAC009E87F6 /* UIView+Badge.h */,
				CC3D2EB52005FBAC009E87F6 /* UIView+Badge.m */,
				CCD7FC932057840C00AA35AF /* UIView+WXFrame.h */,
				CCD7FC942057840C00AA35AF /* UIView+WXFrame.m */,
				C72A2EEC20A2EAC600D7E7E8 /* UIView+ScreenShot.h */,
				C72A2EED20A2EAC600D7E7E8 /* UIView+ScreenShot.m */,
				C71AAA9420BBEA3B00DB7152 /* UIView+WXBadge.h */,
				C71AAA9520BBEA3B00DB7152 /* UIView+WXBadge.m */,
			);
			path = UIView;
			sourceTree = "<group>";
		};
		CCE7915520073DE80055C51D /* UIImage */ = {
			isa = PBXGroup;
			children = (
				CCE7915020073BDA0055C51D /* UIImage+Scale.h */,
				CCE7915120073BDA0055C51D /* UIImage+Scale.m */,
				CC095C87200F8C3E00B9B69C /* UIImage+FaceRecognizer.h */,
				CC095C88200F8C3E00B9B69C /* UIImage+FaceRecognizer.m */,
				CCFB58002019C25E0030BFF1 /* UIImage+Color.h */,
				CCFB58012019C25E0030BFF1 /* UIImage+Color.m */,
				C72D0F5E209B142A00D37FD0 /* UIImage+Convert.h */,
				C72D0F5F209B142A00D37FD0 /* UIImage+Convert.m */,
				C72D0F61209C125400D37FD0 /* UIImage+Convert.swift */,
				C723E11F2187F728004AF284 /* UIImage+PDFVector.h */,
				C723E1202187F728004AF284 /* UIImage+PDFVector.m */,
			);
			path = UIImage;
			sourceTree = "<group>";
		};
		CCFB57F02018862A0030BFF1 /* Storage */ = {
			isa = PBXGroup;
			children = (
				CCFB57F12018869F0030BFF1 /* WXUserDefaults.h */,
				CCFB57F22018869F0030BFF1 /* WXUserDefaults.m */,
				CCFB5807201ACC860030BFF1 /* WXStorageBaseModel.swift */,
				CCFB5809201B03720030BFF1 /* DiskStorage.swift */,
				CCFB580B201B04FF0030BFF1 /* AppConfiguration.swift */,
			);
			path = Storage;
			sourceTree = "<group>";
		};
		CCFB57FA201983880030BFF1 /* Resources */ = {
			isa = PBXGroup;
			children = (
				CC2EC35E20494715000750F8 /* Files */,
				CC40F6681E6E5F88009D144C /* Assets.xcassets */,
			);
			path = Resources;
			sourceTree = "<group>";
		};
/* End PBXGroup section */

/* Begin PBXNativeTarget section */
		CC40F6581E6E5F88009D144C /* iOSDemo */ = {
			isa = PBXNativeTarget;
			buildConfigurationList = CC40F6861E6E5F88009D144C /* Build configuration list for PBXNativeTarget "iOSDemo" */;
			buildPhases = (
				CC40F6551E6E5F88009D144C /* Sources */,
				CC40F6561E6E5F88009D144C /* Frameworks */,
				CC40F6571E6E5F88009D144C /* Resources */,
				CC6A216E1FE7ABB300B18D36 /* Embed Frameworks */,
			);
			buildRules = (
			);
			dependencies = (
			);
			name = iOSDemo;
			productName = iOSTest;
			productReference = CC40F6591E6E5F88009D144C /* iOSDemo.app */;
			productType = "com.apple.product-type.application";
		};
		CC40F6711E6E5F88009D144C /* iOSDemoTests */ = {
			isa = PBXNativeTarget;
			buildConfigurationList = CC40F6891E6E5F88009D144C /* Build configuration list for PBXNativeTarget "iOSDemoTests" */;
			buildPhases = (
				CC40F66E1E6E5F88009D144C /* Sources */,
				CC40F66F1E6E5F88009D144C /* Frameworks */,
				CC40F6701E6E5F88009D144C /* Resources */,
			);
			buildRules = (
			);
			dependencies = (
				CC40F6741E6E5F88009D144C /* PBXTargetDependency */,
			);
			name = iOSDemoTests;
			productName = iOSTestTests;
			productReference = CC40F6721E6E5F88009D144C /* iOSDemoTests.xctest */;
			productType = "com.apple.product-type.bundle.unit-test";
		};
		CC40F67C1E6E5F88009D144C /* iOSDemoUITests */ = {
			isa = PBXNativeTarget;
			buildConfigurationList = CC40F68C1E6E5F88009D144C /* Build configuration list for PBXNativeTarget "iOSDemoUITests" */;
			buildPhases = (
				CC40F6791E6E5F88009D144C /* Sources */,
				CC40F67A1E6E5F88009D144C /* Frameworks */,
				CC40F67B1E6E5F88009D144C /* Resources */,
			);
			buildRules = (
			);
			dependencies = (
				CC40F67F1E6E5F88009D144C /* PBXTargetDependency */,
			);
			name = iOSDemoUITests;
			productName = iOSTestUITests;
			productReference = CC40F67D1E6E5F88009D144C /* iOSDemoUITests.xctest */;
			productType = "com.apple.product-type.bundle.ui-testing";
		};
/* End PBXNativeTarget section */

/* Begin PBXProject section */
		CC40F6511E6E5F87009D144C /* Project object */ = {
			isa = PBXProject;
			attributes = {
				LastUpgradeCheck = 0820;
				ORGANIZATIONNAME = Wuxi;
				TargetAttributes = {
					CC40F6581E6E5F88009D144C = {
						CreatedOnToolsVersion = 8.2.1;
						DevelopmentTeam = KYFVDC483X;
						LastSwiftMigration = 0920;
						ProvisioningStyle = Automatic;
					};
					CC40F6711E6E5F88009D144C = {
						CreatedOnToolsVersion = 8.2.1;
						ProvisioningStyle = Automatic;
						TestTargetID = CC40F6581E6E5F88009D144C;
					};
					CC40F67C1E6E5F88009D144C = {
						CreatedOnToolsVersion = 8.2.1;
						ProvisioningStyle = Automatic;
						TestTargetID = CC40F6581E6E5F88009D144C;
					};
				};
			};
			buildConfigurationList = CC40F6541E6E5F87009D144C /* Build configuration list for PBXProject "iOSDemo" */;
			compatibilityVersion = "Xcode 3.2";
			developmentRegion = English;
			hasScannedForEncodings = 0;
			knownRegions = (
				en,
				Base,
			);
			mainGroup = CC40F6501E6E5F87009D144C;
			productRefGroup = CC40F65A1E6E5F88009D144C /* Products */;
			projectDirPath = "";
			projectRoot = "";
			targets = (
				CC40F6581E6E5F88009D144C /* iOSDemo */,
				CC40F6711E6E5F88009D144C /* iOSDemoTests */,
				CC40F67C1E6E5F88009D144C /* iOSDemoUITests */,
			);
		};
/* End PBXProject section */

/* Begin PBXResourcesBuildPhase section */
		CC40F6571E6E5F88009D144C /* Resources */ = {
			isa = PBXResourcesBuildPhase;
			buildActionMask = 2147483647;
			files = (
				CC71D3C5203E6AB400CFDDEA /* icon_ball@2x.png in Resources */,
				CC40F66C1E6E5F88009D144C /* LaunchScreen.storyboard in Resources */,
				CC71D3CC203E6B3900CFDDEA /* icon_demo@2x.png in Resources */,
				CC71D3C4203E6AB400CFDDEA /* icon_red@3x.png in Resources */,
				CC71D3C8203E6AB400CFDDEA /* icon_ball@3x.png in Resources */,
				CC40F6691E6E5F88009D144C /* Assets.xcassets in Resources */,
				CC1BCE47202C2851009A0BCF /* WXLocalizable.strings in Resources */,
				CC71D3C6203E6AB400CFDDEA /* icon_blue@3x.png in Resources */,
				CC71D3C9203E6AB400CFDDEA /* icon_blue@2x.png in Resources */,
				CC40F6671E6E5F88009D144C /* Main.storyboard in Resources */,
				C79FC2E020E2353300D21B69 /* testLocalWebview.html in Resources */,
				CC2EC36020494715000750F8 /* sound.caf in Resources */,
				CC71D3C7203E6AB400CFDDEA /* icon_red@2x.png in Resources */,
				CC71D3CD203E6B3900CFDDEA /* icon_demo@3x.png in Resources */,
			);
			runOnlyForDeploymentPostprocessing = 0;
		};
		CC40F6701E6E5F88009D144C /* Resources */ = {
			isa = PBXResourcesBuildPhase;
			buildActionMask = 2147483647;
			files = (
			);
			runOnlyForDeploymentPostprocessing = 0;
		};
		CC40F67B1E6E5F88009D144C /* Resources */ = {
			isa = PBXResourcesBuildPhase;
			buildActionMask = 2147483647;
			files = (
			);
			runOnlyForDeploymentPostprocessing = 0;
		};
/* End PBXResourcesBuildPhase section */

/* Begin PBXSourcesBuildPhase section */
		CC40F6551E6E5F88009D144C /* Sources */ = {
			isa = PBXSourcesBuildPhase;
			buildActionMask = 2147483647;
			files = (
				CC7108592033092E00E09BC5 /* WXSecondPresentedViewController.m in Sources */,
				C79DCCB320B7E8BE00C13117 /* WXSystemPushAndPopTableViewController.m in Sources */,
				CC095C8D200F8FE600B9B69C /* UIImageView+FaceCenter.m in Sources */,
				CC2BF30520085B02009F1D9E /* WXDemoViewController.m in Sources */,
				CC3D2EB62005FBAC009E87F6 /* UIView+Badge.m in Sources */,
				CCFB5808201ACC860030BFF1 /* WXStorageBaseModel.swift in Sources */,
				CC0FFC8E206F372800179FC1 /* main.m in Sources */,
				C72A2EF220A3E7F700D7E7E8 /* CAMediaTimingFunction+WXAddition.m in Sources */,
				C72A2F0A20A4252100D7E7E8 /* UIApplication+Size.m in Sources */,
				CC6EB22D2022B51E0002BA14 /* WXARTextNode.m in Sources */,
				CC71D3D0203E763D00CFDDEA /* WXIconCollectionViewCell.m in Sources */,
				CCFB580F201B19580030BFF1 /* WXLocalLanguage.m in Sources */,
				CC56C2F820401A8700783A9F /* WXQRCodeViewController.m in Sources */,
				CC7108562032F9B500E09BC5 /* PushAndPopViewController.m in Sources */,
				CC0FFC86206F2BDA00179FC1 /* WXCoreMLViewController.m in Sources */,
				CCA8D5972010409200B225B6 /* WXVolumeButtonHandler.m in Sources */,
				CC56C30620411A5400783A9F /* WXQRCodeScanManager.m in Sources */,
				CCFB58022019C25E0030BFF1 /* UIImage+Color.m in Sources */,
				CC34C957206C863500D00A52 /* WXFingerPrintViewController.m in Sources */,
				CC1BCE5C202C2D90009A0BCF /* WXInitTabBarViewController.m in Sources */,
				CCFB57FF2019B9D20030BFF1 /* WXRotateImageViewController.m in Sources */,
				CC40F6641E6E5F88009D144C /* ViewController.m in Sources */,
				C72A2F0E20A42DCC00D7E7E8 /* UIColor+HEX.m in Sources */,
				C779D7A420AC170A0083EE35 /* WXCenterViewController.m in Sources */,
				CC2BF30D20088D73009F1D9E /* WXSerialOperation.m in Sources */,
				CCAD93F6202D3E5E00414E47 /* WXBaseNavigationViewController.m in Sources */,
				CC71085C2033111E00E09BC5 /* WXPresentTransition.m in Sources */,
				C779D7A120AC0DE60083EE35 /* WXTabbar.m in Sources */,
				C72D0F62209C125400D37FD0 /* UIImage+Convert.swift in Sources */,
				C72A2EA720A1416C00D7E7E8 /* NSString+Regex.m in Sources */,
				CC2BF31020089037009F1D9E /* WXConcurrentOperation.m in Sources */,
				CC3D2EAA2005F1C3009E87F6 /* SemaphoreViewController.m in Sources */,
				CC6EB22A2021CE0B0002BA14 /* WXARText.m in Sources */,
				CC2EC367204D3A73000750F8 /* WXBezierViewController.m in Sources */,
				CC095C89200F8C3E00B9B69C /* UIImage+FaceRecognizer.m in Sources */,
				CC2BF3012008528B009F1D9E /* OperationViewController.m in Sources */,
				CC40F6611E6E5F88009D144C /* AppDelegate.m in Sources */,
				CCE7915220073BDA0055C51D /* UIImage+Scale.m in Sources */,
				CCD7FC952057840C00AA35AF /* UIView+WXFrame.m in Sources */,
				CCFB580C201B04FF0030BFF1 /* AppConfiguration.swift in Sources */,
				C71AAA9620BBEA3B00DB7152 /* UIView+WXBadge.m in Sources */,
				CC71D3BC203E64DF00CFDDEA /* WXChangeIconViewController.m in Sources */,
				CC1BCE58202C2D68009A0BCF /* WXSettingsViewController.m in Sources */,
				CCFB57F32018869F0030BFF1 /* WXUserDefaults.m in Sources */,
				CC56C309204160EF00783A9F /* WXQRCodeAlbumManager.m in Sources */,
				CC8BB951207C8FAD00CAD849 /* WXBlurNavigationBar.swift in Sources */,
				CCFB580A201B03720030BFF1 /* DiskStorage.swift in Sources */,
				C72A2EE420A1A13600D7E7E8 /* NSString+Encryption.m in Sources */,
				C72D0F60209B142A00D37FD0 /* UIImage+Convert.m in Sources */,
				C72A2EEB20A2D1C500D7E7E8 /* UIButton+CountDown.m in Sources */,
				CC6EB225202162250002BA14 /* WXARTextViewController.m in Sources */,
				C72A2EEE20A2EAC600D7E7E8 /* UIView+ScreenShot.m in Sources */,
				CC3D2EB32005FAA0009E87F6 /* UIViewController+GetViewController.m in Sources */,
				CC0FFC92206F3E4E00179FC1 /* GoogLeNetPlaces.mlmodel in Sources */,
				CC6A216A1FE7A39D00B18D36 /* SwipHintView.swift in Sources */,
				C723E1212187F728004AF284 /* UIImage+PDFVector.m in Sources */,
				C75175E520B3FDE000B89EE5 /* WXLockViewController.m in Sources */,
				CC1BCE4E202C2A6E009A0BCF /* WXConsoleViewController.m in Sources */,
				CC72CD621F8F163500CADF32 /* TimerViewController.m in Sources */,
				C79DCCB720B7EBC300C13117 /* WXSecondPushedViewController.m in Sources */,
				CC6A280E201593A8001D3A91 /* WXCoderViewController.m in Sources */,
				CC6A280B20158EB8001D3A91 /* WXUserInfoModel.m in Sources */,
				CCE7915720074B710055C51D /* ClosureInitScrollView.swift in Sources */,
				C7579DBD20CA743E00B71380 /* UIScrollView+Snapshot.m in Sources */,
				CC56C2F5204009E800783A9F /* NSDate+dateTools.m in Sources */,
				CC6EB22220215E050002BA14 /* UIViewController+Alert.m in Sources */,
			);
			runOnlyForDeploymentPostprocessing = 0;
		};
		CC40F66E1E6E5F88009D144C /* Sources */ = {
			isa = PBXSourcesBuildPhase;
			buildActionMask = 2147483647;
			files = (
				CC40F6771E6E5F88009D144C /* iOSTestTests.m in Sources */,
			);
			runOnlyForDeploymentPostprocessing = 0;
		};
		CC40F6791E6E5F88009D144C /* Sources */ = {
			isa = PBXSourcesBuildPhase;
			buildActionMask = 2147483647;
			files = (
				CC40F6821E6E5F88009D144C /* iOSTestUITests.m in Sources */,
			);
			runOnlyForDeploymentPostprocessing = 0;
		};
/* End PBXSourcesBuildPhase section */

/* Begin PBXTargetDependency section */
		CC40F6741E6E5F88009D144C /* PBXTargetDependency */ = {
			isa = PBXTargetDependency;
			target = CC40F6581E6E5F88009D144C /* iOSDemo */;
			targetProxy = CC40F6731E6E5F88009D144C /* PBXContainerItemProxy */;
		};
		CC40F67F1E6E5F88009D144C /* PBXTargetDependency */ = {
			isa = PBXTargetDependency;
			target = CC40F6581E6E5F88009D144C /* iOSDemo */;
			targetProxy = CC40F67E1E6E5F88009D144C /* PBXContainerItemProxy */;
		};
/* End PBXTargetDependency section */

/* Begin PBXVariantGroup section */
		CC1BCE49202C2851009A0BCF /* WXLocalizable.strings */ = {
			isa = PBXVariantGroup;
			children = (
				CC1BCE48202C2851009A0BCF /* zh-Hans */,
				CC1BCE4A202C2855009A0BCF /* en */,
			);
			name = WXLocalizable.strings;
			sourceTree = "<group>";
		};
		CC40F6651E6E5F88009D144C /* Main.storyboard */ = {
			isa = PBXVariantGroup;
			children = (
				CC40F6661E6E5F88009D144C /* Base */,
				CC1BCE43202C257F009A0BCF /* zh-Hans */,
				CC1BCE53202C2C99009A0BCF /* en */,
			);
			name = Main.storyboard;
			sourceTree = "<group>";
		};
		CC40F66A1E6E5F88009D144C /* LaunchScreen.storyboard */ = {
			isa = PBXVariantGroup;
			children = (
				CC40F66B1E6E5F88009D144C /* Base */,
				CC1BCE44202C257F009A0BCF /* zh-Hans */,
				CC1BCE55202C2CA0009A0BCF /* en */,
			);
			name = LaunchScreen.storyboard;
			sourceTree = "<group>";
		};
/* End PBXVariantGroup section */

/* Begin XCBuildConfiguration section */
		C79FC2ED20E493D100D21B69 /* PreRelease */ = {
			isa = XCBuildConfiguration;
			baseConfigurationReference = C79FC2EC20E493CB00D21B69 /* PreRelease.xcconfig */;
			buildSettings = {
				ALWAYS_SEARCH_USER_PATHS = NO;
				CLANG_ANALYZER_LOCALIZABILITY_NONLOCALIZED = YES;
				CLANG_ANALYZER_NONNULL = YES;
				CLANG_CXX_LANGUAGE_STANDARD = "gnu++0x";
				CLANG_CXX_LIBRARY = "libc++";
				CLANG_ENABLE_MODULES = YES;
				CLANG_ENABLE_OBJC_ARC = YES;
				CLANG_WARN_BOOL_CONVERSION = YES;
				CLANG_WARN_CONSTANT_CONVERSION = YES;
				CLANG_WARN_DIRECT_OBJC_ISA_USAGE = YES_ERROR;
				CLANG_WARN_DOCUMENTATION_COMMENTS = YES;
				CLANG_WARN_EMPTY_BODY = YES;
				CLANG_WARN_ENUM_CONVERSION = YES;
				CLANG_WARN_INFINITE_RECURSION = YES;
				CLANG_WARN_INT_CONVERSION = YES;
				CLANG_WARN_OBJC_ROOT_CLASS = YES_ERROR;
				CLANG_WARN_SUSPICIOUS_MOVE = YES;
				CLANG_WARN_UNREACHABLE_CODE = YES;
				CLANG_WARN__DUPLICATE_METHOD_MATCH = YES;
				"CODE_SIGN_IDENTITY[sdk=iphoneos*]" = "iPhone Developer";
				COPY_PHASE_STRIP = NO;
				DEBUG_INFORMATION_FORMAT = "dwarf-with-dsym";
				ENABLE_NS_ASSERTIONS = NO;
				ENABLE_STRICT_OBJC_MSGSEND = YES;
				GCC_C_LANGUAGE_STANDARD = gnu99;
				GCC_NO_COMMON_BLOCKS = YES;
				GCC_WARN_64_TO_32_BIT_CONVERSION = YES;
				GCC_WARN_ABOUT_RETURN_TYPE = YES_ERROR;
				GCC_WARN_UNDECLARED_SELECTOR = YES;
				GCC_WARN_UNINITIALIZED_AUTOS = YES_AGGRESSIVE;
				GCC_WARN_UNUSED_FUNCTION = YES;
				GCC_WARN_UNUSED_VARIABLE = YES;
				IPHONEOS_DEPLOYMENT_TARGET = 10.2;
				MTL_ENABLE_DEBUG_INFO = NO;
				SDKROOT = iphoneos;
				TARGETED_DEVICE_FAMILY = "1,2";
				VALIDATE_PRODUCT = YES;
			};
			name = PreRelease;
		};
		C79FC2EE20E493D100D21B69 /* PreRelease */ = {
			isa = XCBuildConfiguration;
			baseConfigurationReference = C79FC2EC20E493CB00D21B69 /* PreRelease.xcconfig */;
			buildSettings = {
				ASSETCATALOG_COMPILER_APPICON_NAME = AppIcon;
				CLANG_ALLOW_NON_MODULAR_INCLUDES_IN_FRAMEWORK_MODULES = YES;
				CLANG_ENABLE_MODULES = YES;
				"CODE_SIGN_IDENTITY[sdk=iphoneos*]" = "iPhone Developer";
				DEVELOPMENT_TEAM = KYFVDC483X;
				FRAMEWORK_SEARCH_PATHS = (
					"$(inherited)",
					"$(PROJECT_DIR)",
					"$(PROJECT_DIR)/Carthage/Build/iOS",
					"$(PROJECT_DIR)/Carthage/Checkouts/SnapKit/Carthage/Build/iOS",
					"$(PROJECT_DIR)/Carthage/Checkouts/SnapKit/Carthage/Build/Mac",
					"$(PROJECT_DIR)/Carthage/Checkouts/SnapKit/Carthage/Build/tvOS",
					"$(PROJECT_DIR)/Carthage/Build/Mac",
					"$(PROJECT_DIR)/Carthage/Build/tvOS",
					"$(PROJECT_DIR)/Framework",
				);
				GCC_PREFIX_HEADER = "$(SRCROOT)/iOSDemo/Supporting Files/iOSDemo-Prefix.pch";
				GCC_PREPROCESSOR_DEFINITIONS = "";
				HEADER_SEARCH_PATHS = "";
				INFOPLIST_FILE = "iOSDemo/Supporting Files/Info.plist";
				IPHONEOS_DEPLOYMENT_TARGET = 11.0;
				LD_RUNPATH_SEARCH_PATHS = "$(inherited) @executable_path/Frameworks";
				OTHER_LDFLAGS = "";
				PRODUCT_BUNDLE_IDENTIFIER = com.sivan.iOSDemo;
				PRODUCT_NAME = "$(TARGET_NAME)";
				PROVISIONING_PROFILE_SPECIFIER = "";
				SWIFT_OBJC_BRIDGING_HEADER = "iOSDemo/Supporting Files/iOSDemo-Bridging-Header.h";
				SWIFT_VERSION = 3.0;
				TARGETED_DEVICE_FAMILY = "1,2";
				USER_HEADER_SEARCH_PATHS = "";
			};
			name = PreRelease;
		};
		C79FC2EF20E493D100D21B69 /* PreRelease */ = {
			isa = XCBuildConfiguration;
			buildSettings = {
				ALWAYS_EMBED_SWIFT_STANDARD_LIBRARIES = YES;
				BUNDLE_LOADER = "$(TEST_HOST)";
				INFOPLIST_FILE = iOSDemoTests/Info.plist;
				LD_RUNPATH_SEARCH_PATHS = "$(inherited) @executable_path/Frameworks @loader_path/Frameworks";
				PRODUCT_BUNDLE_IDENTIFIER = sivan.com.iOSDemoTests;
				PRODUCT_NAME = "$(TARGET_NAME)";
				TEST_HOST = "$(BUILT_PRODUCTS_DIR)/iOSDemo.app/iOSDemo";
			};
			name = PreRelease;
		};
		C79FC2F020E493D100D21B69 /* PreRelease */ = {
			isa = XCBuildConfiguration;
			buildSettings = {
				ALWAYS_EMBED_SWIFT_STANDARD_LIBRARIES = YES;
				INFOPLIST_FILE = iOSDemoUITests/Info.plist;
				LD_RUNPATH_SEARCH_PATHS = "$(inherited) @executable_path/Frameworks @loader_path/Frameworks";
				PRODUCT_BUNDLE_IDENTIFIER = sivan.com.iOSDemoUITests;
				PRODUCT_NAME = "$(TARGET_NAME)";
				TEST_TARGET_NAME = iOSDemo;
			};
			name = PreRelease;
		};
		CC40F6841E6E5F88009D144C /* Debug */ = {
			isa = XCBuildConfiguration;
			baseConfigurationReference = C79FC2E620E491A900D21B69 /* Debug.xcconfig */;
			buildSettings = {
				ALWAYS_SEARCH_USER_PATHS = NO;
				CLANG_ANALYZER_LOCALIZABILITY_NONLOCALIZED = YES;
				CLANG_ANALYZER_NONNULL = YES;
				CLANG_CXX_LANGUAGE_STANDARD = "gnu++0x";
				CLANG_CXX_LIBRARY = "libc++";
				CLANG_ENABLE_MODULES = YES;
				CLANG_ENABLE_OBJC_ARC = YES;
				CLANG_WARN_BOOL_CONVERSION = YES;
				CLANG_WARN_CONSTANT_CONVERSION = YES;
				CLANG_WARN_DIRECT_OBJC_ISA_USAGE = YES_ERROR;
				CLANG_WARN_DOCUMENTATION_COMMENTS = YES;
				CLANG_WARN_EMPTY_BODY = YES;
				CLANG_WARN_ENUM_CONVERSION = YES;
				CLANG_WARN_INFINITE_RECURSION = YES;
				CLANG_WARN_INT_CONVERSION = YES;
				CLANG_WARN_OBJC_ROOT_CLASS = YES_ERROR;
				CLANG_WARN_SUSPICIOUS_MOVE = YES;
				CLANG_WARN_UNREACHABLE_CODE = YES;
				CLANG_WARN__DUPLICATE_METHOD_MATCH = YES;
				"CODE_SIGN_IDENTITY[sdk=iphoneos*]" = "iPhone Developer";
				COPY_PHASE_STRIP = NO;
				DEBUG_INFORMATION_FORMAT = dwarf;
				ENABLE_STRICT_OBJC_MSGSEND = YES;
				ENABLE_TESTABILITY = YES;
				GCC_C_LANGUAGE_STANDARD = gnu99;
				GCC_DYNAMIC_NO_PIC = NO;
				GCC_NO_COMMON_BLOCKS = YES;
				GCC_OPTIMIZATION_LEVEL = 0;
				GCC_PREPROCESSOR_DEFINITIONS = (
					"DEBUG=1",
					"$(inherited)",
				);
				GCC_WARN_64_TO_32_BIT_CONVERSION = YES;
				GCC_WARN_ABOUT_RETURN_TYPE = YES_ERROR;
				GCC_WARN_UNDECLARED_SELECTOR = YES;
				GCC_WARN_UNINITIALIZED_AUTOS = YES_AGGRESSIVE;
				GCC_WARN_UNUSED_FUNCTION = YES;
				GCC_WARN_UNUSED_VARIABLE = YES;
				IPHONEOS_DEPLOYMENT_TARGET = 10.2;
				MTL_ENABLE_DEBUG_INFO = YES;
				ONLY_ACTIVE_ARCH = YES;
				SDKROOT = iphoneos;
				TARGETED_DEVICE_FAMILY = "1,2";
			};
			name = Debug;
		};
		CC40F6851E6E5F88009D144C /* Release */ = {
			isa = XCBuildConfiguration;
			baseConfigurationReference = C79FC2E720E491B200D21B69 /* Release.xcconfig */;
			buildSettings = {
				ALWAYS_SEARCH_USER_PATHS = NO;
				CLANG_ANALYZER_LOCALIZABILITY_NONLOCALIZED = YES;
				CLANG_ANALYZER_NONNULL = YES;
				CLANG_CXX_LANGUAGE_STANDARD = "gnu++0x";
				CLANG_CXX_LIBRARY = "libc++";
				CLANG_ENABLE_MODULES = YES;
				CLANG_ENABLE_OBJC_ARC = YES;
				CLANG_WARN_BOOL_CONVERSION = YES;
				CLANG_WARN_CONSTANT_CONVERSION = YES;
				CLANG_WARN_DIRECT_OBJC_ISA_USAGE = YES_ERROR;
				CLANG_WARN_DOCUMENTATION_COMMENTS = YES;
				CLANG_WARN_EMPTY_BODY = YES;
				CLANG_WARN_ENUM_CONVERSION = YES;
				CLANG_WARN_INFINITE_RECURSION = YES;
				CLANG_WARN_INT_CONVERSION = YES;
				CLANG_WARN_OBJC_ROOT_CLASS = YES_ERROR;
				CLANG_WARN_SUSPICIOUS_MOVE = YES;
				CLANG_WARN_UNREACHABLE_CODE = YES;
				CLANG_WARN__DUPLICATE_METHOD_MATCH = YES;
				"CODE_SIGN_IDENTITY[sdk=iphoneos*]" = "iPhone Developer";
				COPY_PHASE_STRIP = NO;
				DEBUG_INFORMATION_FORMAT = "dwarf-with-dsym";
				ENABLE_NS_ASSERTIONS = NO;
				ENABLE_STRICT_OBJC_MSGSEND = YES;
				GCC_C_LANGUAGE_STANDARD = gnu99;
				GCC_NO_COMMON_BLOCKS = YES;
				GCC_WARN_64_TO_32_BIT_CONVERSION = YES;
				GCC_WARN_ABOUT_RETURN_TYPE = YES_ERROR;
				GCC_WARN_UNDECLARED_SELECTOR = YES;
				GCC_WARN_UNINITIALIZED_AUTOS = YES_AGGRESSIVE;
				GCC_WARN_UNUSED_FUNCTION = YES;
				GCC_WARN_UNUSED_VARIABLE = YES;
				IPHONEOS_DEPLOYMENT_TARGET = 10.2;
				MTL_ENABLE_DEBUG_INFO = NO;
				SDKROOT = iphoneos;
				TARGETED_DEVICE_FAMILY = "1,2";
				VALIDATE_PRODUCT = YES;
			};
			name = Release;
		};
		CC40F6871E6E5F88009D144C /* Debug */ = {
			isa = XCBuildConfiguration;
			baseConfigurationReference = C79FC2E620E491A900D21B69 /* Debug.xcconfig */;
			buildSettings = {
				ASSETCATALOG_COMPILER_APPICON_NAME = AppIcon;
				CLANG_ALLOW_NON_MODULAR_INCLUDES_IN_FRAMEWORK_MODULES = YES;
				CLANG_ENABLE_MODULES = YES;
				"CODE_SIGN_IDENTITY[sdk=iphoneos*]" = "iPhone Developer";
				DEVELOPMENT_TEAM = KYFVDC483X;
				FRAMEWORK_SEARCH_PATHS = (
					"$(inherited)",
					"$(PROJECT_DIR)",
					"$(PROJECT_DIR)/Carthage/Build/iOS",
					"$(PROJECT_DIR)/Carthage/Checkouts/SnapKit/Carthage/Build/iOS",
					"$(PROJECT_DIR)/Carthage/Checkouts/SnapKit/Carthage/Build/Mac",
					"$(PROJECT_DIR)/Carthage/Checkouts/SnapKit/Carthage/Build/tvOS",
					"$(PROJECT_DIR)/Carthage/Build/Mac",
					"$(PROJECT_DIR)/Carthage/Build/tvOS",
					"$(PROJECT_DIR)/Framework",
				);
				GCC_PREFIX_HEADER = "$(SRCROOT)/iOSDemo/Supporting Files/iOSDemo-Prefix.pch";
				GCC_PREPROCESSOR_DEFINITIONS = "DEBUG=1 ";
				HEADER_SEARCH_PATHS = "";
				INFOPLIST_FILE = "iOSDemo/Supporting Files/Info.plist";
				IPHONEOS_DEPLOYMENT_TARGET = 11.0;
				LD_RUNPATH_SEARCH_PATHS = "$(inherited) @executable_path/Frameworks";
				OTHER_LDFLAGS = "";
				PRODUCT_BUNDLE_IDENTIFIER = com.sivan.iOSDemo;
				PRODUCT_NAME = "$(TARGET_NAME)";
				PROVISIONING_PROFILE_SPECIFIER = "";
				SWIFT_OBJC_BRIDGING_HEADER = "iOSDemo/Supporting Files/iOSDemo-Bridging-Header.h";
				SWIFT_OPTIMIZATION_LEVEL = "-Onone";
				SWIFT_VERSION = 3.0;
				TARGETED_DEVICE_FAMILY = "1,2";
				USER_HEADER_SEARCH_PATHS = "";
			};
			name = Debug;
		};
		CC40F6881E6E5F88009D144C /* Release */ = {
			isa = XCBuildConfiguration;
			baseConfigurationReference = C79FC2E720E491B200D21B69 /* Release.xcconfig */;
			buildSettings = {
				ASSETCATALOG_COMPILER_APPICON_NAME = AppIcon;
				CLANG_ALLOW_NON_MODULAR_INCLUDES_IN_FRAMEWORK_MODULES = YES;
				CLANG_ENABLE_MODULES = YES;
				"CODE_SIGN_IDENTITY[sdk=iphoneos*]" = "iPhone Developer";
				DEVELOPMENT_TEAM = KYFVDC483X;
				FRAMEWORK_SEARCH_PATHS = (
					"$(inherited)",
					"$(PROJECT_DIR)",
					"$(PROJECT_DIR)/Carthage/Build/iOS",
					"$(PROJECT_DIR)/Carthage/Checkouts/SnapKit/Carthage/Build/iOS",
					"$(PROJECT_DIR)/Carthage/Checkouts/SnapKit/Carthage/Build/Mac",
					"$(PROJECT_DIR)/Carthage/Checkouts/SnapKit/Carthage/Build/tvOS",
					"$(PROJECT_DIR)/Carthage/Build/Mac",
					"$(PROJECT_DIR)/Carthage/Build/tvOS",
					"$(PROJECT_DIR)/Framework",
				);
				GCC_PREFIX_HEADER = "$(SRCROOT)/iOSDemo/Supporting Files/iOSDemo-Prefix.pch";
				GCC_PREPROCESSOR_DEFINITIONS = "";
				HEADER_SEARCH_PATHS = "";
				INFOPLIST_FILE = "iOSDemo/Supporting Files/Info.plist";
				IPHONEOS_DEPLOYMENT_TARGET = 11.0;
				LD_RUNPATH_SEARCH_PATHS = "$(inherited) @executable_path/Frameworks";
				OTHER_LDFLAGS = "";
				PRODUCT_BUNDLE_IDENTIFIER = com.sivan.iOSDemo;
				PRODUCT_NAME = "$(TARGET_NAME)";
				PROVISIONING_PROFILE_SPECIFIER = "";
				SWIFT_OBJC_BRIDGING_HEADER = "iOSDemo/Supporting Files/iOSDemo-Bridging-Header.h";
				SWIFT_VERSION = 3.0;
				TARGETED_DEVICE_FAMILY = "1,2";
				USER_HEADER_SEARCH_PATHS = "";
			};
			name = Release;
		};
		CC40F68A1E6E5F88009D144C /* Debug */ = {
			isa = XCBuildConfiguration;
			buildSettings = {
				ALWAYS_EMBED_SWIFT_STANDARD_LIBRARIES = YES;
				BUNDLE_LOADER = "$(TEST_HOST)";
				INFOPLIST_FILE = iOSDemoTests/Info.plist;
				LD_RUNPATH_SEARCH_PATHS = "$(inherited) @executable_path/Frameworks @loader_path/Frameworks";
				PRODUCT_BUNDLE_IDENTIFIER = sivan.com.iOSDemoTests;
				PRODUCT_NAME = "$(TARGET_NAME)";
				TEST_HOST = "$(BUILT_PRODUCTS_DIR)/iOSDemo.app/iOSDemo";
			};
			name = Debug;
		};
		CC40F68B1E6E5F88009D144C /* Release */ = {
			isa = XCBuildConfiguration;
			buildSettings = {
				ALWAYS_EMBED_SWIFT_STANDARD_LIBRARIES = YES;
				BUNDLE_LOADER = "$(TEST_HOST)";
				INFOPLIST_FILE = iOSDemoTests/Info.plist;
				LD_RUNPATH_SEARCH_PATHS = "$(inherited) @executable_path/Frameworks @loader_path/Frameworks";
				PRODUCT_BUNDLE_IDENTIFIER = sivan.com.iOSDemoTests;
				PRODUCT_NAME = "$(TARGET_NAME)";
				TEST_HOST = "$(BUILT_PRODUCTS_DIR)/iOSDemo.app/iOSDemo";
			};
			name = Release;
		};
		CC40F68D1E6E5F88009D144C /* Debug */ = {
			isa = XCBuildConfiguration;
			buildSettings = {
				ALWAYS_EMBED_SWIFT_STANDARD_LIBRARIES = YES;
				INFOPLIST_FILE = iOSDemoUITests/Info.plist;
				LD_RUNPATH_SEARCH_PATHS = "$(inherited) @executable_path/Frameworks @loader_path/Frameworks";
				PRODUCT_BUNDLE_IDENTIFIER = sivan.com.iOSDemoUITests;
				PRODUCT_NAME = "$(TARGET_NAME)";
				TEST_TARGET_NAME = iOSDemo;
			};
			name = Debug;
		};
		CC40F68E1E6E5F88009D144C /* Release */ = {
			isa = XCBuildConfiguration;
			buildSettings = {
				ALWAYS_EMBED_SWIFT_STANDARD_LIBRARIES = YES;
				INFOPLIST_FILE = iOSDemoUITests/Info.plist;
				LD_RUNPATH_SEARCH_PATHS = "$(inherited) @executable_path/Frameworks @loader_path/Frameworks";
				PRODUCT_BUNDLE_IDENTIFIER = sivan.com.iOSDemoUITests;
				PRODUCT_NAME = "$(TARGET_NAME)";
				TEST_TARGET_NAME = iOSDemo;
			};
			name = Release;
		};
/* End XCBuildConfiguration section */

/* Begin XCConfigurationList section */
		CC40F6541E6E5F87009D144C /* Build configuration list for PBXProject "iOSDemo" */ = {
			isa = XCConfigurationList;
			buildConfigurations = (
				CC40F6841E6E5F88009D144C /* Debug */,
				CC40F6851E6E5F88009D144C /* Release */,
				C79FC2ED20E493D100D21B69 /* PreRelease */,
			);
			defaultConfigurationIsVisible = 0;
			defaultConfigurationName = Release;
		};
		CC40F6861E6E5F88009D144C /* Build configuration list for PBXNativeTarget "iOSDemo" */ = {
			isa = XCConfigurationList;
			buildConfigurations = (
				CC40F6871E6E5F88009D144C /* Debug */,
				CC40F6881E6E5F88009D144C /* Release */,
				C79FC2EE20E493D100D21B69 /* PreRelease */,
			);
			defaultConfigurationIsVisible = 0;
			defaultConfigurationName = Release;
		};
		CC40F6891E6E5F88009D144C /* Build configuration list for PBXNativeTarget "iOSDemoTests" */ = {
			isa = XCConfigurationList;
			buildConfigurations = (
				CC40F68A1E6E5F88009D144C /* Debug */,
				CC40F68B1E6E5F88009D144C /* Release */,
				C79FC2EF20E493D100D21B69 /* PreRelease */,
			);
			defaultConfigurationIsVisible = 0;
			defaultConfigurationName = Release;
		};
		CC40F68C1E6E5F88009D144C /* Build configuration list for PBXNativeTarget "iOSDemoUITests" */ = {
			isa = XCConfigurationList;
			buildConfigurations = (
				CC40F68D1E6E5F88009D144C /* Debug */,
				CC40F68E1E6E5F88009D144C /* Release */,
				C79FC2F020E493D100D21B69 /* PreRelease */,
			);
			defaultConfigurationIsVisible = 0;
			defaultConfigurationName = Release;
		};
/* End XCConfigurationList section */
	};
	rootObject = CC40F6511E6E5F87009D144C /* Project object */;
}
