// !$*UTF8*$!
{
	archiveVersion = 1;
	classes = {
	};
	objectVersion = 46;
	objects = {

/* Begin PBXBuildFile section */
		CC095C89200F8C3E00B9B69C /* UIImage+FaceRecognizer.m in Sources */ = {isa = PBXBuildFile; fileRef = CC095C88200F8C3E00B9B69C /* UIImage+FaceRecognizer.m */; };
		CC095C8D200F8FE600B9B69C /* UIImageView+FaceCenter.m in Sources */ = {isa = PBXBuildFile; fileRef = CC095C8C200F8FE600B9B69C /* UIImageView+FaceCenter.m */; };
		CC095C90201DA33F00B9B69C /* SnapKit.framework in Frameworks */ = {isa = PBXBuildFile; fileRef = CC095C8F201DA33F00B9B69C /* SnapKit.framework */; };
		CC095C92201DA34700B9B69C /* YYKit.framework in Frameworks */ = {isa = PBXBuildFile; fileRef = CC095C91201DA34700B9B69C /* YYKit.framework */; };
		CC095C93201DB07100B9B69C /* YYKit.framework in Embed Frameworks */ = {isa = PBXBuildFile; fileRef = CC095C91201DA34700B9B69C /* YYKit.framework */; settings = {ATTRIBUTES = (CodeSignOnCopy, RemoveHeadersOnCopy, ); }; };
		CC095C94201DB07100B9B69C /* SnapKit.framework in Embed Frameworks */ = {isa = PBXBuildFile; fileRef = CC095C8F201DA33F00B9B69C /* SnapKit.framework */; settings = {ATTRIBUTES = (CodeSignOnCopy, RemoveHeadersOnCopy, ); }; };
		CC1BCE47202C2851009A0BCF /* WXLocalizable.strings in Resources */ = {isa = PBXBuildFile; fileRef = CC1BCE49202C2851009A0BCF /* WXLocalizable.strings */; };
		CC1BCE4E202C2A6E009A0BCF /* WXConsoleViewController.m in Sources */ = {isa = PBXBuildFile; fileRef = CC1BCE4D202C2A6E009A0BCF /* WXConsoleViewController.m */; };
		CC1BCE58202C2D68009A0BCF /* WXSettingsViewController.m in Sources */ = {isa = PBXBuildFile; fileRef = CC1BCE57202C2D68009A0BCF /* WXSettingsViewController.m */; };
		CC1BCE5C202C2D90009A0BCF /* WXInitTabBarViewController.m in Sources */ = {isa = PBXBuildFile; fileRef = CC1BCE5B202C2D90009A0BCF /* WXInitTabBarViewController.m */; };
		CC2BF3012008528B009F1D9E /* OperationViewController.m in Sources */ = {isa = PBXBuildFile; fileRef = CC2BF3002008528B009F1D9E /* OperationViewController.m */; };
		CC2BF30520085B02009F1D9E /* WXDemoViewController.m in Sources */ = {isa = PBXBuildFile; fileRef = CC2BF30420085B02009F1D9E /* WXDemoViewController.m */; };
		CC2BF30D20088D73009F1D9E /* WXSerialOperation.m in Sources */ = {isa = PBXBuildFile; fileRef = CC2BF30C20088D73009F1D9E /* WXSerialOperation.m */; };
		CC2BF31020089037009F1D9E /* WXConcurrentOperation.m in Sources */ = {isa = PBXBuildFile; fileRef = CC2BF30F20089037009F1D9E /* WXConcurrentOperation.m */; };
		CC3D2EAA2005F1C3009E87F6 /* SemaphoreViewController.m in Sources */ = {isa = PBXBuildFile; fileRef = CC3D2EA92005F1C3009E87F6 /* SemaphoreViewController.m */; };
		CC3D2EB32005FAA0009E87F6 /* UIViewController+GetViewController.m in Sources */ = {isa = PBXBuildFile; fileRef = CC3D2EB22005FAA0009E87F6 /* UIViewController+GetViewController.m */; };
		CC3D2EB62005FBAC009E87F6 /* UIView+Badge.m in Sources */ = {isa = PBXBuildFile; fileRef = CC3D2EB52005FBAC009E87F6 /* UIView+Badge.m */; };
		CC40F65E1E6E5F88009D144C /* main.m in Sources */ = {isa = PBXBuildFile; fileRef = CC40F65D1E6E5F88009D144C /* main.m */; };
		CC40F6611E6E5F88009D144C /* AppDelegate.m in Sources */ = {isa = PBXBuildFile; fileRef = CC40F6601E6E5F88009D144C /* AppDelegate.m */; };
		CC40F6641E6E5F88009D144C /* ViewController.m in Sources */ = {isa = PBXBuildFile; fileRef = CC40F6631E6E5F88009D144C /* ViewController.m */; };
		CC40F6671E6E5F88009D144C /* Main.storyboard in Resources */ = {isa = PBXBuildFile; fileRef = CC40F6651E6E5F88009D144C /* Main.storyboard */; };
		CC40F6691E6E5F88009D144C /* Assets.xcassets in Resources */ = {isa = PBXBuildFile; fileRef = CC40F6681E6E5F88009D144C /* Assets.xcassets */; };
		CC40F66C1E6E5F88009D144C /* LaunchScreen.storyboard in Resources */ = {isa = PBXBuildFile; fileRef = CC40F66A1E6E5F88009D144C /* LaunchScreen.storyboard */; };
		CC40F6771E6E5F88009D144C /* iOSTestTests.m in Sources */ = {isa = PBXBuildFile; fileRef = CC40F6761E6E5F88009D144C /* iOSTestTests.m */; };
		CC40F6821E6E5F88009D144C /* iOSTestUITests.m in Sources */ = {isa = PBXBuildFile; fileRef = CC40F6811E6E5F88009D144C /* iOSTestUITests.m */; };
		CC6A216A1FE7A39D00B18D36 /* SwipHintView.swift in Sources */ = {isa = PBXBuildFile; fileRef = CC6A21691FE7A39D00B18D36 /* SwipHintView.swift */; };
		CC6A280B20158EB8001D3A91 /* WXUserInfoModel.m in Sources */ = {isa = PBXBuildFile; fileRef = CC6A280A20158EB8001D3A91 /* WXUserInfoModel.m */; };
		CC6A280E201593A8001D3A91 /* WXCoderViewController.m in Sources */ = {isa = PBXBuildFile; fileRef = CC6A280D201593A8001D3A91 /* WXCoderViewController.m */; };
		CC6A2811201598EF001D3A91 /* Masonry.framework in Frameworks */ = {isa = PBXBuildFile; fileRef = CC6A2810201598EF001D3A91 /* Masonry.framework */; };
		CC6A2812201598FA001D3A91 /* Masonry.framework in Embed Frameworks */ = {isa = PBXBuildFile; fileRef = CC6A2810201598EF001D3A91 /* Masonry.framework */; settings = {ATTRIBUTES = (CodeSignOnCopy, RemoveHeadersOnCopy, ); }; };
		CC6EB22220215E050002BA14 /* UIViewController+Alert.m in Sources */ = {isa = PBXBuildFile; fileRef = CC6EB22120215E050002BA14 /* UIViewController+Alert.m */; };
		CC6EB225202162250002BA14 /* WXARTextViewController.m in Sources */ = {isa = PBXBuildFile; fileRef = CC6EB224202162250002BA14 /* WXARTextViewController.m */; };
		CC6EB22A2021CE0B0002BA14 /* WXARText.m in Sources */ = {isa = PBXBuildFile; fileRef = CC6EB2292021CE0B0002BA14 /* WXARText.m */; };
		CC6EB22D2022B51E0002BA14 /* WXARTextNode.m in Sources */ = {isa = PBXBuildFile; fileRef = CC6EB22C2022B51E0002BA14 /* WXARTextNode.m */; };
		CC7108562032F9B500E09BC5 /* PushAndPopViewController.m in Sources */ = {isa = PBXBuildFile; fileRef = CC7108552032F9B500E09BC5 /* PushAndPopViewController.m */; };
		CC7108592033092E00E09BC5 /* WXSecondPresentedViewController.m in Sources */ = {isa = PBXBuildFile; fileRef = CC7108582033092E00E09BC5 /* WXSecondPresentedViewController.m */; };
		CC71085C2033111E00E09BC5 /* WXPresentTransition.m in Sources */ = {isa = PBXBuildFile; fileRef = CC71085B2033111E00E09BC5 /* WXPresentTransition.m */; };
		CC71D3BC203E64DF00CFDDEA /* WXChangeIconViewController.m in Sources */ = {isa = PBXBuildFile; fileRef = CC71D3BB203E64DF00CFDDEA /* WXChangeIconViewController.m */; };
		CC72CD621F8F163500CADF32 /* TimerViewController.m in Sources */ = {isa = PBXBuildFile; fileRef = CC72CD611F8F163500CADF32 /* TimerViewController.m */; };
		CCA8D5972010409200B225B6 /* WXVolumeButtonHandler.m in Sources */ = {isa = PBXBuildFile; fileRef = CCA8D5962010409200B225B6 /* WXVolumeButtonHandler.m */; };
		CCAD93F6202D3E5E00414E47 /* WXBaseNavigationViewController.m in Sources */ = {isa = PBXBuildFile; fileRef = CCAD93F5202D3E5E00414E47 /* WXBaseNavigationViewController.m */; };
		CCE7915220073BDA0055C51D /* UIImage+Scale.m in Sources */ = {isa = PBXBuildFile; fileRef = CCE7915120073BDA0055C51D /* UIImage+Scale.m */; };
		CCE7915720074B710055C51D /* ClosureInitScrollView.swift in Sources */ = {isa = PBXBuildFile; fileRef = CCE7915620074B710055C51D /* ClosureInitScrollView.swift */; };
		CCFB57F32018869F0030BFF1 /* WXUserDefaults.m in Sources */ = {isa = PBXBuildFile; fileRef = CCFB57F22018869F0030BFF1 /* WXUserDefaults.m */; };
		CCFB57FF2019B9D20030BFF1 /* WXRotateImageViewController.m in Sources */ = {isa = PBXBuildFile; fileRef = CCFB57FE2019B9D20030BFF1 /* WXRotateImageViewController.m */; };
		CCFB58022019C25E0030BFF1 /* UIImage+Color.m in Sources */ = {isa = PBXBuildFile; fileRef = CCFB58012019C25E0030BFF1 /* UIImage+Color.m */; };
		CCFB5808201ACC860030BFF1 /* WXStorageBaseModel.swift in Sources */ = {isa = PBXBuildFile; fileRef = CCFB5807201ACC860030BFF1 /* WXStorageBaseModel.swift */; };
		CCFB580A201B03720030BFF1 /* DiskStorage.swift in Sources */ = {isa = PBXBuildFile; fileRef = CCFB5809201B03720030BFF1 /* DiskStorage.swift */; };
		CCFB580C201B04FF0030BFF1 /* AppConfiguration.swift in Sources */ = {isa = PBXBuildFile; fileRef = CCFB580B201B04FF0030BFF1 /* AppConfiguration.swift */; };
		CCFB580F201B19580030BFF1 /* WXLocalLanguage.m in Sources */ = {isa = PBXBuildFile; fileRef = CCFB580E201B19580030BFF1 /* WXLocalLanguage.m */; };
/* End PBXBuildFile section */

/* Begin PBXContainerItemProxy section */
		CC40F6731E6E5F88009D144C /* PBXContainerItemProxy */ = {
			isa = PBXContainerItemProxy;
			containerPortal = CC40F6511E6E5F87009D144C /* Project object */;
			proxyType = 1;
			remoteGlobalIDString = CC40F6581E6E5F88009D144C;
			remoteInfo = iOSTest;
		};
		CC40F67E1E6E5F88009D144C /* PBXContainerItemProxy */ = {
			isa = PBXContainerItemProxy;
			containerPortal = CC40F6511E6E5F87009D144C /* Project object */;
			proxyType = 1;
			remoteGlobalIDString = CC40F6581E6E5F88009D144C;
			remoteInfo = iOSTest;
		};
/* End PBXContainerItemProxy section */

/* Begin PBXCopyFilesBuildPhase section */
		CC6A216E1FE7ABB300B18D36 /* Embed Frameworks */ = {
			isa = PBXCopyFilesBuildPhase;
			buildActionMask = 2147483647;
			dstPath = "";
			dstSubfolderSpec = 10;
			files = (
				CC095C93201DB07100B9B69C /* YYKit.framework in Embed Frameworks */,
				CC095C94201DB07100B9B69C /* SnapKit.framework in Embed Frameworks */,
				CC6A2812201598FA001D3A91 /* Masonry.framework in Embed Frameworks */,
			);
			name = "Embed Frameworks";
			runOnlyForDeploymentPostprocessing = 0;
		};
/* End PBXCopyFilesBuildPhase section */

/* Begin PBXFileReference section */
		CC095C87200F8C3E00B9B69C /* UIImage+FaceRecognizer.h */ = {isa = PBXFileReference; lastKnownFileType = sourcecode.c.h; path = "UIImage+FaceRecognizer.h"; sourceTree = "<group>"; };
		CC095C88200F8C3E00B9B69C /* UIImage+FaceRecognizer.m */ = {isa = PBXFileReference; lastKnownFileType = sourcecode.c.objc; path = "UIImage+FaceRecognizer.m"; sourceTree = "<group>"; };
		CC095C8B200F8FE600B9B69C /* UIImageView+FaceCenter.h */ = {isa = PBXFileReference; lastKnownFileType = sourcecode.c.h; path = "UIImageView+FaceCenter.h"; sourceTree = "<group>"; };
		CC095C8C200F8FE600B9B69C /* UIImageView+FaceCenter.m */ = {isa = PBXFileReference; lastKnownFileType = sourcecode.c.objc; path = "UIImageView+FaceCenter.m"; sourceTree = "<group>"; };
		CC095C8F201DA33F00B9B69C /* SnapKit.framework */ = {isa = PBXFileReference; lastKnownFileType = wrapper.framework; name = SnapKit.framework; path = Carthage/Build/iOS/SnapKit.framework; sourceTree = SOURCE_ROOT; };
		CC095C91201DA34700B9B69C /* YYKit.framework */ = {isa = PBXFileReference; lastKnownFileType = wrapper.framework; name = YYKit.framework; path = Carthage/Build/iOS/YYKit.framework; sourceTree = SOURCE_ROOT; };
		CC1BCE43202C257F009A0BCF /* zh-Hans */ = {isa = PBXFileReference; lastKnownFileType = text.plist.strings; name = "zh-Hans"; path = "zh-Hans.lproj/Main.strings"; sourceTree = "<group>"; };
		CC1BCE44202C257F009A0BCF /* zh-Hans */ = {isa = PBXFileReference; lastKnownFileType = text.plist.strings; name = "zh-Hans"; path = "zh-Hans.lproj/LaunchScreen.strings"; sourceTree = "<group>"; };
		CC1BCE48202C2851009A0BCF /* zh-Hans */ = {isa = PBXFileReference; lastKnownFileType = text.plist.strings; name = "zh-Hans"; path = "zh-Hans.lproj/WXLocalizable.strings"; sourceTree = "<group>"; };
		CC1BCE4A202C2855009A0BCF /* en */ = {isa = PBXFileReference; lastKnownFileType = text.plist.strings; name = en; path = en.lproj/WXLocalizable.strings; sourceTree = "<group>"; };
		CC1BCE4C202C2A6E009A0BCF /* WXConsoleViewController.h */ = {isa = PBXFileReference; fileEncoding = 4; lastKnownFileType = sourcecode.c.h; path = WXConsoleViewController.h; sourceTree = "<group>"; };
		CC1BCE4D202C2A6E009A0BCF /* WXConsoleViewController.m */ = {isa = PBXFileReference; fileEncoding = 4; lastKnownFileType = sourcecode.c.objc; path = WXConsoleViewController.m; sourceTree = "<group>"; };
		CC1BCE53202C2C99009A0BCF /* en */ = {isa = PBXFileReference; lastKnownFileType = text.plist.strings; name = en; path = en.lproj/Main.strings; sourceTree = "<group>"; };
		CC1BCE55202C2CA0009A0BCF /* en */ = {isa = PBXFileReference; lastKnownFileType = text.plist.strings; name = en; path = en.lproj/LaunchScreen.strings; sourceTree = "<group>"; };
		CC1BCE56202C2D68009A0BCF /* WXSettingsViewController.h */ = {isa = PBXFileReference; lastKnownFileType = sourcecode.c.h; path = WXSettingsViewController.h; sourceTree = "<group>"; };
		CC1BCE57202C2D68009A0BCF /* WXSettingsViewController.m */ = {isa = PBXFileReference; lastKnownFileType = sourcecode.c.objc; path = WXSettingsViewController.m; sourceTree = "<group>"; };
		CC1BCE5A202C2D90009A0BCF /* WXInitTabBarViewController.h */ = {isa = PBXFileReference; fileEncoding = 4; lastKnownFileType = sourcecode.c.h; path = WXInitTabBarViewController.h; sourceTree = "<group>"; };
		CC1BCE5B202C2D90009A0BCF /* WXInitTabBarViewController.m */ = {isa = PBXFileReference; fileEncoding = 4; lastKnownFileType = sourcecode.c.objc; path = WXInitTabBarViewController.m; sourceTree = "<group>"; };
		CC2BF2FF2008528B009F1D9E /* OperationViewController.h */ = {isa = PBXFileReference; lastKnownFileType = sourcecode.c.h; path = OperationViewController.h; sourceTree = "<group>"; };
		CC2BF3002008528B009F1D9E /* OperationViewController.m */ = {isa = PBXFileReference; lastKnownFileType = sourcecode.c.objc; path = OperationViewController.m; sourceTree = "<group>"; };
		CC2BF30320085B02009F1D9E /* WXDemoViewController.h */ = {isa = PBXFileReference; lastKnownFileType = sourcecode.c.h; path = WXDemoViewController.h; sourceTree = "<group>"; };
		CC2BF30420085B02009F1D9E /* WXDemoViewController.m */ = {isa = PBXFileReference; lastKnownFileType = sourcecode.c.objc; path = WXDemoViewController.m; sourceTree = "<group>"; };
		CC2BF30A20086427009F1D9E /* iOSDemo-prefix.pch */ = {isa = PBXFileReference; lastKnownFileType = sourcecode.c.h; path = "iOSDemo-prefix.pch"; sourceTree = "<group>"; };
		CC2BF30B20088D73009F1D9E /* WXSerialOperation.h */ = {isa = PBXFileReference; lastKnownFileType = sourcecode.c.h; path = WXSerialOperation.h; sourceTree = "<group>"; };
		CC2BF30C20088D73009F1D9E /* WXSerialOperation.m */ = {isa = PBXFileReference; lastKnownFileType = sourcecode.c.objc; path = WXSerialOperation.m; sourceTree = "<group>"; };
		CC2BF30E20089037009F1D9E /* WXConcurrentOperation.h */ = {isa = PBXFileReference; lastKnownFileType = sourcecode.c.h; path = WXConcurrentOperation.h; sourceTree = "<group>"; };
		CC2BF30F20089037009F1D9E /* WXConcurrentOperation.m */ = {isa = PBXFileReference; lastKnownFileType = sourcecode.c.objc; path = WXConcurrentOperation.m; sourceTree = "<group>"; };
		CC3D2EA82005F1C3009E87F6 /* SemaphoreViewController.h */ = {isa = PBXFileReference; lastKnownFileType = sourcecode.c.h; path = SemaphoreViewController.h; sourceTree = "<group>"; };
		CC3D2EA92005F1C3009E87F6 /* SemaphoreViewController.m */ = {isa = PBXFileReference; lastKnownFileType = sourcecode.c.objc; path = SemaphoreViewController.m; sourceTree = "<group>"; };
		CC3D2EB12005FAA0009E87F6 /* UIViewController+GetViewController.h */ = {isa = PBXFileReference; lastKnownFileType = sourcecode.c.h; path = "UIViewController+GetViewController.h"; sourceTree = "<group>"; };
		CC3D2EB22005FAA0009E87F6 /* UIViewController+GetViewController.m */ = {isa = PBXFileReference; lastKnownFileType = sourcecode.c.objc; path = "UIViewController+GetViewController.m"; sourceTree = "<group>"; };
		CC3D2EB42005FBAC009E87F6 /* UIView+Badge.h */ = {isa = PBXFileReference; lastKnownFileType = sourcecode.c.h; path = "UIView+Badge.h"; sourceTree = "<group>"; };
		CC3D2EB52005FBAC009E87F6 /* UIView+Badge.m */ = {isa = PBXFileReference; lastKnownFileType = sourcecode.c.objc; path = "UIView+Badge.m"; sourceTree = "<group>"; };
		CC40F6591E6E5F88009D144C /* iOSDemo.app */ = {isa = PBXFileReference; explicitFileType = wrapper.application; includeInIndex = 0; path = iOSDemo.app; sourceTree = BUILT_PRODUCTS_DIR; };
		CC40F65D1E6E5F88009D144C /* main.m */ = {isa = PBXFileReference; lastKnownFileType = sourcecode.c.objc; path = main.m; sourceTree = "<group>"; };
		CC40F65F1E6E5F88009D144C /* AppDelegate.h */ = {isa = PBXFileReference; lastKnownFileType = sourcecode.c.h; path = AppDelegate.h; sourceTree = "<group>"; };
		CC40F6601E6E5F88009D144C /* AppDelegate.m */ = {isa = PBXFileReference; lastKnownFileType = sourcecode.c.objc; path = AppDelegate.m; sourceTree = "<group>"; };
		CC40F6621E6E5F88009D144C /* ViewController.h */ = {isa = PBXFileReference; lastKnownFileType = sourcecode.c.h; path = ViewController.h; sourceTree = "<group>"; };
		CC40F6631E6E5F88009D144C /* ViewController.m */ = {isa = PBXFileReference; lastKnownFileType = sourcecode.c.objc; path = ViewController.m; sourceTree = "<group>"; };
		CC40F6661E6E5F88009D144C /* Base */ = {isa = PBXFileReference; lastKnownFileType = file.storyboard; name = Base; path = Base.lproj/Main.storyboard; sourceTree = "<group>"; };
		CC40F6681E6E5F88009D144C /* Assets.xcassets */ = {isa = PBXFileReference; lastKnownFileType = folder.assetcatalog; path = Assets.xcassets; sourceTree = "<group>"; };
		CC40F66B1E6E5F88009D144C /* Base */ = {isa = PBXFileReference; lastKnownFileType = file.storyboard; name = Base; path = Base.lproj/LaunchScreen.storyboard; sourceTree = "<group>"; };
		CC40F66D1E6E5F88009D144C /* Info.plist */ = {isa = PBXFileReference; lastKnownFileType = text.plist.xml; path = Info.plist; sourceTree = "<group>"; };
		CC40F6721E6E5F88009D144C /* iOSDemoTests.xctest */ = {isa = PBXFileReference; explicitFileType = wrapper.cfbundle; includeInIndex = 0; path = iOSDemoTests.xctest; sourceTree = BUILT_PRODUCTS_DIR; };
		CC40F6761E6E5F88009D144C /* iOSTestTests.m */ = {isa = PBXFileReference; lastKnownFileType = sourcecode.c.objc; path = iOSTestTests.m; sourceTree = "<group>"; };
		CC40F6781E6E5F88009D144C /* Info.plist */ = {isa = PBXFileReference; lastKnownFileType = text.plist.xml; path = Info.plist; sourceTree = "<group>"; };
		CC40F67D1E6E5F88009D144C /* iOSDemoUITests.xctest */ = {isa = PBXFileReference; explicitFileType = wrapper.cfbundle; includeInIndex = 0; path = iOSDemoUITests.xctest; sourceTree = BUILT_PRODUCTS_DIR; };
		CC40F6811E6E5F88009D144C /* iOSTestUITests.m */ = {isa = PBXFileReference; lastKnownFileType = sourcecode.c.objc; path = iOSTestUITests.m; sourceTree = "<group>"; };
		CC40F6831E6E5F88009D144C /* Info.plist */ = {isa = PBXFileReference; lastKnownFileType = text.plist.xml; path = Info.plist; sourceTree = "<group>"; };
		CC6A21681FE7A39C00B18D36 /* iOSDemo-Bridging-Header.h */ = {isa = PBXFileReference; lastKnownFileType = sourcecode.c.h; path = "iOSDemo-Bridging-Header.h"; sourceTree = "<group>"; };
		CC6A21691FE7A39D00B18D36 /* SwipHintView.swift */ = {isa = PBXFileReference; lastKnownFileType = sourcecode.swift; path = SwipHintView.swift; sourceTree = "<group>"; };
		CC6A280920158EB8001D3A91 /* WXUserInfoModel.h */ = {isa = PBXFileReference; lastKnownFileType = sourcecode.c.h; path = WXUserInfoModel.h; sourceTree = "<group>"; };
		CC6A280A20158EB8001D3A91 /* WXUserInfoModel.m */ = {isa = PBXFileReference; lastKnownFileType = sourcecode.c.objc; path = WXUserInfoModel.m; sourceTree = "<group>"; };
		CC6A280C201593A8001D3A91 /* WXCoderViewController.h */ = {isa = PBXFileReference; lastKnownFileType = sourcecode.c.h; path = WXCoderViewController.h; sourceTree = "<group>"; };
		CC6A280D201593A8001D3A91 /* WXCoderViewController.m */ = {isa = PBXFileReference; lastKnownFileType = sourcecode.c.objc; path = WXCoderViewController.m; sourceTree = "<group>"; };
		CC6A2810201598EF001D3A91 /* Masonry.framework */ = {isa = PBXFileReference; lastKnownFileType = wrapper.framework; path = Masonry.framework; sourceTree = "<group>"; };
		CC6EB22020215E050002BA14 /* UIViewController+Alert.h */ = {isa = PBXFileReference; lastKnownFileType = sourcecode.c.h; path = "UIViewController+Alert.h"; sourceTree = "<group>"; };
		CC6EB22120215E050002BA14 /* UIViewController+Alert.m */ = {isa = PBXFileReference; lastKnownFileType = sourcecode.c.objc; path = "UIViewController+Alert.m"; sourceTree = "<group>"; };
		CC6EB223202162250002BA14 /* WXARTextViewController.h */ = {isa = PBXFileReference; lastKnownFileType = sourcecode.c.h; path = WXARTextViewController.h; sourceTree = "<group>"; };
		CC6EB224202162250002BA14 /* WXARTextViewController.m */ = {isa = PBXFileReference; lastKnownFileType = sourcecode.c.objc; path = WXARTextViewController.m; sourceTree = "<group>"; };
		CC6EB2282021CE0B0002BA14 /* WXARText.h */ = {isa = PBXFileReference; lastKnownFileType = sourcecode.c.h; path = WXARText.h; sourceTree = "<group>"; };
		CC6EB2292021CE0B0002BA14 /* WXARText.m */ = {isa = PBXFileReference; lastKnownFileType = sourcecode.c.objc; path = WXARText.m; sourceTree = "<group>"; };
		CC6EB22B2022B51E0002BA14 /* WXARTextNode.h */ = {isa = PBXFileReference; lastKnownFileType = sourcecode.c.h; path = WXARTextNode.h; sourceTree = "<group>"; };
		CC6EB22C2022B51E0002BA14 /* WXARTextNode.m */ = {isa = PBXFileReference; lastKnownFileType = sourcecode.c.objc; path = WXARTextNode.m; sourceTree = "<group>"; };
		CC7108542032F9B500E09BC5 /* PushAndPopViewController.h */ = {isa = PBXFileReference; fileEncoding = 4; lastKnownFileType = sourcecode.c.h; path = PushAndPopViewController.h; sourceTree = "<group>"; };
		CC7108552032F9B500E09BC5 /* PushAndPopViewController.m */ = {isa = PBXFileReference; fileEncoding = 4; lastKnownFileType = sourcecode.c.objc; path = PushAndPopViewController.m; sourceTree = "<group>"; };
		CC7108572033092E00E09BC5 /* WXSecondPresentedViewController.h */ = {isa = PBXFileReference; lastKnownFileType = sourcecode.c.h; path = WXSecondPresentedViewController.h; sourceTree = "<group>"; };
		CC7108582033092E00E09BC5 /* WXSecondPresentedViewController.m */ = {isa = PBXFileReference; lastKnownFileType = sourcecode.c.objc; path = WXSecondPresentedViewController.m; sourceTree = "<group>"; };
		CC71085A2033111E00E09BC5 /* WXPresentTransition.h */ = {isa = PBXFileReference; lastKnownFileType = sourcecode.c.h; path = WXPresentTransition.h; sourceTree = "<group>"; };
		CC71085B2033111E00E09BC5 /* WXPresentTransition.m */ = {isa = PBXFileReference; lastKnownFileType = sourcecode.c.objc; path = WXPresentTransition.m; sourceTree = "<group>"; };
		CC71D3BA203E64DF00CFDDEA /* WXChangeIconViewController.h */ = {isa = PBXFileReference; lastKnownFileType = sourcecode.c.h; path = WXChangeIconViewController.h; sourceTree = "<group>"; };
		CC71D3BB203E64DF00CFDDEA /* WXChangeIconViewController.m */ = {isa = PBXFileReference; lastKnownFileType = sourcecode.c.objc; path = WXChangeIconViewController.m; sourceTree = "<group>"; };
		CC72CD601F8F163500CADF32 /* TimerViewController.h */ = {isa = PBXFileReference; lastKnownFileType = sourcecode.c.h; path = TimerViewController.h; sourceTree = "<group>"; };
		CC72CD611F8F163500CADF32 /* TimerViewController.m */ = {isa = PBXFileReference; lastKnownFileType = sourcecode.c.objc; path = TimerViewController.m; sourceTree = "<group>"; };
		CCA8D5952010409200B225B6 /* WXVolumeButtonHandler.h */ = {isa = PBXFileReference; lastKnownFileType = sourcecode.c.h; path = WXVolumeButtonHandler.h; sourceTree = "<group>"; };
		CCA8D5962010409200B225B6 /* WXVolumeButtonHandler.m */ = {isa = PBXFileReference; lastKnownFileType = sourcecode.c.objc; path = WXVolumeButtonHandler.m; sourceTree = "<group>"; };
		CCAD93F4202D3E5E00414E47 /* WXBaseNavigationViewController.h */ = {isa = PBXFileReference; lastKnownFileType = sourcecode.c.h; path = WXBaseNavigationViewController.h; sourceTree = "<group>"; };
		CCAD93F5202D3E5E00414E47 /* WXBaseNavigationViewController.m */ = {isa = PBXFileReference; lastKnownFileType = sourcecode.c.objc; path = WXBaseNavigationViewController.m; sourceTree = "<group>"; };
		CCE7915020073BDA0055C51D /* UIImage+Scale.h */ = {isa = PBXFileReference; lastKnownFileType = sourcecode.c.h; path = "UIImage+Scale.h"; sourceTree = "<group>"; };
		CCE7915120073BDA0055C51D /* UIImage+Scale.m */ = {isa = PBXFileReference; lastKnownFileType = sourcecode.c.objc; path = "UIImage+Scale.m"; sourceTree = "<group>"; };
		CCE7915620074B710055C51D /* ClosureInitScrollView.swift */ = {isa = PBXFileReference; lastKnownFileType = sourcecode.swift; path = ClosureInitScrollView.swift; sourceTree = "<group>"; };
		CCFB57F12018869F0030BFF1 /* WXUserDefaults.h */ = {isa = PBXFileReference; lastKnownFileType = sourcecode.c.h; path = WXUserDefaults.h; sourceTree = "<group>"; };
		CCFB57F22018869F0030BFF1 /* WXUserDefaults.m */ = {isa = PBXFileReference; lastKnownFileType = sourcecode.c.objc; path = WXUserDefaults.m; sourceTree = "<group>"; };
		CCFB57FD2019B9D20030BFF1 /* WXRotateImageViewController.h */ = {isa = PBXFileReference; lastKnownFileType = sourcecode.c.h; path = WXRotateImageViewController.h; sourceTree = "<group>"; };
		CCFB57FE2019B9D20030BFF1 /* WXRotateImageViewController.m */ = {isa = PBXFileReference; lastKnownFileType = sourcecode.c.objc; path = WXRotateImageViewController.m; sourceTree = "<group>"; };
		CCFB58002019C25E0030BFF1 /* UIImage+Color.h */ = {isa = PBXFileReference; lastKnownFileType = sourcecode.c.h; path = "UIImage+Color.h"; sourceTree = "<group>"; };
		CCFB58012019C25E0030BFF1 /* UIImage+Color.m */ = {isa = PBXFileReference; lastKnownFileType = sourcecode.c.objc; path = "UIImage+Color.m"; sourceTree = "<group>"; };
		CCFB5807201ACC860030BFF1 /* WXStorageBaseModel.swift */ = {isa = PBXFileReference; lastKnownFileType = sourcecode.swift; path = WXStorageBaseModel.swift; sourceTree = "<group>"; };
		CCFB5809201B03720030BFF1 /* DiskStorage.swift */ = {isa = PBXFileReference; lastKnownFileType = sourcecode.swift; path = DiskStorage.swift; sourceTree = "<group>"; };
		CCFB580B201B04FF0030BFF1 /* AppConfiguration.swift */ = {isa = PBXFileReference; lastKnownFileType = sourcecode.swift; path = AppConfiguration.swift; sourceTree = "<group>"; };
		CCFB580D201B19580030BFF1 /* WXLocalLanguage.h */ = {isa = PBXFileReference; lastKnownFileType = sourcecode.c.h; path = WXLocalLanguage.h; sourceTree = "<group>"; };
		CCFB580E201B19580030BFF1 /* WXLocalLanguage.m */ = {isa = PBXFileReference; lastKnownFileType = sourcecode.c.objc; path = WXLocalLanguage.m; sourceTree = "<group>"; };
/* End PBXFileReference section */

/* Begin PBXFrameworksBuildPhase section */
		CC40F6561E6E5F88009D144C /* Frameworks */ = {
			isa = PBXFrameworksBuildPhase;
			buildActionMask = 2147483647;
			files = (
				CC095C92201DA34700B9B69C /* YYKit.framework in Frameworks */,
				CC6A2811201598EF001D3A91 /* Masonry.framework in Frameworks */,
				CC095C90201DA33F00B9B69C /* SnapKit.framework in Frameworks */,
			);
			runOnlyForDeploymentPostprocessing = 0;
		};
		CC40F66F1E6E5F88009D144C /* Frameworks */ = {
			isa = PBXFrameworksBuildPhase;
			buildActionMask = 2147483647;
			files = (
			);
			runOnlyForDeploymentPostprocessing = 0;
		};
		CC40F67A1E6E5F88009D144C /* Frameworks */ = {
			isa = PBXFrameworksBuildPhase;
			buildActionMask = 2147483647;
			files = (
			);
			runOnlyForDeploymentPostprocessing = 0;
		};
/* End PBXFrameworksBuildPhase section */

/* Begin PBXGroup section */
		CC095C8A200F8FA800B9B69C /* UIImageView */ = {
			isa = PBXGroup;
			children = (
				CC095C8B200F8FE600B9B69C /* UIImageView+FaceCenter.h */,
				CC095C8C200F8FE600B9B69C /* UIImageView+FaceCenter.m */,
			);
			path = UIImageView;
			sourceTree = "<group>";
		};
		CC095C8E201DA32E00B9B69C /* Carthage */ = {
			isa = PBXGroup;
			children = (
				CC095C91201DA34700B9B69C /* YYKit.framework */,
				CC095C8F201DA33F00B9B69C /* SnapKit.framework */,
			);
			name = Carthage;
			path = "New Group";
			sourceTree = "<group>";
		};
		CC1BCE4B202C2A6E009A0BCF /* BaseViewController */ = {
			isa = PBXGroup;
			children = (
				CC1BCE4C202C2A6E009A0BCF /* WXConsoleViewController.h */,
				CC1BCE4D202C2A6E009A0BCF /* WXConsoleViewController.m */,
				CCAD93F4202D3E5E00414E47 /* WXBaseNavigationViewController.h */,
				CCAD93F5202D3E5E00414E47 /* WXBaseNavigationViewController.m */,
			);
			path = BaseViewController;
			sourceTree = "<group>";
		};
		CC1BCE59202C2D90009A0BCF /* Tabbar */ = {
			isa = PBXGroup;
			children = (
				CC1BCE5A202C2D90009A0BCF /* WXInitTabBarViewController.h */,
				CC1BCE5B202C2D90009A0BCF /* WXInitTabBarViewController.m */,
			);
			path = Tabbar;
			sourceTree = "<group>";
		};
		CC2BF30620086301009F1D9E /* DemoViewController */ = {
			isa = PBXGroup;
			children = (
				CC72CD601F8F163500CADF32 /* TimerViewController.h */,
				CC72CD611F8F163500CADF32 /* TimerViewController.m */,
				CC3D2EA82005F1C3009E87F6 /* SemaphoreViewController.h */,
				CC3D2EA92005F1C3009E87F6 /* SemaphoreViewController.m */,
				CC2BF2FF2008528B009F1D9E /* OperationViewController.h */,
				CC2BF3002008528B009F1D9E /* OperationViewController.m */,
				CC2BF30320085B02009F1D9E /* WXDemoViewController.h */,
				CC2BF30420085B02009F1D9E /* WXDemoViewController.m */,
				CC6A280C201593A8001D3A91 /* WXCoderViewController.h */,
				CC6A280D201593A8001D3A91 /* WXCoderViewController.m */,
				CCFB57FD2019B9D20030BFF1 /* WXRotateImageViewController.h */,
				CCFB57FE2019B9D20030BFF1 /* WXRotateImageViewController.m */,
				CC6EB223202162250002BA14 /* WXARTextViewController.h */,
				CC6EB224202162250002BA14 /* WXARTextViewController.m */,
			);
			path = DemoViewController;
			sourceTree = "<group>";
		};
		CC3D2EA72005F0C0009E87F6 /* Controller */ = {
			isa = PBXGroup;
			children = (
				CC71D3B9203E64AC00CFDDEA /* SettingsViewController */,
				CC7108532032F9B500E09BC5 /* PushAndPop */,
				CC1BCE59202C2D90009A0BCF /* Tabbar */,
				CC1BCE4B202C2A6E009A0BCF /* BaseViewController */,
				CC2BF30620086301009F1D9E /* DemoViewController */,
				CC40F6621E6E5F88009D144C /* ViewController.h */,
				CC40F6631E6E5F88009D144C /* ViewController.m */,
				CC1BCE56202C2D68009A0BCF /* WXSettingsViewController.h */,
				CC1BCE57202C2D68009A0BCF /* WXSettingsViewController.m */,
			);
			path = Controller;
			sourceTree = "<group>";
		};
		CC3D2EAB2005F553009E87F6 /* View */ = {
			isa = PBXGroup;
			children = (
				CC6A21691FE7A39D00B18D36 /* SwipHintView.swift */,
				CCE7915620074B710055C51D /* ClosureInitScrollView.swift */,
			);
			path = View;
			sourceTree = "<group>";
		};
		CC3D2EAC2005F56E009E87F6 /* Model */ = {
			isa = PBXGroup;
			children = (
				CC6EB22E2022B5400002BA14 /* ARModel */,
				CC2BF30B20088D73009F1D9E /* WXSerialOperation.h */,
				CC2BF30C20088D73009F1D9E /* WXSerialOperation.m */,
				CC2BF30E20089037009F1D9E /* WXConcurrentOperation.h */,
				CC2BF30F20089037009F1D9E /* WXConcurrentOperation.m */,
				CC6A280920158EB8001D3A91 /* WXUserInfoModel.h */,
				CC6A280A20158EB8001D3A91 /* WXUserInfoModel.m */,
			);
			path = Model;
			sourceTree = "<group>";
		};
		CC3D2EAD2005F9D6009E87F6 /* Category */ = {
			isa = PBXGroup;
			children = (
				CC095C8A200F8FA800B9B69C /* UIImageView */,
				CCE7915520073DE80055C51D /* UIImage */,
				CCE7915420073DDC0055C51D /* UIView */,
				CCE7915320073DC90055C51D /* UIViewController */,
			);
			path = Category;
			sourceTree = "<group>";
		};
		CC40F6501E6E5F87009D144C = {
			isa = PBXGroup;
			children = (
				CC095C8E201DA32E00B9B69C /* Carthage */,
				CC6A280F201598EF001D3A91 /* Framework */,
				CC40F65B1E6E5F88009D144C /* iOSDemo */,
				CC40F6751E6E5F88009D144C /* iOSDemoTests */,
				CC40F6801E6E5F88009D144C /* iOSDemoUITests */,
				CC40F65A1E6E5F88009D144C /* Products */,
			);
			sourceTree = "<group>";
		};
		CC40F65A1E6E5F88009D144C /* Products */ = {
			isa = PBXGroup;
			children = (
				CC40F6591E6E5F88009D144C /* iOSDemo.app */,
				CC40F6721E6E5F88009D144C /* iOSDemoTests.xctest */,
				CC40F67D1E6E5F88009D144C /* iOSDemoUITests.xctest */,
			);
			name = Products;
			sourceTree = "<group>";
		};
		CC40F65B1E6E5F88009D144C /* iOSDemo */ = {
			isa = PBXGroup;
			children = (
				CC40F65F1E6E5F88009D144C /* AppDelegate.h */,
				CC40F6601E6E5F88009D144C /* AppDelegate.m */,
				CC3D2EAD2005F9D6009E87F6 /* Category */,
				CC3D2EA72005F0C0009E87F6 /* Controller */,
				CC3D2EAC2005F56E009E87F6 /* Model */,
				CCAB7B332016DDE30077BAB8 /* Protocol */,
				CCFB57FA201983880030BFF1 /* Resources */,
				CCFB57F02018862A0030BFF1 /* Storage */,
				CC40F65C1E6E5F88009D144C /* Supporting Files */,
				CCA8D59420103FF100B225B6 /* Tools */,
				CC3D2EAB2005F553009E87F6 /* View */,
			);
			path = iOSDemo;
			sourceTree = "<group>";
		};
		CC40F65C1E6E5F88009D144C /* Supporting Files */ = {
			isa = PBXGroup;
			children = (
				CC6A21681FE7A39C00B18D36 /* iOSDemo-Bridging-Header.h */,
				CC2BF30A20086427009F1D9E /* iOSDemo-prefix.pch */,
				CC40F6651E6E5F88009D144C /* Main.storyboard */,
				CC40F66A1E6E5F88009D144C /* LaunchScreen.storyboard */,
				CC40F66D1E6E5F88009D144C /* Info.plist */,
				CC40F65D1E6E5F88009D144C /* main.m */,
				CC1BCE49202C2851009A0BCF /* WXLocalizable.strings */,
			);
			name = "Supporting Files";
			sourceTree = "<group>";
		};
		CC40F6751E6E5F88009D144C /* iOSDemoTests */ = {
			isa = PBXGroup;
			children = (
				CC40F6761E6E5F88009D144C /* iOSTestTests.m */,
				CC40F6781E6E5F88009D144C /* Info.plist */,
			);
			path = iOSDemoTests;
			sourceTree = "<group>";
		};
		CC40F6801E6E5F88009D144C /* iOSDemoUITests */ = {
			isa = PBXGroup;
			children = (
				CC40F6811E6E5F88009D144C /* iOSTestUITests.m */,
				CC40F6831E6E5F88009D144C /* Info.plist */,
			);
			path = iOSDemoUITests;
			sourceTree = "<group>";
		};
		CC6A280F201598EF001D3A91 /* Framework */ = {
			isa = PBXGroup;
			children = (
				CC6A2810201598EF001D3A91 /* Masonry.framework */,
			);
			path = Framework;
			sourceTree = "<group>";
		};
		CC6EB22E2022B5400002BA14 /* ARModel */ = {
			isa = PBXGroup;
			children = (
				CC6EB2282021CE0B0002BA14 /* WXARText.h */,
				CC6EB2292021CE0B0002BA14 /* WXARText.m */,
				CC6EB22B2022B51E0002BA14 /* WXARTextNode.h */,
				CC6EB22C2022B51E0002BA14 /* WXARTextNode.m */,
			);
			path = ARModel;
			sourceTree = "<group>";
		};
		CC7108532032F9B500E09BC5 /* PushAndPop */ = {
			isa = PBXGroup;
			children = (
				CC7108542032F9B500E09BC5 /* PushAndPopViewController.h */,
				CC7108552032F9B500E09BC5 /* PushAndPopViewController.m */,
				CC7108572033092E00E09BC5 /* WXSecondPresentedViewController.h */,
				CC7108582033092E00E09BC5 /* WXSecondPresentedViewController.m */,
				CC71085A2033111E00E09BC5 /* WXPresentTransition.h */,
				CC71085B2033111E00E09BC5 /* WXPresentTransition.m */,
			);
			path = PushAndPop;
			sourceTree = "<group>";
		};
		CC71D3B9203E64AC00CFDDEA /* SettingsViewController */ = {
			isa = PBXGroup;
			children = (
				CC71D3BA203E64DF00CFDDEA /* WXChangeIconViewController.h */,
				CC71D3BB203E64DF00CFDDEA /* WXChangeIconViewController.m */,
			);
			path = SettingsViewController;
			sourceTree = "<group>";
		};
		CCA8D59420103FF100B225B6 /* Tools */ = {
			isa = PBXGroup;
			children = (
				CCA8D5952010409200B225B6 /* WXVolumeButtonHandler.h */,
				CCA8D5962010409200B225B6 /* WXVolumeButtonHandler.m */,
				CCFB580D201B19580030BFF1 /* WXLocalLanguage.h */,
				CCFB580E201B19580030BFF1 /* WXLocalLanguage.m */,
			);
			path = Tools;
			sourceTree = "<group>";
		};
		CCAB7B332016DDE30077BAB8 /* Protocol */ = {
			isa = PBXGroup;
			children = (
			);
			path = Protocol;
			sourceTree = "<group>";
		};
		CCE7915320073DC90055C51D /* UIViewController */ = {
			isa = PBXGroup;
			children = (
				CC3D2EB12005FAA0009E87F6 /* UIViewController+GetViewController.h */,
				CC3D2EB22005FAA0009E87F6 /* UIViewController+GetViewController.m */,
				CC6EB22020215E050002BA14 /* UIViewController+Alert.h */,
				CC6EB22120215E050002BA14 /* UIViewController+Alert.m */,
			);
			path = UIViewController;
			sourceTree = "<group>";
		};
		CCE7915420073DDC0055C51D /* UIView */ = {
			isa = PBXGroup;
			children = (
				CC3D2EB42005FBAC009E87F6 /* UIView+Badge.h */,
				CC3D2EB52005FBAC009E87F6 /* UIView+Badge.m */,
			);
			path = UIView;
			sourceTree = "<group>";
		};
		CCE7915520073DE80055C51D /* UIImage */ = {
			isa = PBXGroup;
			children = (
				CCE7915020073BDA0055C51D /* UIImage+Scale.h */,
				CCE7915120073BDA0055C51D /* UIImage+Scale.m */,
				CC095C87200F8C3E00B9B69C /* UIImage+FaceRecognizer.h */,
				CC095C88200F8C3E00B9B69C /* UIImage+FaceRecognizer.m */,
				CCFB58002019C25E0030BFF1 /* UIImage+Color.h */,
				CCFB58012019C25E0030BFF1 /* UIImage+Color.m */,
			);
			path = UIImage;
			sourceTree = "<group>";
		};
		CCFB57F02018862A0030BFF1 /* Storage */ = {
			isa = PBXGroup;
			children = (
				CCFB57F12018869F0030BFF1 /* WXUserDefaults.h */,
				CCFB57F22018869F0030BFF1 /* WXUserDefaults.m */,
				CCFB5807201ACC860030BFF1 /* WXStorageBaseModel.swift */,
				CCFB5809201B03720030BFF1 /* DiskStorage.swift */,
				CCFB580B201B04FF0030BFF1 /* AppConfiguration.swift */,
			);
			path = Storage;
			sourceTree = "<group>";
		};
		CCFB57FA201983880030BFF1 /* Resources */ = {
			isa = PBXGroup;
			children = (
				CC40F6681E6E5F88009D144C /* Assets.xcassets */,
			);
			path = Resources;
			sourceTree = "<group>";
		};
/* End PBXGroup section */

/* Begin PBXNativeTarget section */
		CC40F6581E6E5F88009D144C /* iOSDemo */ = {
			isa = PBXNativeTarget;
			buildConfigurationList = CC40F6861E6E5F88009D144C /* Build configuration list for PBXNativeTarget "iOSDemo" */;
			buildPhases = (
				CC40F6551E6E5F88009D144C /* Sources */,
				CC40F6561E6E5F88009D144C /* Frameworks */,
				CC40F6571E6E5F88009D144C /* Resources */,
				CC6A216E1FE7ABB300B18D36 /* Embed Frameworks */,
			);
			buildRules = (
			);
			dependencies = (
			);
			name = iOSDemo;
			productName = iOSTest;
			productReference = CC40F6591E6E5F88009D144C /* iOSDemo.app */;
			productType = "com.apple.product-type.application";
		};
		CC40F6711E6E5F88009D144C /* iOSDemoTests */ = {
			isa = PBXNativeTarget;
			buildConfigurationList = CC40F6891E6E5F88009D144C /* Build configuration list for PBXNativeTarget "iOSDemoTests" */;
			buildPhases = (
				CC40F66E1E6E5F88009D144C /* Sources */,
				CC40F66F1E6E5F88009D144C /* Frameworks */,
				CC40F6701E6E5F88009D144C /* Resources */,
			);
			buildRules = (
			);
			dependencies = (
				CC40F6741E6E5F88009D144C /* PBXTargetDependency */,
			);
			name = iOSDemoTests;
			productName = iOSTestTests;
			productReference = CC40F6721E6E5F88009D144C /* iOSDemoTests.xctest */;
			productType = "com.apple.product-type.bundle.unit-test";
		};
		CC40F67C1E6E5F88009D144C /* iOSDemoUITests */ = {
			isa = PBXNativeTarget;
			buildConfigurationList = CC40F68C1E6E5F88009D144C /* Build configuration list for PBXNativeTarget "iOSDemoUITests" */;
			buildPhases = (
				CC40F6791E6E5F88009D144C /* Sources */,
				CC40F67A1E6E5F88009D144C /* Frameworks */,
				CC40F67B1E6E5F88009D144C /* Resources */,
			);
			buildRules = (
			);
			dependencies = (
				CC40F67F1E6E5F88009D144C /* PBXTargetDependency */,
			);
			name = iOSDemoUITests;
			productName = iOSTestUITests;
			productReference = CC40F67D1E6E5F88009D144C /* iOSDemoUITests.xctest */;
			productType = "com.apple.product-type.bundle.ui-testing";
		};
/* End PBXNativeTarget section */

/* Begin PBXProject section */
		CC40F6511E6E5F87009D144C /* Project object */ = {
			isa = PBXProject;
			attributes = {
				LastUpgradeCheck = 0820;
				ORGANIZATIONNAME = Wuxi;
				TargetAttributes = {
					CC40F6581E6E5F88009D144C = {
						CreatedOnToolsVersion = 8.2.1;
						DevelopmentTeam = KYFVDC483X;
						LastSwiftMigration = 0920;
						ProvisioningStyle = Automatic;
					};
					CC40F6711E6E5F88009D144C = {
						CreatedOnToolsVersion = 8.2.1;
						ProvisioningStyle = Automatic;
						TestTargetID = CC40F6581E6E5F88009D144C;
					};
					CC40F67C1E6E5F88009D144C = {
						CreatedOnToolsVersion = 8.2.1;
						ProvisioningStyle = Automatic;
						TestTargetID = CC40F6581E6E5F88009D144C;
					};
				};
			};
			buildConfigurationList = CC40F6541E6E5F87009D144C /* Build configuration list for PBXProject "iOSDemo" */;
			compatibilityVersion = "Xcode 3.2";
			developmentRegion = English;
			hasScannedForEncodings = 0;
			knownRegions = (
				en,
				Base,
			);
			mainGroup = CC40F6501E6E5F87009D144C;
			productRefGroup = CC40F65A1E6E5F88009D144C /* Products */;
			projectDirPath = "";
			projectRoot = "";
			targets = (
				CC40F6581E6E5F88009D144C /* iOSDemo */,
				CC40F6711E6E5F88009D144C /* iOSDemoTests */,
				CC40F67C1E6E5F88009D144C /* iOSDemoUITests */,
			);
		};
/* End PBXProject section */

/* Begin PBXResourcesBuildPhase section */
		CC40F6571E6E5F88009D144C /* Resources */ = {
			isa = PBXResourcesBuildPhase;
			buildActionMask = 2147483647;
			files = (
				CC40F66C1E6E5F88009D144C /* LaunchScreen.storyboard in Resources */,
				CC40F6691E6E5F88009D144C /* Assets.xcassets in Resources */,
				CC1BCE47202C2851009A0BCF /* WXLocalizable.strings in Resources */,
				CC40F6671E6E5F88009D144C /* Main.storyboard in Resources */,
			);
			runOnlyForDeploymentPostprocessing = 0;
		};
		CC40F6701E6E5F88009D144C /* Resources */ = {
			isa = PBXResourcesBuildPhase;
			buildActionMask = 2147483647;
			files = (
			);
			runOnlyForDeploymentPostprocessing = 0;
		};
		CC40F67B1E6E5F88009D144C /* Resources */ = {
			isa = PBXResourcesBuildPhase;
			buildActionMask = 2147483647;
			files = (
			);
			runOnlyForDeploymentPostprocessing = 0;
		};
/* End PBXResourcesBuildPhase section */

/* Begin PBXSourcesBuildPhase section */
		CC40F6551E6E5F88009D144C /* Sources */ = {
			isa = PBXSourcesBuildPhase;
			buildActionMask = 2147483647;
			files = (
				CC7108592033092E00E09BC5 /* WXSecondPresentedViewController.m in Sources */,
				CC095C8D200F8FE600B9B69C /* UIImageView+FaceCenter.m in Sources */,
				CC2BF30520085B02009F1D9E /* WXDemoViewController.m in Sources */,
				CC3D2EB62005FBAC009E87F6 /* UIView+Badge.m in Sources */,
				CCFB5808201ACC860030BFF1 /* WXStorageBaseModel.swift in Sources */,
				CC6EB22D2022B51E0002BA14 /* WXARTextNode.m in Sources */,
				CCFB580F201B19580030BFF1 /* WXLocalLanguage.m in Sources */,
				CC7108562032F9B500E09BC5 /* PushAndPopViewController.m in Sources */,
				CCA8D5972010409200B225B6 /* WXVolumeButtonHandler.m in Sources */,
				CCFB58022019C25E0030BFF1 /* UIImage+Color.m in Sources */,
				CC1BCE5C202C2D90009A0BCF /* WXInitTabBarViewController.m in Sources */,
				CCFB57FF2019B9D20030BFF1 /* WXRotateImageViewController.m in Sources */,
				CC40F6641E6E5F88009D144C /* ViewController.m in Sources */,
				CC2BF30D20088D73009F1D9E /* WXSerialOperation.m in Sources */,
				CCAD93F6202D3E5E00414E47 /* WXBaseNavigationViewController.m in Sources */,
				CC71085C2033111E00E09BC5 /* WXPresentTransition.m in Sources */,
				CC2BF31020089037009F1D9E /* WXConcurrentOperation.m in Sources */,
				CC3D2EAA2005F1C3009E87F6 /* SemaphoreViewController.m in Sources */,
				CC6EB22A2021CE0B0002BA14 /* WXARText.m in Sources */,
				CC095C89200F8C3E00B9B69C /* UIImage+FaceRecognizer.m in Sources */,
				CC2BF3012008528B009F1D9E /* OperationViewController.m in Sources */,
				CC40F6611E6E5F88009D144C /* AppDelegate.m in Sources */,
				CCE7915220073BDA0055C51D /* UIImage+Scale.m in Sources */,
				CCFB580C201B04FF0030BFF1 /* AppConfiguration.swift in Sources */,
				CC71D3BC203E64DF00CFDDEA /* WXChangeIconViewController.m in Sources */,
				CC1BCE58202C2D68009A0BCF /* WXSettingsViewController.m in Sources */,
				CCFB57F32018869F0030BFF1 /* WXUserDefaults.m in Sources */,
				CC40F65E1E6E5F88009D144C /* main.m in Sources */,
				CCFB580A201B03720030BFF1 /* DiskStorage.swift in Sources */,
				CC6EB225202162250002BA14 /* WXARTextViewController.m in Sources */,
				CC3D2EB32005FAA0009E87F6 /* UIViewController+GetViewController.m in Sources */,
				CC6A216A1FE7A39D00B18D36 /* SwipHintView.swift in Sources */,
				CC1BCE4E202C2A6E009A0BCF /* WXConsoleViewController.m in Sources */,
				CC72CD621F8F163500CADF32 /* TimerViewController.m in Sources */,
				CC6A280E201593A8001D3A91 /* WXCoderViewController.m in Sources */,
				CC6A280B20158EB8001D3A91 /* WXUserInfoModel.m in Sources */,
				CCE7915720074B710055C51D /* ClosureInitScrollView.swift in Sources */,
				CC6EB22220215E050002BA14 /* UIViewController+Alert.m in Sources */,
			);
			runOnlyForDeploymentPostprocessing = 0;
		};
		CC40F66E1E6E5F88009D144C /* Sources */ = {
			isa = PBXSourcesBuildPhase;
			buildActionMask = 2147483647;
			files = (
				CC40F6771E6E5F88009D144C /* iOSTestTests.m in Sources */,
			);
			runOnlyForDeploymentPostprocessing = 0;
		};
		CC40F6791E6E5F88009D144C /* Sources */ = {
			isa = PBXSourcesBuildPhase;
			buildActionMask = 2147483647;
			files = (
				CC40F6821E6E5F88009D144C /* iOSTestUITests.m in Sources */,
			);
			runOnlyForDeploymentPostprocessing = 0;
		};
/* End PBXSourcesBuildPhase section */

/* Begin PBXTargetDependency section */
		CC40F6741E6E5F88009D144C /* PBXTargetDependency */ = {
			isa = PBXTargetDependency;
			target = CC40F6581E6E5F88009D144C /* iOSDemo */;
			targetProxy = CC40F6731E6E5F88009D144C /* PBXContainerItemProxy */;
		};
		CC40F67F1E6E5F88009D144C /* PBXTargetDependency */ = {
			isa = PBXTargetDependency;
			target = CC40F6581E6E5F88009D144C /* iOSDemo */;
			targetProxy = CC40F67E1E6E5F88009D144C /* PBXContainerItemProxy */;
		};
/* End PBXTargetDependency section */

/* Begin PBXVariantGroup section */
		CC1BCE49202C2851009A0BCF /* WXLocalizable.strings */ = {
			isa = PBXVariantGroup;
			children = (
				CC1BCE48202C2851009A0BCF /* zh-Hans */,
				CC1BCE4A202C2855009A0BCF /* en */,
			);
			name = WXLocalizable.strings;
			sourceTree = "<group>";
		};
		CC40F6651E6E5F88009D144C /* Main.storyboard */ = {
			isa = PBXVariantGroup;
			children = (
				CC40F6661E6E5F88009D144C /* Base */,
				CC1BCE43202C257F009A0BCF /* zh-Hans */,
				CC1BCE53202C2C99009A0BCF /* en */,
			);
			name = Main.storyboard;
			sourceTree = "<group>";
		};
		CC40F66A1E6E5F88009D144C /* LaunchScreen.storyboard */ = {
			isa = PBXVariantGroup;
			children = (
				CC40F66B1E6E5F88009D144C /* Base */,
				CC1BCE44202C257F009A0BCF /* zh-Hans */,
				CC1BCE55202C2CA0009A0BCF /* en */,
			);
			name = LaunchScreen.storyboard;
			sourceTree = "<group>";
		};
/* End PBXVariantGroup section */

/* Begin XCBuildConfiguration section */
		CC40F6841E6E5F88009D144C /* Debug */ = {
			isa = XCBuildConfiguration;
			buildSettings = {
				ALWAYS_SEARCH_USER_PATHS = NO;
				CLANG_ANALYZER_LOCALIZABILITY_NONLOCALIZED = YES;
				CLANG_ANALYZER_NONNULL = YES;
				CLANG_CXX_LANGUAGE_STANDARD = "gnu++0x";
				CLANG_CXX_LIBRARY = "libc++";
				CLANG_ENABLE_MODULES = YES;
				CLANG_ENABLE_OBJC_ARC = YES;
				CLANG_WARN_BOOL_CONVERSION = YES;
				CLANG_WARN_CONSTANT_CONVERSION = YES;
				CLANG_WARN_DIRECT_OBJC_ISA_USAGE = YES_ERROR;
				CLANG_WARN_DOCUMENTATION_COMMENTS = YES;
				CLANG_WARN_EMPTY_BODY = YES;
				CLANG_WARN_ENUM_CONVERSION = YES;
				CLANG_WARN_INFINITE_RECURSION = YES;
				CLANG_WARN_INT_CONVERSION = YES;
				CLANG_WARN_OBJC_ROOT_CLASS = YES_ERROR;
				CLANG_WARN_SUSPICIOUS_MOVE = YES;
				CLANG_WARN_UNREACHABLE_CODE = YES;
				CLANG_WARN__DUPLICATE_METHOD_MATCH = YES;
				"CODE_SIGN_IDENTITY[sdk=iphoneos*]" = "iPhone Developer";
				COPY_PHASE_STRIP = NO;
				DEBUG_INFORMATION_FORMAT = dwarf;
				ENABLE_STRICT_OBJC_MSGSEND = YES;
				ENABLE_TESTABILITY = YES;
				GCC_C_LANGUAGE_STANDARD = gnu99;
				GCC_DYNAMIC_NO_PIC = NO;
				GCC_NO_COMMON_BLOCKS = YES;
				GCC_OPTIMIZATION_LEVEL = 0;
				GCC_PREPROCESSOR_DEFINITIONS = (
					"DEBUG=1",
					"$(inherited)",
				);
				GCC_WARN_64_TO_32_BIT_CONVERSION = YES;
				GCC_WARN_ABOUT_RETURN_TYPE = YES_ERROR;
				GCC_WARN_UNDECLARED_SELECTOR = YES;
				GCC_WARN_UNINITIALIZED_AUTOS = YES_AGGRESSIVE;
				GCC_WARN_UNUSED_FUNCTION = YES;
				GCC_WARN_UNUSED_VARIABLE = YES;
				IPHONEOS_DEPLOYMENT_TARGET = 10.2;
				MTL_ENABLE_DEBUG_INFO = YES;
				ONLY_ACTIVE_ARCH = YES;
				SDKROOT = iphoneos;
				TARGETED_DEVICE_FAMILY = "1,2";
			};
			name = Debug;
		};
		CC40F6851E6E5F88009D144C /* Release */ = {
			isa = XCBuildConfiguration;
			buildSettings = {
				ALWAYS_SEARCH_USER_PATHS = NO;
				CLANG_ANALYZER_LOCALIZABILITY_NONLOCALIZED = YES;
				CLANG_ANALYZER_NONNULL = YES;
				CLANG_CXX_LANGUAGE_STANDARD = "gnu++0x";
				CLANG_CXX_LIBRARY = "libc++";
				CLANG_ENABLE_MODULES = YES;
				CLANG_ENABLE_OBJC_ARC = YES;
				CLANG_WARN_BOOL_CONVERSION = YES;
				CLANG_WARN_CONSTANT_CONVERSION = YES;
				CLANG_WARN_DIRECT_OBJC_ISA_USAGE = YES_ERROR;
				CLANG_WARN_DOCUMENTATION_COMMENTS = YES;
				CLANG_WARN_EMPTY_BODY = YES;
				CLANG_WARN_ENUM_CONVERSION = YES;
				CLANG_WARN_INFINITE_RECURSION = YES;
				CLANG_WARN_INT_CONVERSION = YES;
				CLANG_WARN_OBJC_ROOT_CLASS = YES_ERROR;
				CLANG_WARN_SUSPICIOUS_MOVE = YES;
				CLANG_WARN_UNREACHABLE_CODE = YES;
				CLANG_WARN__DUPLICATE_METHOD_MATCH = YES;
				"CODE_SIGN_IDENTITY[sdk=iphoneos*]" = "iPhone Developer";
				COPY_PHASE_STRIP = NO;
				DEBUG_INFORMATION_FORMAT = "dwarf-with-dsym";
				ENABLE_NS_ASSERTIONS = NO;
				ENABLE_STRICT_OBJC_MSGSEND = YES;
				GCC_C_LANGUAGE_STANDARD = gnu99;
				GCC_NO_COMMON_BLOCKS = YES;
				GCC_WARN_64_TO_32_BIT_CONVERSION = YES;
				GCC_WARN_ABOUT_RETURN_TYPE = YES_ERROR;
				GCC_WARN_UNDECLARED_SELECTOR = YES;
				GCC_WARN_UNINITIALIZED_AUTOS = YES_AGGRESSIVE;
				GCC_WARN_UNUSED_FUNCTION = YES;
				GCC_WARN_UNUSED_VARIABLE = YES;
				IPHONEOS_DEPLOYMENT_TARGET = 10.2;
				MTL_ENABLE_DEBUG_INFO = NO;
				SDKROOT = iphoneos;
				TARGETED_DEVICE_FAMILY = "1,2";
				VALIDATE_PRODUCT = YES;
			};
			name = Release;
		};
		CC40F6871E6E5F88009D144C /* Debug */ = {
			isa = XCBuildConfiguration;
			buildSettings = {
				ASSETCATALOG_COMPILER_APPICON_NAME = AppIcon;
				CLANG_ALLOW_NON_MODULAR_INCLUDES_IN_FRAMEWORK_MODULES = YES;
				CLANG_ENABLE_MODULES = YES;
				"CODE_SIGN_IDENTITY[sdk=iphoneos*]" = "iPhone Developer";
				DEVELOPMENT_TEAM = KYFVDC483X;
				FRAMEWORK_SEARCH_PATHS = (
					"$(inherited)",
					"$(PROJECT_DIR)",
					"$(PROJECT_DIR)/Carthage/Build/iOS",
					"$(PROJECT_DIR)/Carthage/Checkouts/SnapKit/Carthage/Build/iOS",
					"$(PROJECT_DIR)/Carthage/Checkouts/SnapKit/Carthage/Build/Mac",
					"$(PROJECT_DIR)/Carthage/Checkouts/SnapKit/Carthage/Build/tvOS",
					"$(PROJECT_DIR)/Carthage/Build/Mac",
					"$(PROJECT_DIR)/Carthage/Build/tvOS",
					"$(PROJECT_DIR)/Framework",
				);
				GCC_PREFIX_HEADER = "$(SRCROOT)/iOSDemo/iOSDemo-Prefix.pch";
				INFOPLIST_FILE = iOSDemo/Info.plist;
				IPHONEOS_DEPLOYMENT_TARGET = 11.0;
				LD_RUNPATH_SEARCH_PATHS = "$(inherited) @executable_path/Frameworks";
				PRODUCT_BUNDLE_IDENTIFIER = com.sivan.iOSDemo;
				PRODUCT_NAME = "$(TARGET_NAME)";
				PROVISIONING_PROFILE_SPECIFIER = "";
				SWIFT_OBJC_BRIDGING_HEADER = "iOSDemo/iOSDemo-Bridging-Header.h";
				SWIFT_OPTIMIZATION_LEVEL = "-Onone";
				SWIFT_VERSION = 3.0;
				TARGETED_DEVICE_FAMILY = "1,2";
			};
			name = Debug;
		};
		CC40F6881E6E5F88009D144C /* Release */ = {
			isa = XCBuildConfiguration;
			buildSettings = {
				ASSETCATALOG_COMPILER_APPICON_NAME = AppIcon;
				CLANG_ALLOW_NON_MODULAR_INCLUDES_IN_FRAMEWORK_MODULES = YES;
				CLANG_ENABLE_MODULES = YES;
				"CODE_SIGN_IDENTITY[sdk=iphoneos*]" = "iPhone Developer";
				DEVELOPMENT_TEAM = KYFVDC483X;
				FRAMEWORK_SEARCH_PATHS = (
					"$(inherited)",
					"$(PROJECT_DIR)",
					"$(PROJECT_DIR)/Carthage/Build/iOS",
					"$(PROJECT_DIR)/Carthage/Checkouts/SnapKit/Carthage/Build/iOS",
					"$(PROJECT_DIR)/Carthage/Checkouts/SnapKit/Carthage/Build/Mac",
					"$(PROJECT_DIR)/Carthage/Checkouts/SnapKit/Carthage/Build/tvOS",
					"$(PROJECT_DIR)/Carthage/Build/Mac",
					"$(PROJECT_DIR)/Carthage/Build/tvOS",
					"$(PROJECT_DIR)/Framework",
				);
				GCC_PREFIX_HEADER = "$(SRCROOT)/iOSDemo/iOSDemo-Prefix.pch";
				INFOPLIST_FILE = iOSDemo/Info.plist;
				IPHONEOS_DEPLOYMENT_TARGET = 11.0;
				LD_RUNPATH_SEARCH_PATHS = "$(inherited) @executable_path/Frameworks";
				PRODUCT_BUNDLE_IDENTIFIER = com.sivan.iOSDemo;
				PRODUCT_NAME = "$(TARGET_NAME)";
				PROVISIONING_PROFILE_SPECIFIER = "";
				SWIFT_OBJC_BRIDGING_HEADER = "iOSDemo/iOSDemo-Bridging-Header.h";
				SWIFT_VERSION = 3.0;
				TARGETED_DEVICE_FAMILY = "1,2";
			};
			name = Release;
		};
		CC40F68A1E6E5F88009D144C /* Debug */ = {
			isa = XCBuildConfiguration;
			buildSettings = {
				ALWAYS_EMBED_SWIFT_STANDARD_LIBRARIES = YES;
				BUNDLE_LOADER = "$(TEST_HOST)";
				INFOPLIST_FILE = iOSDemoTests/Info.plist;
				LD_RUNPATH_SEARCH_PATHS = "$(inherited) @executable_path/Frameworks @loader_path/Frameworks";
				PRODUCT_BUNDLE_IDENTIFIER = sivan.com.iOSDemoTests;
				PRODUCT_NAME = "$(TARGET_NAME)";
				TEST_HOST = "$(BUILT_PRODUCTS_DIR)/iOSDemo.app/iOSDemo";
			};
			name = Debug;
		};
		CC40F68B1E6E5F88009D144C /* Release */ = {
			isa = XCBuildConfiguration;
			buildSettings = {
				ALWAYS_EMBED_SWIFT_STANDARD_LIBRARIES = YES;
				BUNDLE_LOADER = "$(TEST_HOST)";
				INFOPLIST_FILE = iOSDemoTests/Info.plist;
				LD_RUNPATH_SEARCH_PATHS = "$(inherited) @executable_path/Frameworks @loader_path/Frameworks";
				PRODUCT_BUNDLE_IDENTIFIER = sivan.com.iOSDemoTests;
				PRODUCT_NAME = "$(TARGET_NAME)";
				TEST_HOST = "$(BUILT_PRODUCTS_DIR)/iOSDemo.app/iOSDemo";
			};
			name = Release;
		};
		CC40F68D1E6E5F88009D144C /* Debug */ = {
			isa = XCBuildConfiguration;
			buildSettings = {
				ALWAYS_EMBED_SWIFT_STANDARD_LIBRARIES = YES;
				INFOPLIST_FILE = iOSDemoUITests/Info.plist;
				LD_RUNPATH_SEARCH_PATHS = "$(inherited) @executable_path/Frameworks @loader_path/Frameworks";
				PRODUCT_BUNDLE_IDENTIFIER = sivan.com.iOSDemoUITests;
				PRODUCT_NAME = "$(TARGET_NAME)";
				TEST_TARGET_NAME = iOSDemo;
			};
			name = Debug;
		};
		CC40F68E1E6E5F88009D144C /* Release */ = {
			isa = XCBuildConfiguration;
			buildSettings = {
				ALWAYS_EMBED_SWIFT_STANDARD_LIBRARIES = YES;
				INFOPLIST_FILE = iOSDemoUITests/Info.plist;
				LD_RUNPATH_SEARCH_PATHS = "$(inherited) @executable_path/Frameworks @loader_path/Frameworks";
				PRODUCT_BUNDLE_IDENTIFIER = sivan.com.iOSDemoUITests;
				PRODUCT_NAME = "$(TARGET_NAME)";
				TEST_TARGET_NAME = iOSDemo;
			};
			name = Release;
		};
/* End XCBuildConfiguration section */

/* Begin XCConfigurationList section */
		CC40F6541E6E5F87009D144C /* Build configuration list for PBXProject "iOSDemo" */ = {
			isa = XCConfigurationList;
			buildConfigurations = (
				CC40F6841E6E5F88009D144C /* Debug */,
				CC40F6851E6E5F88009D144C /* Release */,
			);
			defaultConfigurationIsVisible = 0;
			defaultConfigurationName = Release;
		};
		CC40F6861E6E5F88009D144C /* Build configuration list for PBXNativeTarget "iOSDemo" */ = {
			isa = XCConfigurationList;
			buildConfigurations = (
				CC40F6871E6E5F88009D144C /* Debug */,
				CC40F6881E6E5F88009D144C /* Release */,
			);
			defaultConfigurationIsVisible = 0;
			defaultConfigurationName = Release;
		};
		CC40F6891E6E5F88009D144C /* Build configuration list for PBXNativeTarget "iOSDemoTests" */ = {
			isa = XCConfigurationList;
			buildConfigurations = (
				CC40F68A1E6E5F88009D144C /* Debug */,
				CC40F68B1E6E5F88009D144C /* Release */,
			);
			defaultConfigurationIsVisible = 0;
			defaultConfigurationName = Release;
		};
		CC40F68C1E6E5F88009D144C /* Build configuration list for PBXNativeTarget "iOSDemoUITests" */ = {
			isa = XCConfigurationList;
			buildConfigurations = (
				CC40F68D1E6E5F88009D144C /* Debug */,
				CC40F68E1E6E5F88009D144C /* Release */,
			);
			defaultConfigurationIsVisible = 0;
			defaultConfigurationName = Release;
		};
/* End XCConfigurationList section */
	};
	rootObject = CC40F6511E6E5F87009D144C /* Project object */;
}
