// !$*UTF8*$!
{
	archiveVersion = 1;
	classes = {
	};
	objectVersion = 46;
	objects = {

/* Begin PBXBuildFile section */
		CC3D2EAA2005F1C3009E87F6 /* SemaphoreViewController.m in Sources */ = {isa = PBXBuildFile; fileRef = CC3D2EA92005F1C3009E87F6 /* SemaphoreViewController.m */; };
		CC3D2EB32005FAA0009E87F6 /* UIViewController+GetViewController.m in Sources */ = {isa = PBXBuildFile; fileRef = CC3D2EB22005FAA0009E87F6 /* UIViewController+GetViewController.m */; };
		CC3D2EB62005FBAC009E87F6 /* UIView+Badge.m in Sources */ = {isa = PBXBuildFile; fileRef = CC3D2EB52005FBAC009E87F6 /* UIView+Badge.m */; };
		CC40F65E1E6E5F88009D144C /* main.m in Sources */ = {isa = PBXBuildFile; fileRef = CC40F65D1E6E5F88009D144C /* main.m */; };
		CC40F6611E6E5F88009D144C /* AppDelegate.m in Sources */ = {isa = PBXBuildFile; fileRef = CC40F6601E6E5F88009D144C /* AppDelegate.m */; };
		CC40F6641E6E5F88009D144C /* ViewController.m in Sources */ = {isa = PBXBuildFile; fileRef = CC40F6631E6E5F88009D144C /* ViewController.m */; };
		CC40F6671E6E5F88009D144C /* Main.storyboard in Resources */ = {isa = PBXBuildFile; fileRef = CC40F6651E6E5F88009D144C /* Main.storyboard */; };
		CC40F6691E6E5F88009D144C /* Assets.xcassets in Resources */ = {isa = PBXBuildFile; fileRef = CC40F6681E6E5F88009D144C /* Assets.xcassets */; };
		CC40F66C1E6E5F88009D144C /* LaunchScreen.storyboard in Resources */ = {isa = PBXBuildFile; fileRef = CC40F66A1E6E5F88009D144C /* LaunchScreen.storyboard */; };
		CC40F6771E6E5F88009D144C /* iOSTestTests.m in Sources */ = {isa = PBXBuildFile; fileRef = CC40F6761E6E5F88009D144C /* iOSTestTests.m */; };
		CC40F6821E6E5F88009D144C /* iOSTestUITests.m in Sources */ = {isa = PBXBuildFile; fileRef = CC40F6811E6E5F88009D144C /* iOSTestUITests.m */; };
		CC6A216A1FE7A39D00B18D36 /* SwipHintView.swift in Sources */ = {isa = PBXBuildFile; fileRef = CC6A21691FE7A39D00B18D36 /* SwipHintView.swift */; };
		CC72CD621F8F163500CADF32 /* TimerViewController.m in Sources */ = {isa = PBXBuildFile; fileRef = CC72CD611F8F163500CADF32 /* TimerViewController.m */; };
		CCE7914E200739F30055C51D /* SnapKit.framework in Frameworks */ = {isa = PBXBuildFile; fileRef = CCE7914D200739F30055C51D /* SnapKit.framework */; };
		CCE7914F20073A000055C51D /* SnapKit.framework in Embed Frameworks */ = {isa = PBXBuildFile; fileRef = CCE7914D200739F30055C51D /* SnapKit.framework */; settings = {ATTRIBUTES = (CodeSignOnCopy, RemoveHeadersOnCopy, ); }; };
		CCE7915220073BDA0055C51D /* UIImage+Scale.m in Sources */ = {isa = PBXBuildFile; fileRef = CCE7915120073BDA0055C51D /* UIImage+Scale.m */; };
/* End PBXBuildFile section */

/* Begin PBXContainerItemProxy section */
		CC40F6731E6E5F88009D144C /* PBXContainerItemProxy */ = {
			isa = PBXContainerItemProxy;
			containerPortal = CC40F6511E6E5F87009D144C /* Project object */;
			proxyType = 1;
			remoteGlobalIDString = CC40F6581E6E5F88009D144C;
			remoteInfo = iOSTest;
		};
		CC40F67E1E6E5F88009D144C /* PBXContainerItemProxy */ = {
			isa = PBXContainerItemProxy;
			containerPortal = CC40F6511E6E5F87009D144C /* Project object */;
			proxyType = 1;
			remoteGlobalIDString = CC40F6581E6E5F88009D144C;
			remoteInfo = iOSTest;
		};
/* End PBXContainerItemProxy section */

/* Begin PBXCopyFilesBuildPhase section */
		CC6A216E1FE7ABB300B18D36 /* Embed Frameworks */ = {
			isa = PBXCopyFilesBuildPhase;
			buildActionMask = 2147483647;
			dstPath = "";
			dstSubfolderSpec = 10;
			files = (
				CCE7914F20073A000055C51D /* SnapKit.framework in Embed Frameworks */,
			);
			name = "Embed Frameworks";
			runOnlyForDeploymentPostprocessing = 0;
		};
/* End PBXCopyFilesBuildPhase section */

/* Begin PBXFileReference section */
		CC3D2EA82005F1C3009E87F6 /* SemaphoreViewController.h */ = {isa = PBXFileReference; lastKnownFileType = sourcecode.c.h; path = SemaphoreViewController.h; sourceTree = "<group>"; };
		CC3D2EA92005F1C3009E87F6 /* SemaphoreViewController.m */ = {isa = PBXFileReference; lastKnownFileType = sourcecode.c.objc; path = SemaphoreViewController.m; sourceTree = "<group>"; };
		CC3D2EB12005FAA0009E87F6 /* UIViewController+GetViewController.h */ = {isa = PBXFileReference; lastKnownFileType = sourcecode.c.h; path = "UIViewController+GetViewController.h"; sourceTree = "<group>"; };
		CC3D2EB22005FAA0009E87F6 /* UIViewController+GetViewController.m */ = {isa = PBXFileReference; lastKnownFileType = sourcecode.c.objc; path = "UIViewController+GetViewController.m"; sourceTree = "<group>"; };
		CC3D2EB42005FBAC009E87F6 /* UIView+Badge.h */ = {isa = PBXFileReference; lastKnownFileType = sourcecode.c.h; path = "UIView+Badge.h"; sourceTree = "<group>"; };
		CC3D2EB52005FBAC009E87F6 /* UIView+Badge.m */ = {isa = PBXFileReference; lastKnownFileType = sourcecode.c.objc; path = "UIView+Badge.m"; sourceTree = "<group>"; };
		CC40F6591E6E5F88009D144C /* iOSTest.app */ = {isa = PBXFileReference; explicitFileType = wrapper.application; includeInIndex = 0; path = iOSTest.app; sourceTree = BUILT_PRODUCTS_DIR; };
		CC40F65D1E6E5F88009D144C /* main.m */ = {isa = PBXFileReference; lastKnownFileType = sourcecode.c.objc; path = main.m; sourceTree = "<group>"; };
		CC40F65F1E6E5F88009D144C /* AppDelegate.h */ = {isa = PBXFileReference; lastKnownFileType = sourcecode.c.h; path = AppDelegate.h; sourceTree = "<group>"; };
		CC40F6601E6E5F88009D144C /* AppDelegate.m */ = {isa = PBXFileReference; lastKnownFileType = sourcecode.c.objc; path = AppDelegate.m; sourceTree = "<group>"; };
		CC40F6621E6E5F88009D144C /* ViewController.h */ = {isa = PBXFileReference; lastKnownFileType = sourcecode.c.h; path = ViewController.h; sourceTree = "<group>"; };
		CC40F6631E6E5F88009D144C /* ViewController.m */ = {isa = PBXFileReference; lastKnownFileType = sourcecode.c.objc; path = ViewController.m; sourceTree = "<group>"; };
		CC40F6661E6E5F88009D144C /* Base */ = {isa = PBXFileReference; lastKnownFileType = file.storyboard; name = Base; path = Base.lproj/Main.storyboard; sourceTree = "<group>"; };
		CC40F6681E6E5F88009D144C /* Assets.xcassets */ = {isa = PBXFileReference; lastKnownFileType = folder.assetcatalog; path = Assets.xcassets; sourceTree = "<group>"; };
		CC40F66B1E6E5F88009D144C /* Base */ = {isa = PBXFileReference; lastKnownFileType = file.storyboard; name = Base; path = Base.lproj/LaunchScreen.storyboard; sourceTree = "<group>"; };
		CC40F66D1E6E5F88009D144C /* Info.plist */ = {isa = PBXFileReference; lastKnownFileType = text.plist.xml; path = Info.plist; sourceTree = "<group>"; };
		CC40F6721E6E5F88009D144C /* iOSTestTests.xctest */ = {isa = PBXFileReference; explicitFileType = wrapper.cfbundle; includeInIndex = 0; path = iOSTestTests.xctest; sourceTree = BUILT_PRODUCTS_DIR; };
		CC40F6761E6E5F88009D144C /* iOSTestTests.m */ = {isa = PBXFileReference; lastKnownFileType = sourcecode.c.objc; path = iOSTestTests.m; sourceTree = "<group>"; };
		CC40F6781E6E5F88009D144C /* Info.plist */ = {isa = PBXFileReference; lastKnownFileType = text.plist.xml; path = Info.plist; sourceTree = "<group>"; };
		CC40F67D1E6E5F88009D144C /* iOSTestUITests.xctest */ = {isa = PBXFileReference; explicitFileType = wrapper.cfbundle; includeInIndex = 0; path = iOSTestUITests.xctest; sourceTree = BUILT_PRODUCTS_DIR; };
		CC40F6811E6E5F88009D144C /* iOSTestUITests.m */ = {isa = PBXFileReference; lastKnownFileType = sourcecode.c.objc; path = iOSTestUITests.m; sourceTree = "<group>"; };
		CC40F6831E6E5F88009D144C /* Info.plist */ = {isa = PBXFileReference; lastKnownFileType = text.plist.xml; path = Info.plist; sourceTree = "<group>"; };
		CC6A21681FE7A39C00B18D36 /* iOSTest-Bridging-Header.h */ = {isa = PBXFileReference; lastKnownFileType = sourcecode.c.h; path = "iOSTest-Bridging-Header.h"; sourceTree = "<group>"; };
		CC6A21691FE7A39D00B18D36 /* SwipHintView.swift */ = {isa = PBXFileReference; lastKnownFileType = sourcecode.swift; path = SwipHintView.swift; sourceTree = "<group>"; };
		CC72CD601F8F163500CADF32 /* TimerViewController.h */ = {isa = PBXFileReference; lastKnownFileType = sourcecode.c.h; path = TimerViewController.h; sourceTree = "<group>"; };
		CC72CD611F8F163500CADF32 /* TimerViewController.m */ = {isa = PBXFileReference; lastKnownFileType = sourcecode.c.objc; path = TimerViewController.m; sourceTree = "<group>"; };
		CCE7914D200739F30055C51D /* SnapKit.framework */ = {isa = PBXFileReference; lastKnownFileType = wrapper.framework; name = SnapKit.framework; path = Carthage/Build/iOS/SnapKit.framework; sourceTree = SOURCE_ROOT; };
		CCE7915020073BDA0055C51D /* UIImage+Scale.h */ = {isa = PBXFileReference; lastKnownFileType = sourcecode.c.h; path = "UIImage+Scale.h"; sourceTree = "<group>"; };
		CCE7915120073BDA0055C51D /* UIImage+Scale.m */ = {isa = PBXFileReference; lastKnownFileType = sourcecode.c.objc; path = "UIImage+Scale.m"; sourceTree = "<group>"; };
/* End PBXFileReference section */

/* Begin PBXFrameworksBuildPhase section */
		CC40F6561E6E5F88009D144C /* Frameworks */ = {
			isa = PBXFrameworksBuildPhase;
			buildActionMask = 2147483647;
			files = (
				CCE7914E200739F30055C51D /* SnapKit.framework in Frameworks */,
			);
			runOnlyForDeploymentPostprocessing = 0;
		};
		CC40F66F1E6E5F88009D144C /* Frameworks */ = {
			isa = PBXFrameworksBuildPhase;
			buildActionMask = 2147483647;
			files = (
			);
			runOnlyForDeploymentPostprocessing = 0;
		};
		CC40F67A1E6E5F88009D144C /* Frameworks */ = {
			isa = PBXFrameworksBuildPhase;
			buildActionMask = 2147483647;
			files = (
			);
			runOnlyForDeploymentPostprocessing = 0;
		};
/* End PBXFrameworksBuildPhase section */

/* Begin PBXGroup section */
		CC3D2EA72005F0C0009E87F6 /* Controller */ = {
			isa = PBXGroup;
			children = (
				CC40F6621E6E5F88009D144C /* ViewController.h */,
				CC40F6631E6E5F88009D144C /* ViewController.m */,
				CC72CD601F8F163500CADF32 /* TimerViewController.h */,
				CC72CD611F8F163500CADF32 /* TimerViewController.m */,
				CC3D2EA82005F1C3009E87F6 /* SemaphoreViewController.h */,
				CC3D2EA92005F1C3009E87F6 /* SemaphoreViewController.m */,
			);
			path = Controller;
			sourceTree = "<group>";
		};
		CC3D2EAB2005F553009E87F6 /* View */ = {
			isa = PBXGroup;
			children = (
				CC6A21691FE7A39D00B18D36 /* SwipHintView.swift */,
			);
			path = View;
			sourceTree = "<group>";
		};
		CC3D2EAC2005F56E009E87F6 /* Model */ = {
			isa = PBXGroup;
			children = (
			);
			path = Model;
			sourceTree = "<group>";
		};
		CC3D2EAD2005F9D6009E87F6 /* Category */ = {
			isa = PBXGroup;
			children = (
				CCE7915520073DE80055C51D /* UIImage */,
				CCE7915420073DDC0055C51D /* UIView */,
				CCE7915320073DC90055C51D /* UIViewController */,
			);
			path = Category;
			sourceTree = "<group>";
		};
		CC3E44DE1E9F18220003E7D1 /* Framework */ = {
			isa = PBXGroup;
			children = (
			);
			name = Framework;
			sourceTree = "<group>";
		};
		CC40F6501E6E5F87009D144C = {
			isa = PBXGroup;
			children = (
				CCE7914C200739DF0055C51D /* Carthage */,
				CC3E44DE1E9F18220003E7D1 /* Framework */,
				CC40F65B1E6E5F88009D144C /* iOSTest */,
				CC40F6751E6E5F88009D144C /* iOSTestTests */,
				CC40F6801E6E5F88009D144C /* iOSTestUITests */,
				CC40F65A1E6E5F88009D144C /* Products */,
			);
			sourceTree = "<group>";
		};
		CC40F65A1E6E5F88009D144C /* Products */ = {
			isa = PBXGroup;
			children = (
				CC40F6591E6E5F88009D144C /* iOSTest.app */,
				CC40F6721E6E5F88009D144C /* iOSTestTests.xctest */,
				CC40F67D1E6E5F88009D144C /* iOSTestUITests.xctest */,
			);
			name = Products;
			sourceTree = "<group>";
		};
		CC40F65B1E6E5F88009D144C /* iOSTest */ = {
			isa = PBXGroup;
			children = (
				CC3D2EAD2005F9D6009E87F6 /* Category */,
				CC3D2EAC2005F56E009E87F6 /* Model */,
				CC3D2EAB2005F553009E87F6 /* View */,
				CC3D2EA72005F0C0009E87F6 /* Controller */,
				CC40F65F1E6E5F88009D144C /* AppDelegate.h */,
				CC40F6601E6E5F88009D144C /* AppDelegate.m */,
				CC40F6651E6E5F88009D144C /* Main.storyboard */,
				CC40F6681E6E5F88009D144C /* Assets.xcassets */,
				CC40F66A1E6E5F88009D144C /* LaunchScreen.storyboard */,
				CC40F66D1E6E5F88009D144C /* Info.plist */,
				CC40F65C1E6E5F88009D144C /* Supporting Files */,
				CC6A21681FE7A39C00B18D36 /* iOSTest-Bridging-Header.h */,
			);
			path = iOSTest;
			sourceTree = "<group>";
		};
		CC40F65C1E6E5F88009D144C /* Supporting Files */ = {
			isa = PBXGroup;
			children = (
				CC40F65D1E6E5F88009D144C /* main.m */,
			);
			name = "Supporting Files";
			sourceTree = "<group>";
		};
		CC40F6751E6E5F88009D144C /* iOSTestTests */ = {
			isa = PBXGroup;
			children = (
				CC40F6761E6E5F88009D144C /* iOSTestTests.m */,
				CC40F6781E6E5F88009D144C /* Info.plist */,
			);
			path = iOSTestTests;
			sourceTree = "<group>";
		};
		CC40F6801E6E5F88009D144C /* iOSTestUITests */ = {
			isa = PBXGroup;
			children = (
				CC40F6811E6E5F88009D144C /* iOSTestUITests.m */,
				CC40F6831E6E5F88009D144C /* Info.plist */,
			);
			path = iOSTestUITests;
			sourceTree = "<group>";
		};
		CCE7914C200739DF0055C51D /* Carthage */ = {
			isa = PBXGroup;
			children = (
				CCE7914D200739F30055C51D /* SnapKit.framework */,
			);
			name = Carthage;
			path = "New Group";
			sourceTree = "<group>";
		};
		CCE7915320073DC90055C51D /* UIViewController */ = {
			isa = PBXGroup;
			children = (
				CC3D2EB12005FAA0009E87F6 /* UIViewController+GetViewController.h */,
				CC3D2EB22005FAA0009E87F6 /* UIViewController+GetViewController.m */,
			);
			path = UIViewController;
			sourceTree = "<group>";
		};
		CCE7915420073DDC0055C51D /* UIView */ = {
			isa = PBXGroup;
			children = (
				CC3D2EB42005FBAC009E87F6 /* UIView+Badge.h */,
				CC3D2EB52005FBAC009E87F6 /* UIView+Badge.m */,
			);
			path = UIView;
			sourceTree = "<group>";
		};
		CCE7915520073DE80055C51D /* UIImage */ = {
			isa = PBXGroup;
			children = (
				CCE7915020073BDA0055C51D /* UIImage+Scale.h */,
				CCE7915120073BDA0055C51D /* UIImage+Scale.m */,
			);
			path = UIImage;
			sourceTree = "<group>";
		};
/* End PBXGroup section */

/* Begin PBXNativeTarget section */
		CC40F6581E6E5F88009D144C /* iOSTest */ = {
			isa = PBXNativeTarget;
			buildConfigurationList = CC40F6861E6E5F88009D144C /* Build configuration list for PBXNativeTarget "iOSTest" */;
			buildPhases = (
				CC40F6551E6E5F88009D144C /* Sources */,
				CC40F6561E6E5F88009D144C /* Frameworks */,
				CC40F6571E6E5F88009D144C /* Resources */,
				CC6A216E1FE7ABB300B18D36 /* Embed Frameworks */,
			);
			buildRules = (
			);
			dependencies = (
			);
			name = iOSTest;
			productName = iOSTest;
			productReference = CC40F6591E6E5F88009D144C /* iOSTest.app */;
			productType = "com.apple.product-type.application";
		};
		CC40F6711E6E5F88009D144C /* iOSTestTests */ = {
			isa = PBXNativeTarget;
			buildConfigurationList = CC40F6891E6E5F88009D144C /* Build configuration list for PBXNativeTarget "iOSTestTests" */;
			buildPhases = (
				CC40F66E1E6E5F88009D144C /* Sources */,
				CC40F66F1E6E5F88009D144C /* Frameworks */,
				CC40F6701E6E5F88009D144C /* Resources */,
			);
			buildRules = (
			);
			dependencies = (
				CC40F6741E6E5F88009D144C /* PBXTargetDependency */,
			);
			name = iOSTestTests;
			productName = iOSTestTests;
			productReference = CC40F6721E6E5F88009D144C /* iOSTestTests.xctest */;
			productType = "com.apple.product-type.bundle.unit-test";
		};
		CC40F67C1E6E5F88009D144C /* iOSTestUITests */ = {
			isa = PBXNativeTarget;
			buildConfigurationList = CC40F68C1E6E5F88009D144C /* Build configuration list for PBXNativeTarget "iOSTestUITests" */;
			buildPhases = (
				CC40F6791E6E5F88009D144C /* Sources */,
				CC40F67A1E6E5F88009D144C /* Frameworks */,
				CC40F67B1E6E5F88009D144C /* Resources */,
			);
			buildRules = (
			);
			dependencies = (
				CC40F67F1E6E5F88009D144C /* PBXTargetDependency */,
			);
			name = iOSTestUITests;
			productName = iOSTestUITests;
			productReference = CC40F67D1E6E5F88009D144C /* iOSTestUITests.xctest */;
			productType = "com.apple.product-type.bundle.ui-testing";
		};
/* End PBXNativeTarget section */

/* Begin PBXProject section */
		CC40F6511E6E5F87009D144C /* Project object */ = {
			isa = PBXProject;
			attributes = {
				LastUpgradeCheck = 0820;
				ORGANIZATIONNAME = Wuxi;
				TargetAttributes = {
					CC40F6581E6E5F88009D144C = {
						CreatedOnToolsVersion = 8.2.1;
						DevelopmentTeam = KYFVDC483X;
						LastSwiftMigration = 0920;
						ProvisioningStyle = Automatic;
					};
					CC40F6711E6E5F88009D144C = {
						CreatedOnToolsVersion = 8.2.1;
						ProvisioningStyle = Automatic;
						TestTargetID = CC40F6581E6E5F88009D144C;
					};
					CC40F67C1E6E5F88009D144C = {
						CreatedOnToolsVersion = 8.2.1;
						ProvisioningStyle = Automatic;
						TestTargetID = CC40F6581E6E5F88009D144C;
					};
				};
			};
			buildConfigurationList = CC40F6541E6E5F87009D144C /* Build configuration list for PBXProject "iOSTest" */;
			compatibilityVersion = "Xcode 3.2";
			developmentRegion = English;
			hasScannedForEncodings = 0;
			knownRegions = (
				en,
				Base,
			);
			mainGroup = CC40F6501E6E5F87009D144C;
			productRefGroup = CC40F65A1E6E5F88009D144C /* Products */;
			projectDirPath = "";
			projectRoot = "";
			targets = (
				CC40F6581E6E5F88009D144C /* iOSTest */,
				CC40F6711E6E5F88009D144C /* iOSTestTests */,
				CC40F67C1E6E5F88009D144C /* iOSTestUITests */,
			);
		};
/* End PBXProject section */

/* Begin PBXResourcesBuildPhase section */
		CC40F6571E6E5F88009D144C /* Resources */ = {
			isa = PBXResourcesBuildPhase;
			buildActionMask = 2147483647;
			files = (
				CC40F66C1E6E5F88009D144C /* LaunchScreen.storyboard in Resources */,
				CC40F6691E6E5F88009D144C /* Assets.xcassets in Resources */,
				CC40F6671E6E5F88009D144C /* Main.storyboard in Resources */,
			);
			runOnlyForDeploymentPostprocessing = 0;
		};
		CC40F6701E6E5F88009D144C /* Resources */ = {
			isa = PBXResourcesBuildPhase;
			buildActionMask = 2147483647;
			files = (
			);
			runOnlyForDeploymentPostprocessing = 0;
		};
		CC40F67B1E6E5F88009D144C /* Resources */ = {
			isa = PBXResourcesBuildPhase;
			buildActionMask = 2147483647;
			files = (
			);
			runOnlyForDeploymentPostprocessing = 0;
		};
/* End PBXResourcesBuildPhase section */

/* Begin PBXSourcesBuildPhase section */
		CC40F6551E6E5F88009D144C /* Sources */ = {
			isa = PBXSourcesBuildPhase;
			buildActionMask = 2147483647;
			files = (
				CC3D2EB62005FBAC009E87F6 /* UIView+Badge.m in Sources */,
				CC40F6641E6E5F88009D144C /* ViewController.m in Sources */,
				CC3D2EAA2005F1C3009E87F6 /* SemaphoreViewController.m in Sources */,
				CC40F6611E6E5F88009D144C /* AppDelegate.m in Sources */,
				CCE7915220073BDA0055C51D /* UIImage+Scale.m in Sources */,
				CC40F65E1E6E5F88009D144C /* main.m in Sources */,
				CC3D2EB32005FAA0009E87F6 /* UIViewController+GetViewController.m in Sources */,
				CC6A216A1FE7A39D00B18D36 /* SwipHintView.swift in Sources */,
				CC72CD621F8F163500CADF32 /* TimerViewController.m in Sources */,
			);
			runOnlyForDeploymentPostprocessing = 0;
		};
		CC40F66E1E6E5F88009D144C /* Sources */ = {
			isa = PBXSourcesBuildPhase;
			buildActionMask = 2147483647;
			files = (
				CC40F6771E6E5F88009D144C /* iOSTestTests.m in Sources */,
			);
			runOnlyForDeploymentPostprocessing = 0;
		};
		CC40F6791E6E5F88009D144C /* Sources */ = {
			isa = PBXSourcesBuildPhase;
			buildActionMask = 2147483647;
			files = (
				CC40F6821E6E5F88009D144C /* iOSTestUITests.m in Sources */,
			);
			runOnlyForDeploymentPostprocessing = 0;
		};
/* End PBXSourcesBuildPhase section */

/* Begin PBXTargetDependency section */
		CC40F6741E6E5F88009D144C /* PBXTargetDependency */ = {
			isa = PBXTargetDependency;
			target = CC40F6581E6E5F88009D144C /* iOSTest */;
			targetProxy = CC40F6731E6E5F88009D144C /* PBXContainerItemProxy */;
		};
		CC40F67F1E6E5F88009D144C /* PBXTargetDependency */ = {
			isa = PBXTargetDependency;
			target = CC40F6581E6E5F88009D144C /* iOSTest */;
			targetProxy = CC40F67E1E6E5F88009D144C /* PBXContainerItemProxy */;
		};
/* End PBXTargetDependency section */

/* Begin PBXVariantGroup section */
		CC40F6651E6E5F88009D144C /* Main.storyboard */ = {
			isa = PBXVariantGroup;
			children = (
				CC40F6661E6E5F88009D144C /* Base */,
			);
			name = Main.storyboard;
			sourceTree = "<group>";
		};
		CC40F66A1E6E5F88009D144C /* LaunchScreen.storyboard */ = {
			isa = PBXVariantGroup;
			children = (
				CC40F66B1E6E5F88009D144C /* Base */,
			);
			name = LaunchScreen.storyboard;
			sourceTree = "<group>";
		};
/* End PBXVariantGroup section */

/* Begin XCBuildConfiguration section */
		CC40F6841E6E5F88009D144C /* Debug */ = {
			isa = XCBuildConfiguration;
			buildSettings = {
				ALWAYS_SEARCH_USER_PATHS = NO;
				CLANG_ANALYZER_NONNULL = YES;
				CLANG_CXX_LANGUAGE_STANDARD = "gnu++0x";
				CLANG_CXX_LIBRARY = "libc++";
				CLANG_ENABLE_MODULES = YES;
				CLANG_ENABLE_OBJC_ARC = YES;
				CLANG_WARN_BOOL_CONVERSION = YES;
				CLANG_WARN_CONSTANT_CONVERSION = YES;
				CLANG_WARN_DIRECT_OBJC_ISA_USAGE = YES_ERROR;
				CLANG_WARN_DOCUMENTATION_COMMENTS = YES;
				CLANG_WARN_EMPTY_BODY = YES;
				CLANG_WARN_ENUM_CONVERSION = YES;
				CLANG_WARN_INFINITE_RECURSION = YES;
				CLANG_WARN_INT_CONVERSION = YES;
				CLANG_WARN_OBJC_ROOT_CLASS = YES_ERROR;
				CLANG_WARN_SUSPICIOUS_MOVE = YES;
				CLANG_WARN_UNREACHABLE_CODE = YES;
				CLANG_WARN__DUPLICATE_METHOD_MATCH = YES;
				"CODE_SIGN_IDENTITY[sdk=iphoneos*]" = "iPhone Developer";
				COPY_PHASE_STRIP = NO;
				DEBUG_INFORMATION_FORMAT = dwarf;
				ENABLE_STRICT_OBJC_MSGSEND = YES;
				ENABLE_TESTABILITY = YES;
				GCC_C_LANGUAGE_STANDARD = gnu99;
				GCC_DYNAMIC_NO_PIC = NO;
				GCC_NO_COMMON_BLOCKS = YES;
				GCC_OPTIMIZATION_LEVEL = 0;
				GCC_PREPROCESSOR_DEFINITIONS = (
					"DEBUG=1",
					"$(inherited)",
				);
				GCC_WARN_64_TO_32_BIT_CONVERSION = YES;
				GCC_WARN_ABOUT_RETURN_TYPE = YES_ERROR;
				GCC_WARN_UNDECLARED_SELECTOR = YES;
				GCC_WARN_UNINITIALIZED_AUTOS = YES_AGGRESSIVE;
				GCC_WARN_UNUSED_FUNCTION = YES;
				GCC_WARN_UNUSED_VARIABLE = YES;
				IPHONEOS_DEPLOYMENT_TARGET = 10.2;
				MTL_ENABLE_DEBUG_INFO = YES;
				ONLY_ACTIVE_ARCH = YES;
				SDKROOT = iphoneos;
				TARGETED_DEVICE_FAMILY = "1,2";
			};
			name = Debug;
		};
		CC40F6851E6E5F88009D144C /* Release */ = {
			isa = XCBuildConfiguration;
			buildSettings = {
				ALWAYS_SEARCH_USER_PATHS = NO;
				CLANG_ANALYZER_NONNULL = YES;
				CLANG_CXX_LANGUAGE_STANDARD = "gnu++0x";
				CLANG_CXX_LIBRARY = "libc++";
				CLANG_ENABLE_MODULES = YES;
				CLANG_ENABLE_OBJC_ARC = YES;
				CLANG_WARN_BOOL_CONVERSION = YES;
				CLANG_WARN_CONSTANT_CONVERSION = YES;
				CLANG_WARN_DIRECT_OBJC_ISA_USAGE = YES_ERROR;
				CLANG_WARN_DOCUMENTATION_COMMENTS = YES;
				CLANG_WARN_EMPTY_BODY = YES;
				CLANG_WARN_ENUM_CONVERSION = YES;
				CLANG_WARN_INFINITE_RECURSION = YES;
				CLANG_WARN_INT_CONVERSION = YES;
				CLANG_WARN_OBJC_ROOT_CLASS = YES_ERROR;
				CLANG_WARN_SUSPICIOUS_MOVE = YES;
				CLANG_WARN_UNREACHABLE_CODE = YES;
				CLANG_WARN__DUPLICATE_METHOD_MATCH = YES;
				"CODE_SIGN_IDENTITY[sdk=iphoneos*]" = "iPhone Developer";
				COPY_PHASE_STRIP = NO;
				DEBUG_INFORMATION_FORMAT = "dwarf-with-dsym";
				ENABLE_NS_ASSERTIONS = NO;
				ENABLE_STRICT_OBJC_MSGSEND = YES;
				GCC_C_LANGUAGE_STANDARD = gnu99;
				GCC_NO_COMMON_BLOCKS = YES;
				GCC_WARN_64_TO_32_BIT_CONVERSION = YES;
				GCC_WARN_ABOUT_RETURN_TYPE = YES_ERROR;
				GCC_WARN_UNDECLARED_SELECTOR = YES;
				GCC_WARN_UNINITIALIZED_AUTOS = YES_AGGRESSIVE;
				GCC_WARN_UNUSED_FUNCTION = YES;
				GCC_WARN_UNUSED_VARIABLE = YES;
				IPHONEOS_DEPLOYMENT_TARGET = 10.2;
				MTL_ENABLE_DEBUG_INFO = NO;
				SDKROOT = iphoneos;
				TARGETED_DEVICE_FAMILY = "1,2";
				VALIDATE_PRODUCT = YES;
			};
			name = Release;
		};
		CC40F6871E6E5F88009D144C /* Debug */ = {
			isa = XCBuildConfiguration;
			buildSettings = {
				ASSETCATALOG_COMPILER_APPICON_NAME = AppIcon;
				CLANG_ALLOW_NON_MODULAR_INCLUDES_IN_FRAMEWORK_MODULES = YES;
				CLANG_ENABLE_MODULES = YES;
				"CODE_SIGN_IDENTITY[sdk=iphoneos*]" = "iPhone Developer";
				DEVELOPMENT_TEAM = KYFVDC483X;
				FRAMEWORK_SEARCH_PATHS = (
					"$(inherited)",
					"$(PROJECT_DIR)",
					"$(PROJECT_DIR)/Carthage/Build/iOS",
					"$(PROJECT_DIR)/Carthage/Checkouts/SnapKit/Carthage/Build/iOS",
					"$(PROJECT_DIR)/Carthage/Checkouts/SnapKit/Carthage/Build/Mac",
					"$(PROJECT_DIR)/Carthage/Checkouts/SnapKit/Carthage/Build/tvOS",
					"$(PROJECT_DIR)/Carthage/Build/Mac",
					"$(PROJECT_DIR)/Carthage/Build/tvOS",
				);
				INFOPLIST_FILE = iOSTest/Info.plist;
				LD_RUNPATH_SEARCH_PATHS = "$(inherited) @executable_path/Frameworks";
				PRODUCT_BUNDLE_IDENTIFIER = sivan.com.iOSTest;
				PRODUCT_NAME = "$(TARGET_NAME)";
				PROVISIONING_PROFILE_SPECIFIER = "";
				SWIFT_OBJC_BRIDGING_HEADER = "iOSTest/iOSTest-Bridging-Header.h";
				SWIFT_OPTIMIZATION_LEVEL = "-Onone";
				SWIFT_VERSION = 3.0;
			};
			name = Debug;
		};
		CC40F6881E6E5F88009D144C /* Release */ = {
			isa = XCBuildConfiguration;
			buildSettings = {
				ASSETCATALOG_COMPILER_APPICON_NAME = AppIcon;
				CLANG_ALLOW_NON_MODULAR_INCLUDES_IN_FRAMEWORK_MODULES = YES;
				CLANG_ENABLE_MODULES = YES;
				"CODE_SIGN_IDENTITY[sdk=iphoneos*]" = "iPhone Developer";
				DEVELOPMENT_TEAM = KYFVDC483X;
				FRAMEWORK_SEARCH_PATHS = (
					"$(inherited)",
					"$(PROJECT_DIR)",
					"$(PROJECT_DIR)/Carthage/Build/iOS",
					"$(PROJECT_DIR)/Carthage/Checkouts/SnapKit/Carthage/Build/iOS",
					"$(PROJECT_DIR)/Carthage/Checkouts/SnapKit/Carthage/Build/Mac",
					"$(PROJECT_DIR)/Carthage/Checkouts/SnapKit/Carthage/Build/tvOS",
					"$(PROJECT_DIR)/Carthage/Build/Mac",
					"$(PROJECT_DIR)/Carthage/Build/tvOS",
				);
				INFOPLIST_FILE = iOSTest/Info.plist;
				LD_RUNPATH_SEARCH_PATHS = "$(inherited) @executable_path/Frameworks";
				PRODUCT_BUNDLE_IDENTIFIER = sivan.com.iOSTest;
				PRODUCT_NAME = "$(TARGET_NAME)";
				PROVISIONING_PROFILE_SPECIFIER = "";
				SWIFT_OBJC_BRIDGING_HEADER = "iOSTest/iOSTest-Bridging-Header.h";
				SWIFT_VERSION = 3.0;
			};
			name = Release;
		};
		CC40F68A1E6E5F88009D144C /* Debug */ = {
			isa = XCBuildConfiguration;
			buildSettings = {
				ALWAYS_EMBED_SWIFT_STANDARD_LIBRARIES = YES;
				BUNDLE_LOADER = "$(TEST_HOST)";
				INFOPLIST_FILE = iOSTestTests/Info.plist;
				LD_RUNPATH_SEARCH_PATHS = "$(inherited) @executable_path/Frameworks @loader_path/Frameworks";
				PRODUCT_BUNDLE_IDENTIFIER = sivan.com.iOSTestTests;
				PRODUCT_NAME = "$(TARGET_NAME)";
				TEST_HOST = "$(BUILT_PRODUCTS_DIR)/iOSTest.app/iOSTest";
			};
			name = Debug;
		};
		CC40F68B1E6E5F88009D144C /* Release */ = {
			isa = XCBuildConfiguration;
			buildSettings = {
				ALWAYS_EMBED_SWIFT_STANDARD_LIBRARIES = YES;
				BUNDLE_LOADER = "$(TEST_HOST)";
				INFOPLIST_FILE = iOSTestTests/Info.plist;
				LD_RUNPATH_SEARCH_PATHS = "$(inherited) @executable_path/Frameworks @loader_path/Frameworks";
				PRODUCT_BUNDLE_IDENTIFIER = sivan.com.iOSTestTests;
				PRODUCT_NAME = "$(TARGET_NAME)";
				TEST_HOST = "$(BUILT_PRODUCTS_DIR)/iOSTest.app/iOSTest";
			};
			name = Release;
		};
		CC40F68D1E6E5F88009D144C /* Debug */ = {
			isa = XCBuildConfiguration;
			buildSettings = {
				ALWAYS_EMBED_SWIFT_STANDARD_LIBRARIES = YES;
				INFOPLIST_FILE = iOSTestUITests/Info.plist;
				LD_RUNPATH_SEARCH_PATHS = "$(inherited) @executable_path/Frameworks @loader_path/Frameworks";
				PRODUCT_BUNDLE_IDENTIFIER = sivan.com.iOSTestUITests;
				PRODUCT_NAME = "$(TARGET_NAME)";
				TEST_TARGET_NAME = iOSTest;
			};
			name = Debug;
		};
		CC40F68E1E6E5F88009D144C /* Release */ = {
			isa = XCBuildConfiguration;
			buildSettings = {
				ALWAYS_EMBED_SWIFT_STANDARD_LIBRARIES = YES;
				INFOPLIST_FILE = iOSTestUITests/Info.plist;
				LD_RUNPATH_SEARCH_PATHS = "$(inherited) @executable_path/Frameworks @loader_path/Frameworks";
				PRODUCT_BUNDLE_IDENTIFIER = sivan.com.iOSTestUITests;
				PRODUCT_NAME = "$(TARGET_NAME)";
				TEST_TARGET_NAME = iOSTest;
			};
			name = Release;
		};
/* End XCBuildConfiguration section */

/* Begin XCConfigurationList section */
		CC40F6541E6E5F87009D144C /* Build configuration list for PBXProject "iOSTest" */ = {
			isa = XCConfigurationList;
			buildConfigurations = (
				CC40F6841E6E5F88009D144C /* Debug */,
				CC40F6851E6E5F88009D144C /* Release */,
			);
			defaultConfigurationIsVisible = 0;
			defaultConfigurationName = Release;
		};
		CC40F6861E6E5F88009D144C /* Build configuration list for PBXNativeTarget "iOSTest" */ = {
			isa = XCConfigurationList;
			buildConfigurations = (
				CC40F6871E6E5F88009D144C /* Debug */,
				CC40F6881E6E5F88009D144C /* Release */,
			);
			defaultConfigurationIsVisible = 0;
			defaultConfigurationName = Release;
		};
		CC40F6891E6E5F88009D144C /* Build configuration list for PBXNativeTarget "iOSTestTests" */ = {
			isa = XCConfigurationList;
			buildConfigurations = (
				CC40F68A1E6E5F88009D144C /* Debug */,
				CC40F68B1E6E5F88009D144C /* Release */,
			);
			defaultConfigurationIsVisible = 0;
			defaultConfigurationName = Release;
		};
		CC40F68C1E6E5F88009D144C /* Build configuration list for PBXNativeTarget "iOSTestUITests" */ = {
			isa = XCConfigurationList;
			buildConfigurations = (
				CC40F68D1E6E5F88009D144C /* Debug */,
				CC40F68E1E6E5F88009D144C /* Release */,
			);
			defaultConfigurationIsVisible = 0;
			defaultConfigurationName = Release;
		};
/* End XCConfigurationList section */
	};
	rootObject = CC40F6511E6E5F87009D144C /* Project object */;
}
